
Microsoft Visual Studio Solution File, Format Version 12.00
# Visual Studio Version 17
VisualStudioVersion = 17.7.34009.444
MinimumVisualStudioVersion = 10.0.40219.1
Project("{9A19103F-16F7-4668-BE54-9A1E7A4F7556}") = "ReadCurrentTime", "ReadCurrentTime\ReadCurrentTime.csproj", "{3A884E71-96A7-4F59-A192-9D3C5945414F}"
EndProject
Project("{9A19103F-16F7-4668-BE54-9A1E7A4F7556}") = "MonitorMessages", "MonitorMessages\MonitorMessages.csproj", "{C3F5847F-948A-436D-B939-07F1B6E4EDF2}"
EndProject
Project("{9A19103F-16F7-4668-BE54-9A1E7A4F7556}") = "GetConfiguration", "GetConfiguration\GetConfiguration.csproj", "{658FFC0A-8F25-49B7-B7D1-4A94EA095181}"
EndProject
Project("{9A19103F-16F7-4668-BE54-9A1E7A4F7556}") = "WriteReadbackValue", "WriteReadbackValue\WriteReadbackValue.csproj", "{BCD71531-64F1-4060-9B24-96C3BEE778F5}"
EndProject
Project("{9A19103F-16F7-4668-BE54-9A1E7A4F7556}") = "GetApplicationCert", "GetCertificate\GetApplicationCert.csproj", "{8B2A260F-C0A6-43B9-871D-DC1A2FA42B48}"
EndProject
Project("{9A19103F-16F7-4668-BE54-9A1E7A4F7556}") = "BrowseCertificates", "BrowseCertificates\BrowseCertificates.csproj", "{A66EA536-103A-4DFA-951C-1A238427139E}"
EndProject
Project("{9A19103F-16F7-4668-BE54-9A1E7A4F7556}") = "ApproveRejected", "ApproveRejected\ApproveRejected.csproj", "{4328361E-E390-4F39-BF4A-8BB9EA27E80C}"
EndProject
Project("{9A19103F-16F7-4668-BE54-9A1E7A4F7556}") = "ManageWriter", "ManageWriter\ManageWriter.csproj", "{E143AD3D-AE31-4AAE-AEE5-1AA48D1EC6BA}"
EndProject
Project("{9A19103F-16F7-4668-BE54-9A1E7A4F7556}") = "GetAndResetConnections", "ResetClients\GetAndResetConnections.csproj", "{4268F412-F656-48B6-98A8-35E88478D376}"
EndProject
Global
	GlobalSection(SolutionConfigurationPlatforms) = preSolution
		Debug|Any CPU = Debug|Any CPU
		Release|Any CPU = Release|Any CPU
	EndGlobalSection
	GlobalSection(ProjectConfigurationPlatforms) = postSolution
		{3A884E71-96A7-4F59-A192-9D3C5945414F}.Debug|Any CPU.ActiveCfg = Debug|Any CPU
		{3A884E71-96A7-4F59-A192-9D3C5945414F}.Debug|Any CPU.Build.0 = Debug|Any CPU
		{3A884E71-96A7-4F59-A192-9D3C5945414F}.Release|Any CPU.ActiveCfg = Release|Any CPU
		{3A884E71-96A7-4F59-A192-9D3C5945414F}.Release|Any CPU.Build.0 = Release|Any CPU
		{C3F5847F-948A-436D-B939-07F1B6E4EDF2}.Debug|Any CPU.ActiveCfg = Debug|Any CPU
		{C3F5847F-948A-436D-B939-07F1B6E4EDF2}.Debug|Any CPU.Build.0 = Debug|Any CPU
		{C3F5847F-948A-436D-B939-07F1B6E4EDF2}.Release|Any CPU.ActiveCfg = Release|Any CPU
		{C3F5847F-948A-436D-B939-07F1B6E4EDF2}.Release|Any CPU.Build.0 = Release|Any CPU
		{658FFC0A-8F25-49B7-B7D1-4A94EA095181}.Debug|Any CPU.ActiveCfg = Debug|Any CPU
		{658FFC0A-8F25-49B7-B7D1-4A94EA095181}.Debug|Any CPU.Build.0 = Debug|Any CPU
		{658FFC0A-8F25-49B7-B7D1-4A94EA095181}.Release|Any CPU.ActiveCfg = Release|Any CPU
		{658FFC0A-8F25-49B7-B7D1-4A94EA095181}.Release|Any CPU.Build.0 = Release|Any CPU
		{BCD71531-64F1-4060-9B24-96C3BEE778F5}.Debug|Any CPU.ActiveCfg = Debug|Any CPU
		{BCD71531-64F1-4060-9B24-96C3BEE778F5}.Debug|Any CPU.Build.0 = Debug|Any CPU
		{BCD71531-64F1-4060-9B24-96C3BEE778F5}.Release|Any CPU.ActiveCfg = Release|Any CPU
		{BCD71531-64F1-4060-9B24-96C3BEE778F5}.Release|Any CPU.Build.0 = Release|Any CPU
		{8B2A260F-C0A6-43B9-871D-DC1A2FA42B48}.Debug|Any CPU.ActiveCfg = Debug|Any CPU
		{8B2A260F-C0A6-43B9-871D-DC1A2FA42B48}.Debug|Any CPU.Build.0 = Debug|Any CPU
		{8B2A260F-C0A6-43B9-871D-DC1A2FA42B48}.Release|Any CPU.ActiveCfg = Release|Any CPU
		{8B2A260F-C0A6-43B9-871D-DC1A2FA42B48}.Release|Any CPU.Build.0 = Release|Any CPU
		{A66EA536-103A-4DFA-951C-1A238427139E}.Debug|Any CPU.ActiveCfg = Debug|Any CPU
		{A66EA536-103A-4DFA-951C-1A238427139E}.Debug|Any CPU.Build.0 = Debug|Any CPU
		{A66EA536-103A-4DFA-951C-1A238427139E}.Release|Any CPU.ActiveCfg = Release|Any CPU
		{A66EA536-103A-4DFA-951C-1A238427139E}.Release|Any CPU.Build.0 = Release|Any CPU
		{4328361E-E390-4F39-BF4A-8BB9EA27E80C}.Debug|Any CPU.ActiveCfg = Debug|Any CPU
		{4328361E-E390-4F39-BF4A-8BB9EA27E80C}.Debug|Any CPU.Build.0 = Debug|Any CPU
		{4328361E-E390-4F39-BF4A-8BB9EA27E80C}.Release|Any CPU.ActiveCfg = Release|Any CPU
		{4328361E-E390-4F39-BF4A-8BB9EA27E80C}.Release|Any CPU.Build.0 = Release|Any CPU
		{E143AD3D-AE31-4AAE-AEE5-1AA48D1EC6BA}.Debug|Any CPU.ActiveCfg = Debug|Any CPU
		{E143AD3D-AE31-4AAE-AEE5-1AA48D1EC6BA}.Debug|Any CPU.Build.0 = Debug|Any CPU
		{E143AD3D-AE31-4AAE-AEE5-1AA48D1EC6BA}.Release|Any CPU.ActiveCfg = Release|Any CPU
		{E143AD3D-AE31-4AAE-AEE5-1AA48D1EC6BA}.Release|Any CPU.Build.0 = Release|Any CPU
		{4268F412-F656-48B6-98A8-35E88478D376}.Debug|Any CPU.ActiveCfg = Debug|Any CPU
		{4268F412-F656-48B6-98A8-35E88478D376}.Debug|Any CPU.Build.0 = Debug|Any CPU
		{4268F412-F656-48B6-98A8-35E88478D376}.Release|Any CPU.ActiveCfg = Release|Any CPU
		{4268F412-F656-48B6-98A8-35E88478D376}.Release|Any CPU.Build.0 = Release|Any CPU
	EndGlobalSection
	GlobalSection(SolutionProperties) = preSolution
		HideSolutionNode = FALSE
	EndGlobalSection
	GlobalSection(ExtensibilityGlobals) = postSolution
		SolutionGuid = {FE9E99B8-31B0-4FC2-92DB-F0BE7CCD3F98}
	EndGlobalSection
EndGlobal
