
Microsoft Visual Studio Solution File, Format Version 12.00
# Visual Studio 15
VisualStudioVersion = 15.0.27130.2027
MinimumVisualStudioVersion = 10.0.40219.1
Project("{9A19103F-16F7-4668-BE54-9A1E7A4F7556}") = "Microsoft.Azure.IIoT.OpcUa", "src\Microsoft.Azure.IIoT.OpcUa\src\Microsoft.Azure.IIoT.OpcUa.csproj", "{8F49F047-9BA6-44EF-84BF-2C2C140818E3}"
EndProject
Project("{2150E333-8FDC-42A3-9474-1A3956D46DE8}") = "src", "src", "{75E59BA0-618A-4154-9FCE-D2D23CCE97A6}"
EndProject
Project("{9A19103F-16F7-4668-BE54-9A1E7A4F7556}") = "Microsoft.Azure.IIoT.OpcUa.Edge", "src\Microsoft.Azure.IIoT.OpcUa.Edge\src\Microsoft.Azure.IIoT.OpcUa.Edge.csproj", "{E3A58E3C-46F2-4F53-AB43-609FEB003E14}"
EndProject
Project("{9A19103F-16F7-4668-BE54-9A1E7A4F7556}") = "Microsoft.Azure.IIoT.OpcUa.Tests", "src\Microsoft.Azure.IIoT.OpcUa\tests\Microsoft.Azure.IIoT.OpcUa.Tests.csproj", "{62992B21-8956-492B-AB3D-88E31C262DA4}"
EndProject
Project("{9A19103F-16F7-4668-BE54-9A1E7A4F7556}") = "Microsoft.Azure.IIoT.OpcUa.Cli", "src\Microsoft.Azure.IIoT.OpcUa\Cli\Microsoft.Azure.IIoT.OpcUa.Cli.csproj", "{0719A200-32EE-404F-9AA3-7614ADD91995}"
EndProject
Project("{2150E333-8FDC-42A3-9474-1A3956D46DE8}") = "tests", "tests", "{E299CA71-F612-46CC-A009-3C0728641FEB}"
EndProject
Project("{9A19103F-16F7-4668-BE54-9A1E7A4F7556}") = "Microsoft.Azure.IIoT.OpcUa.Registry", "src\Microsoft.Azure.IIoT.OpcUa.Registry\src\Microsoft.Azure.IIoT.OpcUa.Registry.csproj", "{CAB41BCA-0D87-4B6C-B368-253AB7AACF2B}"
EndProject
Project("{9A19103F-16F7-4668-BE54-9A1E7A4F7556}") = "Microsoft.Azure.IIoT.OpcUa.Registry.Tests", "src\Microsoft.Azure.IIoT.OpcUa.Registry\tests\Microsoft.Azure.IIoT.OpcUa.Registry.Tests.csproj", "{2A6FF6B2-9FF9-4437-81F3-2F7B4417F7CD}"
EndProject
Project("{9A19103F-16F7-4668-BE54-9A1E7A4F7556}") = "Microsoft.Azure.IIoT.OpcUa.Twin", "src\Microsoft.Azure.IIoT.OpcUa.Twin\src\Microsoft.Azure.IIoT.OpcUa.Twin.csproj", "{6727D64B-52A0-4BBC-B4B6-CCBE40DD9476}"
EndProject
Project("{9A19103F-16F7-4668-BE54-9A1E7A4F7556}") = "Microsoft.Azure.IIoT.OpcUa.Twin.Tests", "src\Microsoft.Azure.IIoT.OpcUa.Twin\tests\Microsoft.Azure.IIoT.OpcUa.Twin.Tests.csproj", "{5A3D8F53-0F57-4BD3-812D-27B5C1A68D56}"
EndProject
Project("{9A19103F-16F7-4668-BE54-9A1E7A4F7556}") = "Microsoft.Azure.IIoT.OpcUa.Protocol", "src\Microsoft.Azure.IIoT.OpcUa.Protocol\src\Microsoft.Azure.IIoT.OpcUa.Protocol.csproj", "{EB24DA52-555B-4289-B8FF-139382A09AEC}"
EndProject
Project("{9A19103F-16F7-4668-BE54-9A1E7A4F7556}") = "Microsoft.Azure.IIoT.OpcUa.Protocol.Tests", "src\Microsoft.Azure.IIoT.OpcUa.Protocol\tests\Microsoft.Azure.IIoT.OpcUa.Protocol.Tests.csproj", "{15E41F57-C8B1-4869-8729-B5C9B13622E3}"
EndProject
Project("{9A19103F-16F7-4668-BE54-9A1E7A4F7556}") = "Microsoft.Azure.IIoT.OpcUa.Gateway", "src\Microsoft.Azure.IIoT.OpcUa.Gateway\src\Microsoft.Azure.IIoT.OpcUa.Gateway.csproj", "{BDE43CD0-EAF7-4DE1-B197-E0ADEDB07133}"
EndProject
Project("{9A19103F-16F7-4668-BE54-9A1E7A4F7556}") = "Microsoft.Azure.IIoT.OpcUa.Gateway.Tests", "src\Microsoft.Azure.IIoT.OpcUa.Gateway\tests\Microsoft.Azure.IIoT.OpcUa.Gateway.Tests.csproj", "{82B17D6B-1640-4332-A1E9-F804876C7ABD}"
EndProject
Global
	GlobalSection(SolutionConfigurationPlatforms) = preSolution
		Debug|Any CPU = Debug|Any CPU
		Release|Any CPU = Release|Any CPU
	EndGlobalSection
	GlobalSection(ProjectConfigurationPlatforms) = postSolution
		{8F49F047-9BA6-44EF-84BF-2C2C140818E3}.Debug|Any CPU.ActiveCfg = Debug|Any CPU
		{8F49F047-9BA6-44EF-84BF-2C2C140818E3}.Debug|Any CPU.Build.0 = Debug|Any CPU
		{8F49F047-9BA6-44EF-84BF-2C2C140818E3}.Release|Any CPU.ActiveCfg = Debug|Any CPU
		{8F49F047-9BA6-44EF-84BF-2C2C140818E3}.Release|Any CPU.Build.0 = Debug|Any CPU
		{E3A58E3C-46F2-4F53-AB43-609FEB003E14}.Debug|Any CPU.ActiveCfg = Debug|Any CPU
		{E3A58E3C-46F2-4F53-AB43-609FEB003E14}.Debug|Any CPU.Build.0 = Debug|Any CPU
		{E3A58E3C-46F2-4F53-AB43-609FEB003E14}.Release|Any CPU.ActiveCfg = Debug|Any CPU
		{E3A58E3C-46F2-4F53-AB43-609FEB003E14}.Release|Any CPU.Build.0 = Debug|Any CPU
		{62992B21-8956-492B-AB3D-88E31C262DA4}.Debug|Any CPU.ActiveCfg = Debug|Any CPU
		{62992B21-8956-492B-AB3D-88E31C262DA4}.Debug|Any CPU.Build.0 = Debug|Any CPU
		{62992B21-8956-492B-AB3D-88E31C262DA4}.Release|Any CPU.ActiveCfg = Debug|Any CPU
		{62992B21-8956-492B-AB3D-88E31C262DA4}.Release|Any CPU.Build.0 = Debug|Any CPU
		{0719A200-32EE-404F-9AA3-7614ADD91995}.Debug|Any CPU.ActiveCfg = Debug|Any CPU
		{0719A200-32EE-404F-9AA3-7614ADD91995}.Debug|Any CPU.Build.0 = Debug|Any CPU
		{0719A200-32EE-404F-9AA3-7614ADD91995}.Release|Any CPU.ActiveCfg = Debug|Any CPU
		{0719A200-32EE-404F-9AA3-7614ADD91995}.Release|Any CPU.Build.0 = Debug|Any CPU
		{CAB41BCA-0D87-4B6C-B368-253AB7AACF2B}.Debug|Any CPU.ActiveCfg = Debug|Any CPU
		{CAB41BCA-0D87-4B6C-B368-253AB7AACF2B}.Debug|Any CPU.Build.0 = Debug|Any CPU
		{CAB41BCA-0D87-4B6C-B368-253AB7AACF2B}.Release|Any CPU.ActiveCfg = Release|Any CPU
		{CAB41BCA-0D87-4B6C-B368-253AB7AACF2B}.Release|Any CPU.Build.0 = Release|Any CPU
		{2A6FF6B2-9FF9-4437-81F3-2F7B4417F7CD}.Debug|Any CPU.ActiveCfg = Debug|Any CPU
		{2A6FF6B2-9FF9-4437-81F3-2F7B4417F7CD}.Debug|Any CPU.Build.0 = Debug|Any CPU
		{2A6FF6B2-9FF9-4437-81F3-2F7B4417F7CD}.Release|Any CPU.ActiveCfg = Release|Any CPU
		{2A6FF6B2-9FF9-4437-81F3-2F7B4417F7CD}.Release|Any CPU.Build.0 = Release|Any CPU
		{6727D64B-52A0-4BBC-B4B6-CCBE40DD9476}.Debug|Any CPU.ActiveCfg = Debug|Any CPU
		{6727D64B-52A0-4BBC-B4B6-CCBE40DD9476}.Debug|Any CPU.Build.0 = Debug|Any CPU
		{6727D64B-52A0-4BBC-B4B6-CCBE40DD9476}.Release|Any CPU.ActiveCfg = Release|Any CPU
		{6727D64B-52A0-4BBC-B4B6-CCBE40DD9476}.Release|Any CPU.Build.0 = Release|Any CPU
		{5A3D8F53-0F57-4BD3-812D-27B5C1A68D56}.Debug|Any CPU.ActiveCfg = Debug|Any CPU
		{5A3D8F53-0F57-4BD3-812D-27B5C1A68D56}.Debug|Any CPU.Build.0 = Debug|Any CPU
		{5A3D8F53-0F57-4BD3-812D-27B5C1A68D56}.Release|Any CPU.ActiveCfg = Release|Any CPU
		{5A3D8F53-0F57-4BD3-812D-27B5C1A68D56}.Release|Any CPU.Build.0 = Release|Any CPU
		{EB24DA52-555B-4289-B8FF-139382A09AEC}.Debug|Any CPU.ActiveCfg = Debug|Any CPU
		{EB24DA52-555B-4289-B8FF-139382A09AEC}.Debug|Any CPU.Build.0 = Debug|Any CPU
		{EB24DA52-555B-4289-B8FF-139382A09AEC}.Release|Any CPU.ActiveCfg = Release|Any CPU
		{EB24DA52-555B-4289-B8FF-139382A09AEC}.Release|Any CPU.Build.0 = Release|Any CPU
		{15E41F57-C8B1-4869-8729-B5C9B13622E3}.Debug|Any CPU.ActiveCfg = Debug|Any CPU
		{15E41F57-C8B1-4869-8729-B5C9B13622E3}.Debug|Any CPU.Build.0 = Debug|Any CPU
		{15E41F57-C8B1-4869-8729-B5C9B13622E3}.Release|Any CPU.ActiveCfg = Release|Any CPU
		{15E41F57-C8B1-4869-8729-B5C9B13622E3}.Release|Any CPU.Build.0 = Release|Any CPU
		{BDE43CD0-EAF7-4DE1-B197-E0ADEDB07133}.Debug|Any CPU.ActiveCfg = Debug|Any CPU
		{BDE43CD0-EAF7-4DE1-B197-E0ADEDB07133}.Debug|Any CPU.Build.0 = Debug|Any CPU
		{BDE43CD0-EAF7-4DE1-B197-E0ADEDB07133}.Release|Any CPU.ActiveCfg = Release|Any CPU
		{BDE43CD0-EAF7-4DE1-B197-E0ADEDB07133}.Release|Any CPU.Build.0 = Release|Any CPU
		{82B17D6B-1640-4332-A1E9-F804876C7ABD}.Debug|Any CPU.ActiveCfg = Debug|Any CPU
		{82B17D6B-1640-4332-A1E9-F804876C7ABD}.Debug|Any CPU.Build.0 = Debug|Any CPU
		{82B17D6B-1640-4332-A1E9-F804876C7ABD}.Release|Any CPU.ActiveCfg = Release|Any CPU
		{82B17D6B-1640-4332-A1E9-F804876C7ABD}.Release|Any CPU.Build.0 = Release|Any CPU
	EndGlobalSection
	GlobalSection(SolutionProperties) = preSolution
		HideSolutionNode = FALSE
	EndGlobalSection
	GlobalSection(NestedProjects) = preSolution
		{8F49F047-9BA6-44EF-84BF-2C2C140818E3} = {75E59BA0-618A-4154-9FCE-D2D23CCE97A6}
		{E3A58E3C-46F2-4F53-AB43-609FEB003E14} = {75E59BA0-618A-4154-9FCE-D2D23CCE97A6}
		{62992B21-8956-492B-AB3D-88E31C262DA4} = {E299CA71-F612-46CC-A009-3C0728641FEB}
		{0719A200-32EE-404F-9AA3-7614ADD91995} = {E299CA71-F612-46CC-A009-3C0728641FEB}
		{CAB41BCA-0D87-4B6C-B368-253AB7AACF2B} = {75E59BA0-618A-4154-9FCE-D2D23CCE97A6}
		{2A6FF6B2-9FF9-4437-81F3-2F7B4417F7CD} = {E299CA71-F612-46CC-A009-3C0728641FEB}
		{6727D64B-52A0-4BBC-B4B6-CCBE40DD9476} = {75E59BA0-618A-4154-9FCE-D2D23CCE97A6}
		{5A3D8F53-0F57-4BD3-812D-27B5C1A68D56} = {E299CA71-F612-46CC-A009-3C0728641FEB}
		{EB24DA52-555B-4289-B8FF-139382A09AEC} = {75E59BA0-618A-4154-9FCE-D2D23CCE97A6}
		{15E41F57-C8B1-4869-8729-B5C9B13622E3} = {E299CA71-F612-46CC-A009-3C0728641FEB}
		{BDE43CD0-EAF7-4DE1-B197-E0ADEDB07133} = {75E59BA0-618A-4154-9FCE-D2D23CCE97A6}
		{82B17D6B-1640-4332-A1E9-F804876C7ABD} = {E299CA71-F612-46CC-A009-3C0728641FEB}
	EndGlobalSection
	GlobalSection(ExtensibilityGlobals) = postSolution
		SolutionGuid = {F09EFCEA-59F6-4A16-9CB6-7E865A3F62D8}
	EndGlobalSection
EndGlobal
