
Microsoft Visual Studio Solution File, Format Version 12.00
# Visual Studio 15
VisualStudioVersion = 15.0.27130.2036
MinimumVisualStudioVersion = 10.0.40219.1
Project("{2150E333-8FDC-42A3-9474-1A3956D46DE8}") = "Solution Items", "Solution Items", "{8289AFAE-0933-40EF-9D19-6FFA2DB04837}"
	ProjectSection(SolutionItems) = preProject
		.editorconfig = .editorconfig
		.gitattributes = .gitattributes
		.gitignore = .gitignore
		common.props = common.props
		Directory.Build.props = Directory.Build.props
		license.txt = license.txt
		NuGet.Config = NuGet.Config
		project.props = project.props
		version.props = version.props
	EndProjectSection
EndProject
Project("{9A19103F-16F7-4668-BE54-9A1E7A4F7556}") = "Microsoft.Azure.IIoT.OpcUa.Services.Vault", "src\Microsoft.Azure.IIoT.OpcUa.Services.Vault.csproj", "{917E4276-A66A-4725-91AD-EDA53E649A87}"
EndProject
Project("{9A19103F-16F7-4668-BE54-9A1E7A4F7556}") = "Microsoft.Azure.IIoT.OpcUa.Services.Vault.Tests", "tests\Microsoft.Azure.IIoT.OpcUa.Services.Vault.Tests.csproj", "{1CDE362E-DA4B-4593-838C-5FC1FC964653}"
EndProject
Project("{9A19103F-16F7-4668-BE54-9A1E7A4F7556}") = "Microsoft.Azure.IIoT.OpcUa.Services.Vault.App", "app\Microsoft.Azure.IIoT.OpcUa.Services.Vault.App.csproj", "{77256077-5C07-48C6-B497-455C758A108F}"
EndProject
Project("{9A19103F-16F7-4668-BE54-9A1E7A4F7556}") = "Microsoft.Azure.IIoT.OpcUa.Modules.Vault", "module\Microsoft.Azure.IIoT.OpcUa.Modules.Vault.csproj", "{427DAC72-EA9A-4E69-B08E-57D7F3D62201}"
EndProject
Project("{9A19103F-16F7-4668-BE54-9A1E7A4F7556}") = "Microsoft.Azure.IIoT.OpcUa.Api.Vault", "api-csharp\Microsoft.Azure.IIoT.OpcUa.Api.Vault.csproj", "{A887CAA1-2C60-4E3A-91F8-DB60BBE4CC26}"
EndProject
Project("{2150E333-8FDC-42A3-9474-1A3956D46DE8}") = "docs", "docs", "{E9C6A792-1D70-4DE9-B5FB-8D8BCAA223EE}"
	ProjectSection(SolutionItems) = preProject
		CONTRIBUTING.md = CONTRIBUTING.md
		DEVELOPMENT.md = DEVELOPMENT.md
		docs\howto-deploy-services.md = docs\howto-deploy-services.md
		docs\howto-run-services-locally.md = docs\howto-run-services-locally.md
		docs\howto-secureca-services.md = docs\howto-secureca-services.md
		docs\howto-use-cert-services.md = docs\howto-use-cert-services.md
		docs\opcvault-services-overview.md = docs\opcvault-services-overview.md
		README.md = README.md
	EndProjectSection
EndProject
Project("{2150E333-8FDC-42A3-9474-1A3956D46DE8}") = "deploy", "deploy", "{A3FF1EEF-11DA-470B-9C98-B043B3CB4DE7}"
	ProjectSection(SolutionItems) = preProject
		deploy\.gitignore = deploy\.gitignore
		deploy\deploy.ps1 = deploy\deploy.ps1
		deploy\KeyVault.Secret.Groups.json = deploy\KeyVault.Secret.Groups.json
	EndProjectSection
EndProject
Project("{2150E333-8FDC-42A3-9474-1A3956D46DE8}") = "cloud", "cloud", "{ECDA661E-A357-4472-B98F-3E0D807965A9}"
	ProjectSection(SolutionItems) = preProject
		deploy\cloud\run.ps1 = deploy\cloud\run.ps1
		deploy\cloud\template.json = deploy\cloud\template.json
	EndProjectSection
EndProject
Project("{2150E333-8FDC-42A3-9474-1A3956D46DE8}") = "docker", "docker", "{1724C572-75C3-4A4C-A710-3D8C3A3223BF}"
	ProjectSection(SolutionItems) = preProject
		.dockerignore = .dockerignore
		Dockerfile = Dockerfile
		Dockerfile.app = Dockerfile.app
		Dockerfile.module = Dockerfile.module
		Dockerfile.Windows = Dockerfile.Windows
		Dockerfile.Windows-Server2016 = Dockerfile.Windows-Server2016
	EndProjectSection
EndProject
Global
	GlobalSection(SolutionConfigurationPlatforms) = preSolution
		Debug|Any CPU = Debug|Any CPU
		Release|Any CPU = Release|Any CPU
	EndGlobalSection
	GlobalSection(ProjectConfigurationPlatforms) = postSolution
		{917E4276-A66A-4725-91AD-EDA53E649A87}.Debug|Any CPU.ActiveCfg = Debug|Any CPU
		{917E4276-A66A-4725-91AD-EDA53E649A87}.Debug|Any CPU.Build.0 = Debug|Any CPU
		{917E4276-A66A-4725-91AD-EDA53E649A87}.Release|Any CPU.ActiveCfg = Release|Any CPU
		{917E4276-A66A-4725-91AD-EDA53E649A87}.Release|Any CPU.Build.0 = Release|Any CPU
		{1CDE362E-DA4B-4593-838C-5FC1FC964653}.Debug|Any CPU.ActiveCfg = Debug|Any CPU
		{1CDE362E-DA4B-4593-838C-5FC1FC964653}.Debug|Any CPU.Build.0 = Debug|Any CPU
		{1CDE362E-DA4B-4593-838C-5FC1FC964653}.Release|Any CPU.ActiveCfg = Release|Any CPU
		{1CDE362E-DA4B-4593-838C-5FC1FC964653}.Release|Any CPU.Build.0 = Release|Any CPU
		{77256077-5C07-48C6-B497-455C758A108F}.Debug|Any CPU.ActiveCfg = Debug|Any CPU
		{77256077-5C07-48C6-B497-455C758A108F}.Debug|Any CPU.Build.0 = Debug|Any CPU
		{77256077-5C07-48C6-B497-455C758A108F}.Release|Any CPU.ActiveCfg = Release|Any CPU
		{77256077-5C07-48C6-B497-455C758A108F}.Release|Any CPU.Build.0 = Release|Any CPU
		{427DAC72-EA9A-4E69-B08E-57D7F3D62201}.Debug|Any CPU.ActiveCfg = Debug|Any CPU
		{427DAC72-EA9A-4E69-B08E-57D7F3D62201}.Debug|Any CPU.Build.0 = Debug|Any CPU
		{427DAC72-EA9A-4E69-B08E-57D7F3D62201}.Release|Any CPU.ActiveCfg = Release|Any CPU
		{427DAC72-EA9A-4E69-B08E-57D7F3D62201}.Release|Any CPU.Build.0 = Release|Any CPU
		{A887CAA1-2C60-4E3A-91F8-DB60BBE4CC26}.Debug|Any CPU.ActiveCfg = Debug|Any CPU
		{A887CAA1-2C60-4E3A-91F8-DB60BBE4CC26}.Debug|Any CPU.Build.0 = Debug|Any CPU
		{A887CAA1-2C60-4E3A-91F8-DB60BBE4CC26}.Release|Any CPU.ActiveCfg = Release|Any CPU
		{A887CAA1-2C60-4E3A-91F8-DB60BBE4CC26}.Release|Any CPU.Build.0 = Release|Any CPU
	EndGlobalSection
	GlobalSection(SolutionProperties) = preSolution
		HideSolutionNode = FALSE
	EndGlobalSection
	GlobalSection(NestedProjects) = preSolution
		{ECDA661E-A357-4472-B98F-3E0D807965A9} = {A3FF1EEF-11DA-470B-9C98-B043B3CB4DE7}
	EndGlobalSection
	GlobalSection(ExtensibilityGlobals) = postSolution
		SolutionGuid = {F947AAE7-2D6B-43C0-B5E6-824B8E4D7992}
	EndGlobalSection
EndGlobal
