
Microsoft Visual Studio Solution File, Format Version 12.00
# Visual Studio 15
VisualStudioVersion = 15.0.27130.2027
MinimumVisualStudioVersion = 10.0.40219.1
Project("{9A19103F-16F7-4668-BE54-9A1E7A4F7556}") = "Microsoft.Azure.IIoT", "src\Microsoft.Azure.IIoT\src\Microsoft.Azure.IIoT.csproj", "{F34353F1-AB1D-4740-9D91-D266E46F6FD6}"
EndProject
Project("{9A19103F-16F7-4668-BE54-9A1E7A4F7556}") = "Microsoft.Azure.IIoT.Tests", "src\Microsoft.Azure.IIoT\tests\Microsoft.Azure.IIoT.Tests.csproj", "{2FCFBC22-0FA0-45B1-B52D-C64E89418FA9}"
EndProject
Project("{9A19103F-16F7-4668-BE54-9A1E7A4F7556}") = "Microsoft.Azure.IIoT.Edge", "src\Microsoft.Azure.IIoT.Edge\src\Microsoft.Azure.IIoT.Edge.csproj", "{20F33AC7-4217-468D-9930-63B3C4DB34BC}"
EndProject
Project("{9A19103F-16F7-4668-BE54-9A1E7A4F7556}") = "Microsoft.Azure.IIoT.Edge.Tests", "src\Microsoft.Azure.IIoT.Edge\tests\Microsoft.Azure.IIoT.Edge.Tests.csproj", "{596DEB58-65E3-4A3E-8163-215F049636F5}"
EndProject
Project("{2150E333-8FDC-42A3-9474-1A3956D46DE8}") = "src", "src", "{DF41A1FC-41C0-4E95-BC73-60BDF16C2D37}"
EndProject
Project("{9A19103F-16F7-4668-BE54-9A1E7A4F7556}") = "Microsoft.Azure.IIoT.Services", "src\Microsoft.Azure.IIoT.Services\src\Microsoft.Azure.IIoT.Services.csproj", "{7C3C842E-A979-4118-B322-7F7403835E23}"
EndProject
Project("{9A19103F-16F7-4668-BE54-9A1E7A4F7556}") = "Microsoft.Azure.IIoT.Hub.Processor", "src\Microsoft.Azure.IIoT.Hub.Processor\src\Microsoft.Azure.IIoT.Hub.Processor.csproj", "{CAF3D563-E700-404B-B4F3-C683F5C35EAB}"
EndProject
Project("{9A19103F-16F7-4668-BE54-9A1E7A4F7556}") = "Microsoft.Azure.IIoT.Net", "src\Microsoft.Azure.IIoT.Net\src\Microsoft.Azure.IIoT.Net.csproj", "{3E3CC15A-4A43-40CB-B1AF-5FEB12E360D0}"
EndProject
Project("{9A19103F-16F7-4668-BE54-9A1E7A4F7556}") = "Microsoft.Azure.IIoT.Hub", "src\Microsoft.Azure.IIoT.Hub\src\Microsoft.Azure.IIoT.Hub.csproj", "{0BD17B3C-3355-4AAD-A5B3-0726F10FA240}"
EndProject
Project("{9A19103F-16F7-4668-BE54-9A1E7A4F7556}") = "Microsoft.Azure.IIoT.Dynamic", "src\Microsoft.Azure.IIoT.Dynamic\src\Microsoft.Azure.IIoT.Dynamic.csproj", "{8E11EEA4-7720-436A-888A-0317C0DBB61A}"
EndProject
Project("{9A19103F-16F7-4668-BE54-9A1E7A4F7556}") = "Microsoft.Azure.IIoT.Auth", "src\Microsoft.Azure.IIoT.Auth\src\Microsoft.Azure.IIoT.Auth.csproj", "{B80792C1-F31E-4D21-8D26-8D69519678C0}"
EndProject
Project("{9A19103F-16F7-4668-BE54-9A1E7A4F7556}") = "Microsoft.Azure.IIoT.Net.Tests", "src\Microsoft.Azure.IIoT.Net\tests\Microsoft.Azure.IIoT.Net.Tests.csproj", "{43FC3470-4D4D-4B77-AC11-8C1CE53CB2E5}"
EndProject
Project("{9A19103F-16F7-4668-BE54-9A1E7A4F7556}") = "Microsoft.Azure.IIoT.Net.Dhcp", "src\Microsoft.Azure.IIoT.Net.Dhcp\src\Microsoft.Azure.IIoT.Net.Dhcp.csproj", "{14651CC9-0483-4176-97F8-7AEBB1E05475}"
EndProject
Project("{9A19103F-16F7-4668-BE54-9A1E7A4F7556}") = "Microsoft.Azure.IIoT.Net.Dhcp.Tests", "src\Microsoft.Azure.IIoT.Net.Dhcp\tests\Microsoft.Azure.IIoT.Net.Dhcp.Tests.csproj", "{1E467533-878B-42BC-A82E-744E6DF3056F}"
EndProject
Project("{9A19103F-16F7-4668-BE54-9A1E7A4F7556}") = "Microsoft.Azure.IIoT.Net.Dhcp.Cli", "src\Microsoft.Azure.IIoT.Net.Dhcp\cli\Microsoft.Azure.IIoT.Net.Dhcp.Cli.csproj", "{4E1C0CFD-A0AE-4B6B-86FA-54C2A1220818}"
EndProject
Project("{9A19103F-16F7-4668-BE54-9A1E7A4F7556}") = "Microsoft.Azure.IIoT.Net.Cli", "src\Microsoft.Azure.IIoT.Net\cli\Microsoft.Azure.IIoT.Net.Cli.csproj", "{AE829E0E-4643-46B0-8263-E8B34758ECD6}"
EndProject
Project("{2150E333-8FDC-42A3-9474-1A3956D46DE8}") = "tests", "tests", "{586FC459-11D4-47FB-9297-1E3297D85D7F}"
EndProject
Project("{9A19103F-16F7-4668-BE54-9A1E7A4F7556}") = "Microsoft.Azure.IIoT.Http.Proxy", "src\Microsoft.Azure.IIoT.Http.Proxy\src\Microsoft.Azure.IIoT.Http.Proxy.csproj", "{F5014043-4D22-4BD4-AFAA-2CB2E7A1D8C1}"
EndProject
Project("{9A19103F-16F7-4668-BE54-9A1E7A4F7556}") = "Microsoft.Azure.IIoT.Http.Proxy.Tests", "src\Microsoft.Azure.IIoT.Http.Proxy\tests\Microsoft.Azure.IIoT.Http.Proxy.Tests.csproj", "{49B2B23E-2AC3-4A56-B907-7527CF9A3DCA}"
EndProject
Global
	GlobalSection(SolutionConfigurationPlatforms) = preSolution
		Debug|Any CPU = Debug|Any CPU
		Release|Any CPU = Release|Any CPU
	EndGlobalSection
	GlobalSection(ProjectConfigurationPlatforms) = postSolution
		{F34353F1-AB1D-4740-9D91-D266E46F6FD6}.Debug|Any CPU.ActiveCfg = Debug|Any CPU
		{F34353F1-AB1D-4740-9D91-D266E46F6FD6}.Debug|Any CPU.Build.0 = Debug|Any CPU
		{F34353F1-AB1D-4740-9D91-D266E46F6FD6}.Release|Any CPU.ActiveCfg = Debug|Any CPU
		{F34353F1-AB1D-4740-9D91-D266E46F6FD6}.Release|Any CPU.Build.0 = Debug|Any CPU
		{2FCFBC22-0FA0-45B1-B52D-C64E89418FA9}.Debug|Any CPU.ActiveCfg = Debug|Any CPU
		{2FCFBC22-0FA0-45B1-B52D-C64E89418FA9}.Debug|Any CPU.Build.0 = Debug|Any CPU
		{2FCFBC22-0FA0-45B1-B52D-C64E89418FA9}.Release|Any CPU.ActiveCfg = Debug|Any CPU
		{2FCFBC22-0FA0-45B1-B52D-C64E89418FA9}.Release|Any CPU.Build.0 = Debug|Any CPU
		{20F33AC7-4217-468D-9930-63B3C4DB34BC}.Debug|Any CPU.ActiveCfg = Debug|Any CPU
		{20F33AC7-4217-468D-9930-63B3C4DB34BC}.Debug|Any CPU.Build.0 = Debug|Any CPU
		{20F33AC7-4217-468D-9930-63B3C4DB34BC}.Release|Any CPU.ActiveCfg = Debug|Any CPU
		{20F33AC7-4217-468D-9930-63B3C4DB34BC}.Release|Any CPU.Build.0 = Debug|Any CPU
		{596DEB58-65E3-4A3E-8163-215F049636F5}.Debug|Any CPU.ActiveCfg = Debug|Any CPU
		{596DEB58-65E3-4A3E-8163-215F049636F5}.Debug|Any CPU.Build.0 = Debug|Any CPU
		{596DEB58-65E3-4A3E-8163-215F049636F5}.Release|Any CPU.ActiveCfg = Debug|Any CPU
		{596DEB58-65E3-4A3E-8163-215F049636F5}.Release|Any CPU.Build.0 = Debug|Any CPU
		{7C3C842E-A979-4118-B322-7F7403835E23}.Debug|Any CPU.ActiveCfg = Debug|Any CPU
		{7C3C842E-A979-4118-B322-7F7403835E23}.Debug|Any CPU.Build.0 = Debug|Any CPU
		{7C3C842E-A979-4118-B322-7F7403835E23}.Release|Any CPU.ActiveCfg = Debug|Any CPU
		{7C3C842E-A979-4118-B322-7F7403835E23}.Release|Any CPU.Build.0 = Debug|Any CPU
		{CAF3D563-E700-404B-B4F3-C683F5C35EAB}.Debug|Any CPU.ActiveCfg = Debug|Any CPU
		{CAF3D563-E700-404B-B4F3-C683F5C35EAB}.Debug|Any CPU.Build.0 = Debug|Any CPU
		{CAF3D563-E700-404B-B4F3-C683F5C35EAB}.Release|Any CPU.ActiveCfg = Debug|Any CPU
		{CAF3D563-E700-404B-B4F3-C683F5C35EAB}.Release|Any CPU.Build.0 = Debug|Any CPU
		{3E3CC15A-4A43-40CB-B1AF-5FEB12E360D0}.Debug|Any CPU.ActiveCfg = Debug|Any CPU
		{3E3CC15A-4A43-40CB-B1AF-5FEB12E360D0}.Debug|Any CPU.Build.0 = Debug|Any CPU
		{3E3CC15A-4A43-40CB-B1AF-5FEB12E360D0}.Release|Any CPU.ActiveCfg = Debug|Any CPU
		{3E3CC15A-4A43-40CB-B1AF-5FEB12E360D0}.Release|Any CPU.Build.0 = Debug|Any CPU
		{0BD17B3C-3355-4AAD-A5B3-0726F10FA240}.Debug|Any CPU.ActiveCfg = Debug|Any CPU
		{0BD17B3C-3355-4AAD-A5B3-0726F10FA240}.Debug|Any CPU.Build.0 = Debug|Any CPU
		{0BD17B3C-3355-4AAD-A5B3-0726F10FA240}.Release|Any CPU.ActiveCfg = Debug|Any CPU
		{0BD17B3C-3355-4AAD-A5B3-0726F10FA240}.Release|Any CPU.Build.0 = Debug|Any CPU
		{8E11EEA4-7720-436A-888A-0317C0DBB61A}.Debug|Any CPU.ActiveCfg = Debug|Any CPU
		{8E11EEA4-7720-436A-888A-0317C0DBB61A}.Debug|Any CPU.Build.0 = Debug|Any CPU
		{8E11EEA4-7720-436A-888A-0317C0DBB61A}.Release|Any CPU.ActiveCfg = Release|Any CPU
		{8E11EEA4-7720-436A-888A-0317C0DBB61A}.Release|Any CPU.Build.0 = Release|Any CPU
		{B80792C1-F31E-4D21-8D26-8D69519678C0}.Debug|Any CPU.ActiveCfg = Debug|Any CPU
		{B80792C1-F31E-4D21-8D26-8D69519678C0}.Debug|Any CPU.Build.0 = Debug|Any CPU
		{B80792C1-F31E-4D21-8D26-8D69519678C0}.Release|Any CPU.ActiveCfg = Release|Any CPU
		{B80792C1-F31E-4D21-8D26-8D69519678C0}.Release|Any CPU.Build.0 = Release|Any CPU
		{43FC3470-4D4D-4B77-AC11-8C1CE53CB2E5}.Debug|Any CPU.ActiveCfg = Debug|Any CPU
		{43FC3470-4D4D-4B77-AC11-8C1CE53CB2E5}.Debug|Any CPU.Build.0 = Debug|Any CPU
		{43FC3470-4D4D-4B77-AC11-8C1CE53CB2E5}.Release|Any CPU.ActiveCfg = Release|Any CPU
		{43FC3470-4D4D-4B77-AC11-8C1CE53CB2E5}.Release|Any CPU.Build.0 = Release|Any CPU
		{14651CC9-0483-4176-97F8-7AEBB1E05475}.Debug|Any CPU.ActiveCfg = Debug|Any CPU
		{14651CC9-0483-4176-97F8-7AEBB1E05475}.Debug|Any CPU.Build.0 = Debug|Any CPU
		{14651CC9-0483-4176-97F8-7AEBB1E05475}.Release|Any CPU.ActiveCfg = Release|Any CPU
		{14651CC9-0483-4176-97F8-7AEBB1E05475}.Release|Any CPU.Build.0 = Release|Any CPU
		{1E467533-878B-42BC-A82E-744E6DF3056F}.Debug|Any CPU.ActiveCfg = Debug|Any CPU
		{1E467533-878B-42BC-A82E-744E6DF3056F}.Debug|Any CPU.Build.0 = Debug|Any CPU
		{1E467533-878B-42BC-A82E-744E6DF3056F}.Release|Any CPU.ActiveCfg = Release|Any CPU
		{1E467533-878B-42BC-A82E-744E6DF3056F}.Release|Any CPU.Build.0 = Release|Any CPU
		{4E1C0CFD-A0AE-4B6B-86FA-54C2A1220818}.Debug|Any CPU.ActiveCfg = Debug|Any CPU
		{4E1C0CFD-A0AE-4B6B-86FA-54C2A1220818}.Debug|Any CPU.Build.0 = Debug|Any CPU
		{4E1C0CFD-A0AE-4B6B-86FA-54C2A1220818}.Release|Any CPU.ActiveCfg = Release|Any CPU
		{4E1C0CFD-A0AE-4B6B-86FA-54C2A1220818}.Release|Any CPU.Build.0 = Release|Any CPU
		{AE829E0E-4643-46B0-8263-E8B34758ECD6}.Debug|Any CPU.ActiveCfg = Debug|Any CPU
		{AE829E0E-4643-46B0-8263-E8B34758ECD6}.Debug|Any CPU.Build.0 = Debug|Any CPU
		{AE829E0E-4643-46B0-8263-E8B34758ECD6}.Release|Any CPU.ActiveCfg = Release|Any CPU
		{AE829E0E-4643-46B0-8263-E8B34758ECD6}.Release|Any CPU.Build.0 = Release|Any CPU
		{F5014043-4D22-4BD4-AFAA-2CB2E7A1D8C1}.Debug|Any CPU.ActiveCfg = Debug|Any CPU
		{F5014043-4D22-4BD4-AFAA-2CB2E7A1D8C1}.Debug|Any CPU.Build.0 = Debug|Any CPU
		{F5014043-4D22-4BD4-AFAA-2CB2E7A1D8C1}.Release|Any CPU.ActiveCfg = Release|Any CPU
		{F5014043-4D22-4BD4-AFAA-2CB2E7A1D8C1}.Release|Any CPU.Build.0 = Release|Any CPU
		{49B2B23E-2AC3-4A56-B907-7527CF9A3DCA}.Debug|Any CPU.ActiveCfg = Debug|Any CPU
		{49B2B23E-2AC3-4A56-B907-7527CF9A3DCA}.Debug|Any CPU.Build.0 = Debug|Any CPU
		{49B2B23E-2AC3-4A56-B907-7527CF9A3DCA}.Release|Any CPU.ActiveCfg = Release|Any CPU
		{49B2B23E-2AC3-4A56-B907-7527CF9A3DCA}.Release|Any CPU.Build.0 = Release|Any CPU
	EndGlobalSection
	GlobalSection(SolutionProperties) = preSolution
		HideSolutionNode = FALSE
	EndGlobalSection
	GlobalSection(NestedProjects) = preSolution
		{F34353F1-AB1D-4740-9D91-D266E46F6FD6} = {DF41A1FC-41C0-4E95-BC73-60BDF16C2D37}
		{2FCFBC22-0FA0-45B1-B52D-C64E89418FA9} = {586FC459-11D4-47FB-9297-1E3297D85D7F}
		{20F33AC7-4217-468D-9930-63B3C4DB34BC} = {DF41A1FC-41C0-4E95-BC73-60BDF16C2D37}
		{596DEB58-65E3-4A3E-8163-215F049636F5} = {586FC459-11D4-47FB-9297-1E3297D85D7F}
		{7C3C842E-A979-4118-B322-7F7403835E23} = {DF41A1FC-41C0-4E95-BC73-60BDF16C2D37}
		{CAF3D563-E700-404B-B4F3-C683F5C35EAB} = {DF41A1FC-41C0-4E95-BC73-60BDF16C2D37}
		{3E3CC15A-4A43-40CB-B1AF-5FEB12E360D0} = {DF41A1FC-41C0-4E95-BC73-60BDF16C2D37}
		{0BD17B3C-3355-4AAD-A5B3-0726F10FA240} = {DF41A1FC-41C0-4E95-BC73-60BDF16C2D37}
		{8E11EEA4-7720-436A-888A-0317C0DBB61A} = {DF41A1FC-41C0-4E95-BC73-60BDF16C2D37}
		{B80792C1-F31E-4D21-8D26-8D69519678C0} = {DF41A1FC-41C0-4E95-BC73-60BDF16C2D37}
		{43FC3470-4D4D-4B77-AC11-8C1CE53CB2E5} = {586FC459-11D4-47FB-9297-1E3297D85D7F}
		{14651CC9-0483-4176-97F8-7AEBB1E05475} = {DF41A1FC-41C0-4E95-BC73-60BDF16C2D37}
		{1E467533-878B-42BC-A82E-744E6DF3056F} = {586FC459-11D4-47FB-9297-1E3297D85D7F}
		{4E1C0CFD-A0AE-4B6B-86FA-54C2A1220818} = {586FC459-11D4-47FB-9297-1E3297D85D7F}
		{AE829E0E-4643-46B0-8263-E8B34758ECD6} = {586FC459-11D4-47FB-9297-1E3297D85D7F}
		{F5014043-4D22-4BD4-AFAA-2CB2E7A1D8C1} = {DF41A1FC-41C0-4E95-BC73-60BDF16C2D37}
		{49B2B23E-2AC3-4A56-B907-7527CF9A3DCA} = {586FC459-11D4-47FB-9297-1E3297D85D7F}
	EndGlobalSection
	GlobalSection(ExtensibilityGlobals) = postSolution
		SolutionGuid = {F09EFCEA-59F6-4A16-9CB6-7E865A3F62D8}
	EndGlobalSection
EndGlobal
