
Microsoft Visual Studio Solution File, Format Version 12.00
# Visual Studio 15
VisualStudioVersion = 15.0.27130.2036
MinimumVisualStudioVersion = 10.0.40219.1
Project("{2150E333-8FDC-42A3-9474-1A3956D46DE8}") = "Solution Items", "Solution Items", "{8289AFAE-0933-40EF-9D19-6FFA2DB04837}"
	ProjectSection(SolutionItems) = preProject
		.dockerignore = .dockerignore
		.editorconfig = .editorconfig
		.gitattributes = .gitattributes
		.gitignore = .gitignore
		.travis.yml = .travis.yml
		CONTRIBUTING.md = CONTRIBUTING.md
		DEVELOPMENT.md = DEVELOPMENT.md
		Dockerfile = Dockerfile
		Dockerfile.Windows = Dockerfile.Windows
		LICENSE = LICENSE
		README.md = README.md
		version.props = version.props
	EndProjectSection
EndProject
Project("{9A19103F-16F7-4668-BE54-9A1E7A4F7556}") = "Microsoft.Azure.IIoT.OpcUa.Services.Vault", "src\Microsoft.Azure.IIoT.OpcUa.Services.Vault.csproj", "{917E4276-A66A-4725-91AD-EDA53E649A87}"
EndProject
Project("{9A19103F-16F7-4668-BE54-9A1E7A4F7556}") = "Microsoft.Azure.IIoT.OpcUa.Services.Vault.Test", "tests\Microsoft.Azure.IIoT.OpcUa.Services.Vault.Test.csproj", "{1CDE362E-DA4B-4593-838C-5FC1FC964653}"
EndProject
Project("{9A19103F-16F7-4668-BE54-9A1E7A4F7556}") = "Microsoft.Azure.IIoT.OpcUa.Services.Vault.App", "app\Microsoft.Azure.IIoT.OpcUa.Services.Vault.App.csproj", "{77256077-5C07-48C6-B497-455C758A108F}"
EndProject
Project("{9A19103F-16F7-4668-BE54-9A1E7A4F7556}") = "Microsoft.Azure.IIoT.OpcUa.Modules.Vault", "module\Microsoft.Azure.IIoT.OpcUa.Modules.Vault.csproj", "{427DAC72-EA9A-4E69-B08E-57D7F3D62201}"
EndProject
Project("{9A19103F-16F7-4668-BE54-9A1E7A4F7556}") = "Microsoft.Azure.IIoT.OpcUa.Api.Vault", "api-csharp\Microsoft.Azure.IIoT.OpcUa.Api.Vault.csproj", "{A887CAA1-2C60-4E3A-91F8-DB60BBE4CC26}"
EndProject
Project("{9A19103F-16F7-4668-BE54-9A1E7A4F7556}") = "Opc.Ua.Core", "..\UA-.NETStandard\Stack\Opc.Ua.Core\Opc.Ua.Core.csproj", "{E9EC142C-3837-4E52-BBF2-918567A4F838}"
EndProject
Project("{9A19103F-16F7-4668-BE54-9A1E7A4F7556}") = "Opc.Ua.Server", "..\UA-.NETStandard\SampleApplications\SDK\Opc.Ua.Server\Opc.Ua.Server.csproj", "{D8959AF8-F013-4022-8F97-BE702C7EBCC7}"
EndProject
Project("{9A19103F-16F7-4668-BE54-9A1E7A4F7556}") = "Opc.Ua.Configuration", "..\UA-.NETStandard\SampleApplications\SDK\Opc.Ua.Configuration\Opc.Ua.Configuration.csproj", "{5C05D270-0D28-41EC-ABE7-2295B32EBA9D}"
EndProject
Project("{9A19103F-16F7-4668-BE54-9A1E7A4F7556}") = "GlobalDiscoveryServerLibrary", "..\UA-.NETStandard\SampleApplications\Samples\GDS\ServerCommon\GlobalDiscoveryServerLibrary.csproj", "{76FC554F-99DE-4534-9630-F0308AB0FED4}"
EndProject
Project("{9A19103F-16F7-4668-BE54-9A1E7A4F7556}") = "Microsoft.Azure.IIoT.Abstractions", "..\azure-iiot-common\src\Microsoft.Azure.IIoT.Abstractions\src\Microsoft.Azure.IIoT.Abstractions.csproj", "{42E9956D-EEE8-42E1-819D-4177FF77618F}"
EndProject
Project("{9A19103F-16F7-4668-BE54-9A1E7A4F7556}") = "Microsoft.Azure.IIoT.Auth", "..\azure-iiot-common\src\Microsoft.Azure.IIoT.Auth\src\Microsoft.Azure.IIoT.Auth.csproj", "{3EDE4BCE-44C0-4FB7-A770-9598DED966A2}"
EndProject
Project("{9A19103F-16F7-4668-BE54-9A1E7A4F7556}") = "Microsoft.Azure.IIoT.Services", "..\azure-iiot-common\src\Microsoft.Azure.IIoT.Services\src\Microsoft.Azure.IIoT.Services.csproj", "{CDF687CE-11E4-47E2-A80C-D0BDC15F6B97}"
EndProject
Global
	GlobalSection(SolutionConfigurationPlatforms) = preSolution
		Debug|Any CPU = Debug|Any CPU
		Develop|Any CPU = Develop|Any CPU
		Release|Any CPU = Release|Any CPU
	EndGlobalSection
	GlobalSection(ProjectConfigurationPlatforms) = postSolution
		{917E4276-A66A-4725-91AD-EDA53E649A87}.Debug|Any CPU.ActiveCfg = Debug|Any CPU
		{917E4276-A66A-4725-91AD-EDA53E649A87}.Debug|Any CPU.Build.0 = Debug|Any CPU
		{917E4276-A66A-4725-91AD-EDA53E649A87}.Develop|Any CPU.ActiveCfg = Develop|Any CPU
		{917E4276-A66A-4725-91AD-EDA53E649A87}.Develop|Any CPU.Build.0 = Develop|Any CPU
		{917E4276-A66A-4725-91AD-EDA53E649A87}.Release|Any CPU.ActiveCfg = Release|Any CPU
		{917E4276-A66A-4725-91AD-EDA53E649A87}.Release|Any CPU.Build.0 = Release|Any CPU
		{1CDE362E-DA4B-4593-838C-5FC1FC964653}.Debug|Any CPU.ActiveCfg = Debug|Any CPU
		{1CDE362E-DA4B-4593-838C-5FC1FC964653}.Debug|Any CPU.Build.0 = Debug|Any CPU
		{1CDE362E-DA4B-4593-838C-5FC1FC964653}.Develop|Any CPU.ActiveCfg = Develop|Any CPU
		{1CDE362E-DA4B-4593-838C-5FC1FC964653}.Develop|Any CPU.Build.0 = Develop|Any CPU
		{1CDE362E-DA4B-4593-838C-5FC1FC964653}.Release|Any CPU.ActiveCfg = Release|Any CPU
		{1CDE362E-DA4B-4593-838C-5FC1FC964653}.Release|Any CPU.Build.0 = Release|Any CPU
		{77256077-5C07-48C6-B497-455C758A108F}.Debug|Any CPU.ActiveCfg = Debug|Any CPU
		{77256077-5C07-48C6-B497-455C758A108F}.Debug|Any CPU.Build.0 = Debug|Any CPU
		{77256077-5C07-48C6-B497-455C758A108F}.Develop|Any CPU.ActiveCfg = Develop|Any CPU
		{77256077-5C07-48C6-B497-455C758A108F}.Develop|Any CPU.Build.0 = Develop|Any CPU
		{77256077-5C07-48C6-B497-455C758A108F}.Release|Any CPU.ActiveCfg = Release|Any CPU
		{77256077-5C07-48C6-B497-455C758A108F}.Release|Any CPU.Build.0 = Release|Any CPU
		{427DAC72-EA9A-4E69-B08E-57D7F3D62201}.Debug|Any CPU.ActiveCfg = Debug|Any CPU
		{427DAC72-EA9A-4E69-B08E-57D7F3D62201}.Debug|Any CPU.Build.0 = Debug|Any CPU
		{427DAC72-EA9A-4E69-B08E-57D7F3D62201}.Develop|Any CPU.ActiveCfg = Develop|Any CPU
		{427DAC72-EA9A-4E69-B08E-57D7F3D62201}.Develop|Any CPU.Build.0 = Develop|Any CPU
		{427DAC72-EA9A-4E69-B08E-57D7F3D62201}.Release|Any CPU.ActiveCfg = Release|Any CPU
		{427DAC72-EA9A-4E69-B08E-57D7F3D62201}.Release|Any CPU.Build.0 = Release|Any CPU
		{A887CAA1-2C60-4E3A-91F8-DB60BBE4CC26}.Debug|Any CPU.ActiveCfg = Debug|Any CPU
		{A887CAA1-2C60-4E3A-91F8-DB60BBE4CC26}.Debug|Any CPU.Build.0 = Debug|Any CPU
		{A887CAA1-2C60-4E3A-91F8-DB60BBE4CC26}.Develop|Any CPU.ActiveCfg = Develop|Any CPU
		{A887CAA1-2C60-4E3A-91F8-DB60BBE4CC26}.Develop|Any CPU.Build.0 = Develop|Any CPU
		{A887CAA1-2C60-4E3A-91F8-DB60BBE4CC26}.Release|Any CPU.ActiveCfg = Release|Any CPU
		{A887CAA1-2C60-4E3A-91F8-DB60BBE4CC26}.Release|Any CPU.Build.0 = Release|Any CPU
		{E9EC142C-3837-4E52-BBF2-918567A4F838}.Debug|Any CPU.ActiveCfg = Debug|Any CPU
		{E9EC142C-3837-4E52-BBF2-918567A4F838}.Debug|Any CPU.Build.0 = Debug|Any CPU
		{E9EC142C-3837-4E52-BBF2-918567A4F838}.Develop|Any CPU.ActiveCfg = Debug|Any CPU
		{E9EC142C-3837-4E52-BBF2-918567A4F838}.Develop|Any CPU.Build.0 = Debug|Any CPU
		{E9EC142C-3837-4E52-BBF2-918567A4F838}.Release|Any CPU.ActiveCfg = Release|Any CPU
		{E9EC142C-3837-4E52-BBF2-918567A4F838}.Release|Any CPU.Build.0 = Release|Any CPU
		{D8959AF8-F013-4022-8F97-BE702C7EBCC7}.Debug|Any CPU.ActiveCfg = Debug|Any CPU
		{D8959AF8-F013-4022-8F97-BE702C7EBCC7}.Debug|Any CPU.Build.0 = Debug|Any CPU
		{D8959AF8-F013-4022-8F97-BE702C7EBCC7}.Develop|Any CPU.ActiveCfg = Debug|Any CPU
		{D8959AF8-F013-4022-8F97-BE702C7EBCC7}.Develop|Any CPU.Build.0 = Debug|Any CPU
		{D8959AF8-F013-4022-8F97-BE702C7EBCC7}.Release|Any CPU.ActiveCfg = Release|Any CPU
		{D8959AF8-F013-4022-8F97-BE702C7EBCC7}.Release|Any CPU.Build.0 = Release|Any CPU
		{5C05D270-0D28-41EC-ABE7-2295B32EBA9D}.Debug|Any CPU.ActiveCfg = Debug|Any CPU
		{5C05D270-0D28-41EC-ABE7-2295B32EBA9D}.Debug|Any CPU.Build.0 = Debug|Any CPU
		{5C05D270-0D28-41EC-ABE7-2295B32EBA9D}.Develop|Any CPU.ActiveCfg = Debug|Any CPU
		{5C05D270-0D28-41EC-ABE7-2295B32EBA9D}.Develop|Any CPU.Build.0 = Debug|Any CPU
		{5C05D270-0D28-41EC-ABE7-2295B32EBA9D}.Release|Any CPU.ActiveCfg = Release|Any CPU
		{5C05D270-0D28-41EC-ABE7-2295B32EBA9D}.Release|Any CPU.Build.0 = Release|Any CPU
		{76FC554F-99DE-4534-9630-F0308AB0FED4}.Debug|Any CPU.ActiveCfg = Debug|Any CPU
		{76FC554F-99DE-4534-9630-F0308AB0FED4}.Debug|Any CPU.Build.0 = Debug|Any CPU
		{76FC554F-99DE-4534-9630-F0308AB0FED4}.Develop|Any CPU.ActiveCfg = Debug|Any CPU
		{76FC554F-99DE-4534-9630-F0308AB0FED4}.Develop|Any CPU.Build.0 = Debug|Any CPU
		{76FC554F-99DE-4534-9630-F0308AB0FED4}.Release|Any CPU.ActiveCfg = Release|Any CPU
		{76FC554F-99DE-4534-9630-F0308AB0FED4}.Release|Any CPU.Build.0 = Release|Any CPU
		{42E9956D-EEE8-42E1-819D-4177FF77618F}.Debug|Any CPU.ActiveCfg = Debug|Any CPU
		{42E9956D-EEE8-42E1-819D-4177FF77618F}.Debug|Any CPU.Build.0 = Debug|Any CPU
		{42E9956D-EEE8-42E1-819D-4177FF77618F}.Develop|Any CPU.ActiveCfg = Debug|Any CPU
		{42E9956D-EEE8-42E1-819D-4177FF77618F}.Develop|Any CPU.Build.0 = Debug|Any CPU
		{42E9956D-EEE8-42E1-819D-4177FF77618F}.Release|Any CPU.ActiveCfg = Release|Any CPU
		{42E9956D-EEE8-42E1-819D-4177FF77618F}.Release|Any CPU.Build.0 = Release|Any CPU
		{3EDE4BCE-44C0-4FB7-A770-9598DED966A2}.Debug|Any CPU.ActiveCfg = Debug|Any CPU
		{3EDE4BCE-44C0-4FB7-A770-9598DED966A2}.Debug|Any CPU.Build.0 = Debug|Any CPU
		{3EDE4BCE-44C0-4FB7-A770-9598DED966A2}.Develop|Any CPU.ActiveCfg = Debug|Any CPU
		{3EDE4BCE-44C0-4FB7-A770-9598DED966A2}.Develop|Any CPU.Build.0 = Debug|Any CPU
		{3EDE4BCE-44C0-4FB7-A770-9598DED966A2}.Release|Any CPU.ActiveCfg = Release|Any CPU
		{3EDE4BCE-44C0-4FB7-A770-9598DED966A2}.Release|Any CPU.Build.0 = Release|Any CPU
		{CDF687CE-11E4-47E2-A80C-D0BDC15F6B97}.Debug|Any CPU.ActiveCfg = Debug|Any CPU
		{CDF687CE-11E4-47E2-A80C-D0BDC15F6B97}.Debug|Any CPU.Build.0 = Debug|Any CPU
		{CDF687CE-11E4-47E2-A80C-D0BDC15F6B97}.Develop|Any CPU.ActiveCfg = Debug|Any CPU
		{CDF687CE-11E4-47E2-A80C-D0BDC15F6B97}.Develop|Any CPU.Build.0 = Debug|Any CPU
		{CDF687CE-11E4-47E2-A80C-D0BDC15F6B97}.Release|Any CPU.ActiveCfg = Release|Any CPU
		{CDF687CE-11E4-47E2-A80C-D0BDC15F6B97}.Release|Any CPU.Build.0 = Release|Any CPU
	EndGlobalSection
	GlobalSection(SolutionProperties) = preSolution
		HideSolutionNode = FALSE
	EndGlobalSection
	GlobalSection(ExtensibilityGlobals) = postSolution
		SolutionGuid = {F947AAE7-2D6B-43C0-B5E6-824B8E4D7992}
	EndGlobalSection
EndGlobal
