
Microsoft Visual Studio Solution File, Format Version 12.00
# Visual Studio Version 16
VisualStudioVersion = 16.0.29201.188
MinimumVisualStudioVersion = 10.0.40219.1
Project("{9A19103F-16F7-4668-BE54-9A1E7A4F7556}") = "Microsoft.Azure.IIoT.OpcUa.Api.Cli", "api\src\Microsoft.Azure.IIoT.OpcUa.Api\cli\Microsoft.Azure.IIoT.OpcUa.Api.Cli.csproj", "{D14C979A-E41B-459B-97CE-E3DA62E02369}"
EndProject
Project("{9A19103F-16F7-4668-BE54-9A1E7A4F7556}") = "Microsoft.Azure.IIoT.Modules.OpcUa.Twin.Cli", "modules\src\Microsoft.Azure.IIoT.Modules.OpcUa.Twin\cli\Microsoft.Azure.IIoT.Modules.OpcUa.Twin.Cli.csproj", "{42B6F4CC-01B0-496B-A8FB-69908691DBEF}"
EndProject
Project("{9A19103F-16F7-4668-BE54-9A1E7A4F7556}") = "Microsoft.Azure.IIoT.Services.OpcUa.Onboarding", "services\src\Microsoft.Azure.IIoT.Services.OpcUa.Onboarding\src\Microsoft.Azure.IIoT.Services.OpcUa.Onboarding.csproj", "{A7ECF6A4-AFE0-4A52-8DC9-63DFB7A07889}"
EndProject
Project("{9A19103F-16F7-4668-BE54-9A1E7A4F7556}") = "Microsoft.Azure.IIoT.Services.OpcUa.Twin", "services\src\Microsoft.Azure.IIoT.Services.OpcUa.Twin\src\Microsoft.Azure.IIoT.Services.OpcUa.Twin.csproj", "{7840E38C-D435-432B-A5B4-2393D1A5D21A}"
EndProject
Project("{9A19103F-16F7-4668-BE54-9A1E7A4F7556}") = "Microsoft.Azure.IIoT.Services.OpcUa.Registry", "services\src\Microsoft.Azure.IIoT.Services.OpcUa.Registry\src\Microsoft.Azure.IIoT.Services.OpcUa.Registry.csproj", "{34BF73AA-89A3-4E10-A1AC-2360A93143FE}"
EndProject
Project("{9A19103F-16F7-4668-BE54-9A1E7A4F7556}") = "Microsoft.Azure.IIoT.Services.OpcUa.Alerting", "services\src\Microsoft.Azure.IIoT.Services.OpcUa.Alerting\src\Microsoft.Azure.IIoT.Services.OpcUa.Alerting.csproj", "{EAC5FCE7-A5D7-4003-85AE-481A5CAE754D}"
EndProject
Project("{9A19103F-16F7-4668-BE54-9A1E7A4F7556}") = "Microsoft.Azure.IIoT.Services.OpcUa.Jobs", "services\src\Microsoft.Azure.IIoT.Services.OpcUa.Jobs\src\Microsoft.Azure.IIoT.Services.OpcUa.Jobs.csproj", "{98CC86E7-6BD0-4B5A-B71B-C8F57C98E081}"
EndProject
Project("{9A19103F-16F7-4668-BE54-9A1E7A4F7556}") = "Microsoft.Azure.IIoT.Services.OpcUa.Vault", "services\src\Microsoft.Azure.IIoT.Services.OpcUa.Vault\src\Microsoft.Azure.IIoT.Services.OpcUa.Vault.csproj", "{039B213A-5930-475D-B3C0-FA15AF6CD631}"
EndProject
Project("{9A19103F-16F7-4668-BE54-9A1E7A4F7556}") = "Microsoft.Azure.IIoT.Services.OpcUa.Gateway", "services\src\Microsoft.Azure.IIoT.Services.OpcUa.Gateway\src\Microsoft.Azure.IIoT.Services.OpcUa.Gateway.csproj", "{A8C4FFE0-20D8-40F4-8B9F-26FE9D013E2F}"
EndProject
Project("{9A19103F-16F7-4668-BE54-9A1E7A4F7556}") = "Microsoft.Azure.IIoT.Services.OpcUa.Processor", "services\src\Microsoft.Azure.IIoT.Services.OpcUa.Processor\src\Microsoft.Azure.IIoT.Services.OpcUa.Processor.csproj", "{33EDCABE-3CB6-4475-A9E5-1D669FAA15B7}"
EndProject
Project("{9A19103F-16F7-4668-BE54-9A1E7A4F7556}") = "Microsoft.Azure.IIoT.Services.OpcUa.History", "services\src\Microsoft.Azure.IIoT.Services.OpcUa.History\src\Microsoft.Azure.IIoT.Services.OpcUa.History.csproj", "{5133BBA0-2F9F-447F-925A-87AD387F07D2}"
EndProject
Project("{9A19103F-16F7-4668-BE54-9A1E7A4F7556}") = "Microsoft.Azure.IIoT.Services.Notification.Blob", "services\src\Microsoft.Azure.IIoT.Services.Notification.Blob\src\Microsoft.Azure.IIoT.Services.Notification.Blob.csproj", "{4E12597E-EA7B-464A-A63A-951B0EBC81CE}"
EndProject
Project("{9A19103F-16F7-4668-BE54-9A1E7A4F7556}") = "Microsoft.Azure.IIoT.Services.All", "services\src\Microsoft.Azure.IIoT.Services.All\src\Microsoft.Azure.IIoT.Services.All.csproj", "{D2DB7A83-1682-4A01-857F-CE415287ACF0}"
EndProject
Project("{9A19103F-16F7-4668-BE54-9A1E7A4F7556}") = "Microsoft.Azure.IIoT.OpcUa.Api", "api\src\Microsoft.Azure.IIoT.OpcUa.Api\src\Microsoft.Azure.IIoT.OpcUa.Api.csproj", "{C42023DA-F375-401B-BF9B-D20286311455}"
EndProject
Project("{9A19103F-16F7-4668-BE54-9A1E7A4F7556}") = "Microsoft.Azure.IIoT.OpcUa.Api.History", "api\src\Microsoft.Azure.IIoT.OpcUa.Api.History\src\Microsoft.Azure.IIoT.OpcUa.Api.History.csproj", "{4338CF8A-5298-4C8F-942F-D20E7255BEA8}"
EndProject
Project("{9A19103F-16F7-4668-BE54-9A1E7A4F7556}") = "Microsoft.Azure.IIoT.OpcUa.Api.Vault", "api\src\Microsoft.Azure.IIoT.OpcUa.Api.Vault\src\Microsoft.Azure.IIoT.OpcUa.Api.Vault.csproj", "{7137B8E7-A508-4917-A6FC-9CB5CCF8F9EA}"
EndProject
Project("{9A19103F-16F7-4668-BE54-9A1E7A4F7556}") = "Microsoft.Azure.IIoT.OpcUa.Api.Registry", "api\src\Microsoft.Azure.IIoT.OpcUa.Api.Registry\src\Microsoft.Azure.IIoT.OpcUa.Api.Registry.csproj", "{D059B44D-8C53-4B03-BE3D-5E50BA51A93A}"
EndProject
Project("{9A19103F-16F7-4668-BE54-9A1E7A4F7556}") = "Microsoft.Azure.IIoT.OpcUa.Api.Twin", "api\src\Microsoft.Azure.IIoT.OpcUa.Api.Twin\src\Microsoft.Azure.IIoT.OpcUa.Api.Twin.csproj", "{8C90549C-BB32-4A32-A50C-62C7118B5AE7}"
EndProject
Project("{9A19103F-16F7-4668-BE54-9A1E7A4F7556}") = "Microsoft.Azure.IIoT.Modules.OpcUa.Twin", "modules\src\Microsoft.Azure.IIoT.Modules.OpcUa.Twin\src\Microsoft.Azure.IIoT.Modules.OpcUa.Twin.csproj", "{5709535C-A93D-4D03-8748-5F202C2A05EF}"
EndProject
Project("{9A19103F-16F7-4668-BE54-9A1E7A4F7556}") = "Microsoft.Azure.IIoT.Modules.OpcUa.Publisher", "modules\src\Microsoft.Azure.IIoT.Modules.OpcUa.Publisher\src\Microsoft.Azure.IIoT.Modules.OpcUa.Publisher.csproj", "{63BF7A67-E422-4EB5-B2B1-77E23F46F63B}"
EndProject
Project("{9A19103F-16F7-4668-BE54-9A1E7A4F7556}") = "Microsoft.Azure.IIoT.Modules.OpcUa.Publisher.Tests", "modules\src\Microsoft.Azure.IIoT.Modules.OpcUa.Publisher\tests\Microsoft.Azure.IIoT.Modules.OpcUa.Publisher.Tests.csproj", "{BD9D39DA-81EC-4377-B9FB-036ADA544E7E}"
EndProject
Project("{9A19103F-16F7-4668-BE54-9A1E7A4F7556}") = "Microsoft.Azure.IIoT.Modules.OpcUa.Twin.Tests", "modules\src\Microsoft.Azure.IIoT.Modules.OpcUa.Twin\tests\Microsoft.Azure.IIoT.Modules.OpcUa.Twin.Tests.csproj", "{B829F5E5-E906-4EFC-86D5-CB74C34194B2}"
EndProject
Project("{9A19103F-16F7-4668-BE54-9A1E7A4F7556}") = "Microsoft.Azure.IIoT.OpcUa", "components\opc-ua\src\Microsoft.Azure.IIoT.OpcUa\src\Microsoft.Azure.IIoT.OpcUa.csproj", "{8F49F047-9BA6-44EF-84BF-2C2C140818E3}"
EndProject
Project("{9A19103F-16F7-4668-BE54-9A1E7A4F7556}") = "Microsoft.Azure.IIoT.OpcUa.Testing", "components\opc-ua\src\Microsoft.Azure.IIoT.OpcUa.Testing\src\Microsoft.Azure.IIoT.OpcUa.Testing.csproj", "{C2F3B451-2971-4D8F-AAA2-8481A251AA3F}"
EndProject
Project("{9A19103F-16F7-4668-BE54-9A1E7A4F7556}") = "Microsoft.Azure.IIoT.OpcUa.Edge", "components\opc-ua\src\Microsoft.Azure.IIoT.OpcUa.Edge\src\Microsoft.Azure.IIoT.OpcUa.Edge.csproj", "{E3A58E3C-46F2-4F53-AB43-609FEB003E14}"
EndProject
Project("{9A19103F-16F7-4668-BE54-9A1E7A4F7556}") = "Microsoft.Azure.IIoT.OpcUa.Registry", "components\opc-ua\src\Microsoft.Azure.IIoT.OpcUa.Registry\src\Microsoft.Azure.IIoT.OpcUa.Registry.csproj", "{8A464F2F-C1C0-4DDF-AE47-015C4545C609}"
EndProject
Project("{9A19103F-16F7-4668-BE54-9A1E7A4F7556}") = "Microsoft.Azure.IIoT.OpcUa.Twin", "components\opc-ua\src\Microsoft.Azure.IIoT.OpcUa.Twin\src\Microsoft.Azure.IIoT.OpcUa.Twin.csproj", "{5261EDEA-6A3B-48A7-8895-89A4A6F15B2F}"
EndProject
Project("{9A19103F-16F7-4668-BE54-9A1E7A4F7556}") = "Microsoft.Azure.IIoT.OpcUa.History", "components\opc-ua\src\Microsoft.Azure.IIoT.OpcUa.History\src\Microsoft.Azure.IIoT.OpcUa.History.csproj", "{A6165901-07B8-4A62-A110-3B1117A16136}"
EndProject
Project("{9A19103F-16F7-4668-BE54-9A1E7A4F7556}") = "Microsoft.Azure.IIoT.OpcUa.Protocol", "components\opc-ua\src\Microsoft.Azure.IIoT.OpcUa.Protocol\src\Microsoft.Azure.IIoT.OpcUa.Protocol.csproj", "{F18FDD31-4310-40C6-9E8A-E98E03721939}"
EndProject
Project("{9A19103F-16F7-4668-BE54-9A1E7A4F7556}") = "Microsoft.Azure.IIoT.OpcUa.Vault", "components\opc-ua\src\Microsoft.Azure.IIoT.OpcUa.Vault\src\Microsoft.Azure.IIoT.OpcUa.Vault.csproj", "{33575581-15C8-4560-A768-B441D53A088A}"
EndProject
Project("{9A19103F-16F7-4668-BE54-9A1E7A4F7556}") = "Microsoft.Azure.IIoT.OpcUa.Gateway", "components\opc-ua\src\Microsoft.Azure.IIoT.OpcUa.Gateway\src\Microsoft.Azure.IIoT.OpcUa.Gateway.csproj", "{2592A18D-7E79-4CCC-AF7B-D5A59AFFEA5D}"
EndProject
Project("{9A19103F-16F7-4668-BE54-9A1E7A4F7556}") = "Microsoft.Azure.IIoT.OpcUa.Graph", "components\opc-ua\src\Microsoft.Azure.IIoT.OpcUa.Graph\src\Microsoft.Azure.IIoT.OpcUa.Graph.csproj", "{C80E8CD8-4268-47AF-898B-544C1F1F6496}"
EndProject
Project("{9A19103F-16F7-4668-BE54-9A1E7A4F7556}") = "Microsoft.Azure.IIoT.Infrastructure.Cli", "common\src\Microsoft.Azure.IIoT.Infrastructure\cli\Microsoft.Azure.IIoT.Infrastructure.Cli.csproj", "{C92E8942-1BAD-4B00-8EE8-47C6CC98D60D}"
EndProject
Project("{9A19103F-16F7-4668-BE54-9A1E7A4F7556}") = "Microsoft.Azure.IIoT.Net.Ssh.Cli", "common\src\Microsoft.Azure.IIoT.Net.Ssh\cli\Microsoft.Azure.IIoT.Net.Ssh.Cli.csproj", "{D199546E-5A39-4925-BEB5-9DC7E59FD07B}"
EndProject
Project("{9A19103F-16F7-4668-BE54-9A1E7A4F7556}") = "Microsoft.Azure.IIoT.Storage.Cli", "common\src\Microsoft.Azure.IIoT.Storage\cli\Microsoft.Azure.IIoT.Storage.Cli.csproj", "{0D0A424A-10C8-4968-90B8-3C485C00F7EA}"
EndProject
Project("{9A19103F-16F7-4668-BE54-9A1E7A4F7556}") = "Microsoft.Azure.IIoT.Net.Scan.Cli", "common\src\Microsoft.Azure.IIoT.Net.Scan\cli\Microsoft.Azure.IIoT.Net.Scan.Cli.csproj", "{14CAE6AD-643F-4B33-83A9-3BB0FC976DEB}"
EndProject
Project("{9A19103F-16F7-4668-BE54-9A1E7A4F7556}") = "Microsoft.Azure.IIoT.Abstractions", "common\src\Microsoft.Azure.IIoT.Abstractions\src\Microsoft.Azure.IIoT.Abstractions.csproj", "{F34353F1-AB1D-4740-9D91-D266E46F6FD6}"
EndProject
Project("{9A19103F-16F7-4668-BE54-9A1E7A4F7556}") = "Microsoft.Azure.IIoT.Core", "common\src\Microsoft.Azure.IIoT.Core\src\Microsoft.Azure.IIoT.Core.csproj", "{BFD75963-2B4D-431B-AB3F-4172DCADD0A4}"
EndProject
Project("{9A19103F-16F7-4668-BE54-9A1E7A4F7556}") = "Microsoft.Azure.IIoT.Hub.Mock", "common\src\Microsoft.Azure.IIoT.Hub\mock\Microsoft.Azure.IIoT.Hub.Mock.csproj", "{A4D23250-B507-4C71-8DED-C19D43950C91}"
EndProject
Project("{9A19103F-16F7-4668-BE54-9A1E7A4F7556}") = "Microsoft.Azure.IIoT.Net.Scan", "common\src\Microsoft.Azure.IIoT.Net.Scan\src\Microsoft.Azure.IIoT.Net.Scan.csproj", "{8320B9AC-1327-4AAC-9D7E-4D2D1F4FA4F4}"
EndProject
Project("{9A19103F-16F7-4668-BE54-9A1E7A4F7556}") = "Microsoft.Azure.IIoT.Hub.Client", "common\src\Microsoft.Azure.IIoT.Hub.Client\src\Microsoft.Azure.IIoT.Hub.Client.csproj", "{D8E43A34-8F5B-4CF5-A319-36198E035240}"
EndProject
Project("{9A19103F-16F7-4668-BE54-9A1E7A4F7556}") = "Microsoft.Azure.IIoT.Module.Framework", "common\src\Microsoft.Azure.IIoT.Module.Framework\src\Microsoft.Azure.IIoT.Module.Framework.csproj", "{C558680C-39FC-4E21-A28C-9EF2E8102ED4}"
EndProject
Project("{9A19103F-16F7-4668-BE54-9A1E7A4F7556}") = "Microsoft.Azure.IIoT.Infrastructure", "common\src\Microsoft.Azure.IIoT.Infrastructure\src\Microsoft.Azure.IIoT.Infrastructure.csproj", "{CEFC0184-710A-429C-AB1C-6311A9B31A31}"
EndProject
Project("{9A19103F-16F7-4668-BE54-9A1E7A4F7556}") = "Microsoft.Azure.IIoT.Net.Ssh", "common\src\Microsoft.Azure.IIoT.Net.Ssh\src\Microsoft.Azure.IIoT.Net.Ssh.csproj", "{778861A4-C8FA-4FE1-A399-D3B1DC25A671}"
EndProject
Project("{9A19103F-16F7-4668-BE54-9A1E7A4F7556}") = "Microsoft.Azure.IIoT.Module.Deployment", "common\src\Microsoft.Azure.IIoT.Module.Deployment\src\Microsoft.Azure.IIoT.Module.Deployment.csproj", "{625FB76E-88EE-4541-90B8-DCC94026B8F7}"
EndProject
Project("{9A19103F-16F7-4668-BE54-9A1E7A4F7556}") = "Microsoft.Azure.IIoT.Storage", "common\src\Microsoft.Azure.IIoT.Storage\src\Microsoft.Azure.IIoT.Storage.csproj", "{6FA3A2BD-4830-4D7D-83FE-83C4517B5A26}"
EndProject
Project("{9A19103F-16F7-4668-BE54-9A1E7A4F7556}") = "Microsoft.Azure.IIoT.Services", "common\src\Microsoft.Azure.IIoT.Services\src\Microsoft.Azure.IIoT.Services.csproj", "{7C3C842E-A979-4118-B322-7F7403835E23}"
EndProject
Project("{9A19103F-16F7-4668-BE54-9A1E7A4F7556}") = "Microsoft.Azure.IIoT.Hub.Processor", "common\src\Microsoft.Azure.IIoT.Hub.Processor\src\Microsoft.Azure.IIoT.Hub.Processor.csproj", "{CAF3D563-E700-404B-B4F3-C683F5C35EAB}"
EndProject
Project("{9A19103F-16F7-4668-BE54-9A1E7A4F7556}") = "Microsoft.Azure.IIoT.Net", "common\src\Microsoft.Azure.IIoT.Net\src\Microsoft.Azure.IIoT.Net.csproj", "{3E3CC15A-4A43-40CB-B1AF-5FEB12E360D0}"
EndProject
Project("{9A19103F-16F7-4668-BE54-9A1E7A4F7556}") = "Microsoft.Azure.IIoT.Hub", "common\src\Microsoft.Azure.IIoT.Hub\src\Microsoft.Azure.IIoT.Hub.csproj", "{0BD17B3C-3355-4AAD-A5B3-0726F10FA240}"
EndProject
Project("{9A19103F-16F7-4668-BE54-9A1E7A4F7556}") = "Microsoft.Azure.IIoT.Auth", "common\src\Microsoft.Azure.IIoT.Auth\src\Microsoft.Azure.IIoT.Auth.csproj", "{B80792C1-F31E-4D21-8D26-8D69519678C0}"
EndProject
Project("{9A19103F-16F7-4668-BE54-9A1E7A4F7556}") = "Microsoft.Azure.IIoT.Crypto", "common\src\Microsoft.Azure.IIoT.Crypto\src\Microsoft.Azure.IIoT.Crypto.csproj", "{A69DC376-C0E5-4084-8FC8-A69077D92F04}"
EndProject
Project("{9A19103F-16F7-4668-BE54-9A1E7A4F7556}") = "Microsoft.Azure.IIoT.Messaging", "common\src\Microsoft.Azure.IIoT.Messaging\src\Microsoft.Azure.IIoT.Messaging.csproj", "{A70D3201-A306-491A-BE3E-02FFB90CF0A2}"
EndProject
Project("{9A19103F-16F7-4668-BE54-9A1E7A4F7556}") = "Microsoft.Azure.IIoT.Services.OpcUa.Gateway.Tests", "services\src\Microsoft.Azure.IIoT.Services.OpcUa.Gateway\tests\Microsoft.Azure.IIoT.Services.OpcUa.Gateway.Tests.csproj", "{BFE422CF-C4CE-4D7B-AACC-E3C008A1DDC3}"
EndProject
Project("{9A19103F-16F7-4668-BE54-9A1E7A4F7556}") = "Microsoft.Azure.IIoT.Services.OpcUa.History.Tests", "services\src\Microsoft.Azure.IIoT.Services.OpcUa.History\tests\Microsoft.Azure.IIoT.Services.OpcUa.History.Tests.csproj", "{18426423-8BC9-4661-AEA2-DB41C3E88D6E}"
EndProject
Project("{9A19103F-16F7-4668-BE54-9A1E7A4F7556}") = "Microsoft.Azure.IIoT.Services.OpcUa.Twin.Tests", "services\src\Microsoft.Azure.IIoT.Services.OpcUa.Twin\tests\Microsoft.Azure.IIoT.Services.OpcUa.Twin.Tests.csproj", "{B3266A37-F0A1-449F-943A-6C4DF35C7953}"
EndProject
Project("{9A19103F-16F7-4668-BE54-9A1E7A4F7556}") = "Microsoft.Azure.IIoT.Services.OpcUa.Registry.Tests", "services\src\Microsoft.Azure.IIoT.Services.OpcUa.Registry\tests\Microsoft.Azure.IIoT.Services.OpcUa.Registry.Tests.csproj", "{A6172B18-13C4-4FE0-9A19-21CA7D556CBB}"
EndProject
Project("{9A19103F-16F7-4668-BE54-9A1E7A4F7556}") = "Microsoft.Azure.IIoT.Services.OpcUa.Vault.Tests", "services\src\Microsoft.Azure.IIoT.Services.OpcUa.Vault\tests\Microsoft.Azure.IIoT.Services.OpcUa.Vault.Tests.csproj", "{91DE59BF-D3D9-4A86-A767-E33DDBB61476}"
EndProject
Project("{9A19103F-16F7-4668-BE54-9A1E7A4F7556}") = "Microsoft.Azure.IIoT.OpcUa.Registry.Tests", "components\opc-ua\src\Microsoft.Azure.IIoT.OpcUa.Registry\tests\Microsoft.Azure.IIoT.OpcUa.Registry.Tests.csproj", "{FE3E720B-0C94-4883-AD71-7620F0660FAB}"
EndProject
Project("{9A19103F-16F7-4668-BE54-9A1E7A4F7556}") = "Microsoft.Azure.IIoT.OpcUa.Edge.Tests", "components\opc-ua\src\Microsoft.Azure.IIoT.OpcUa.Edge\tests\Microsoft.Azure.IIoT.OpcUa.Edge.Tests.csproj", "{7CB8AF37-EB52-4B94-A9A0-103FB9E38506}"
EndProject
Project("{9A19103F-16F7-4668-BE54-9A1E7A4F7556}") = "Microsoft.Azure.IIoT.OpcUa.Testing.Cli", "components\opc-ua\src\Microsoft.Azure.IIoT.OpcUa.Testing\cli\Microsoft.Azure.IIoT.OpcUa.Testing.Cli.csproj", "{23029DA0-F9B3-46CC-B279-1BBA855D1996}"
EndProject
Project("{9A19103F-16F7-4668-BE54-9A1E7A4F7556}") = "Microsoft.Azure.IIoT.OpcUa.Protocol.Tests", "components\opc-ua\src\Microsoft.Azure.IIoT.OpcUa.Protocol\tests\Microsoft.Azure.IIoT.OpcUa.Protocol.Tests.csproj", "{CE5A3795-B3A9-4AEA-9319-B594E2794A0F}"
EndProject
Project("{9A19103F-16F7-4668-BE54-9A1E7A4F7556}") = "Microsoft.Azure.IIoT.OpcUa.History.Tests", "components\opc-ua\src\Microsoft.Azure.IIoT.OpcUa.History\tests\Microsoft.Azure.IIoT.OpcUa.History.Tests.csproj", "{8D447937-CCE7-49E9-9C7B-697514F56058}"
EndProject
Project("{9A19103F-16F7-4668-BE54-9A1E7A4F7556}") = "Microsoft.Azure.IIoT.Module.Deployment.Tests", "common\src\Microsoft.Azure.IIoT.Module.Deployment\tests\Microsoft.Azure.IIoT.Module.Deployment.Tests.csproj", "{9F067677-4226-4929-B13F-4EE4495AEB4A}"
EndProject
Project("{9A19103F-16F7-4668-BE54-9A1E7A4F7556}") = "Microsoft.Azure.IIoT.Net.Tests", "common\src\Microsoft.Azure.IIoT.Net\tests\Microsoft.Azure.IIoT.Net.Tests.csproj", "{43FC3470-4D4D-4B77-AC11-8C1CE53CB2E5}"
EndProject
Project("{9A19103F-16F7-4668-BE54-9A1E7A4F7556}") = "Microsoft.Azure.IIoT.Core.Tests", "common\src\Microsoft.Azure.IIoT.Core\tests\Microsoft.Azure.IIoT.Core.Tests.csproj", "{C093A5D1-56DB-4A54-9E81-4A644B6238EF}"
EndProject
Project("{9A19103F-16F7-4668-BE54-9A1E7A4F7556}") = "Microsoft.Azure.IIoT.Module.Framework.Tests", "common\src\Microsoft.Azure.IIoT.Module.Framework\tests\Microsoft.Azure.IIoT.Module.Framework.Tests.csproj", "{D3BF65BB-7279-4E41-8F3B-349BA6C7D84F}"
EndProject
Project("{2150E333-8FDC-42A3-9474-1A3956D46DE8}") = "common", "common", "{DF41A1FC-41C0-4E95-BC73-60BDF16C2D37}"
EndProject
Project("{2150E333-8FDC-42A3-9474-1A3956D46DE8}") = "opc-ua", "opc-ua", "{75E59BA0-618A-4154-9FCE-D2D23CCE97A6}"
EndProject
Project("{2150E333-8FDC-42A3-9474-1A3956D46DE8}") = "src", "src", "{FEE95825-2E34-45AF-BDED-52F9C7412BF5}"
EndProject
Project("{2150E333-8FDC-42A3-9474-1A3956D46DE8}") = "tests", "tests", "{BBEE26AC-8733-469B-B816-0A54EA99FC59}"
EndProject
Project("{2150E333-8FDC-42A3-9474-1A3956D46DE8}") = "src", "src", "{A6028EDB-3331-48D2-8C7D-8D681172A61A}"
EndProject
Project("{2150E333-8FDC-42A3-9474-1A3956D46DE8}") = "api", "api", "{30938473-53C1-4981-BFAB-B6309147FF24}"
EndProject
Project("{2150E333-8FDC-42A3-9474-1A3956D46DE8}") = "cli", "cli", "{E68AE69D-D585-4FFA-A820-5D1636E9656E}"
EndProject
Project("{2150E333-8FDC-42A3-9474-1A3956D46DE8}") = "cli", "cli", "{C8D79D8A-D92E-4AE3-BA54-0C927BEBCEBF}"
EndProject
Project("{2150E333-8FDC-42A3-9474-1A3956D46DE8}") = "cli", "cli", "{72646716-073F-4D6F-9ECD-52311A2BA140}"
EndProject
Project("{2150E333-8FDC-42A3-9474-1A3956D46DE8}") = "cli", "cli", "{ECAAA1FA-0A5C-4D41-8E39-E2E296BE8F1B}"
EndProject
Project("{2150E333-8FDC-42A3-9474-1A3956D46DE8}") = "modules", "modules", "{00D499F1-0262-4C1B-9702-F40960EDA2D4}"
EndProject
Project("{2150E333-8FDC-42A3-9474-1A3956D46DE8}") = "services", "services", "{BEFF4B71-0C07-4C2A-A550-579A1E1F834D}"
EndProject
Project("{2150E333-8FDC-42A3-9474-1A3956D46DE8}") = "src", "src", "{AFBD4A17-2EB1-421C-BB0C-407C875F3F50}"
EndProject
Project("{2150E333-8FDC-42A3-9474-1A3956D46DE8}") = "src", "src", "{3A2DB744-69F3-488E-8CD5-45B921385B76}"
EndProject
Project("{2150E333-8FDC-42A3-9474-1A3956D46DE8}") = "src", "src", "{ADB416A3-C375-4362-B2C0-3A35DA4CB5F8}"
EndProject
Project("{2150E333-8FDC-42A3-9474-1A3956D46DE8}") = "tests", "tests", "{1266F300-8BD2-4F1E-BA88-911F5F3AC36C}"
EndProject
Project("{2150E333-8FDC-42A3-9474-1A3956D46DE8}") = "tests", "tests", "{43E69B85-2743-48EE-8FAE-A59F070E21D2}"
EndProject
Project("{2150E333-8FDC-42A3-9474-1A3956D46DE8}") = "tests", "tests", "{3E7A79D5-045F-49D0-BD29-46D4F2D62E52}"
EndProject
Project("{2150E333-8FDC-42A3-9474-1A3956D46DE8}") = "Solution Items", "Solution Items", "{28187370-EAF1-4848-922A-81278030AE03}"
	ProjectSection(SolutionItems) = preProject
		.editorconfig = .editorconfig
	EndProjectSection
EndProject
Project("{9A19103F-16F7-4668-BE54-9A1E7A4F7556}") = "Microsoft.Azure.IIoT.Crypto.Tests", "common\src\Microsoft.Azure.IIoT.Crypto\tests\Microsoft.Azure.IIoT.Crypto.Tests.csproj", "{BA5EDBB9-331F-486B-8724-2E23DC3EEADA}"
EndProject
Project("{2150E333-8FDC-42A3-9474-1A3956D46DE8}") = "platform", "platform", "{7DF1C0AF-62E7-48FA-AD20-8B43AECF3792}"
EndProject
Project("{2150E333-8FDC-42A3-9474-1A3956D46DE8}") = "servers", "servers", "{94277625-55AF-4668-AB23-8CEDC158FB7A}"
EndProject
Project("{9A19103F-16F7-4668-BE54-9A1E7A4F7556}") = "Microsoft.Azure.IIoT.Modules.Diagnostic", "modules\src\Microsoft.Azure.IIoT.Modules.Diagnostic\src\Microsoft.Azure.IIoT.Modules.Diagnostic.csproj", "{0A29E771-D374-45AA-9BA2-25302677310C}"
EndProject
Project("{9A19103F-16F7-4668-BE54-9A1E7A4F7556}") = "Microsoft.Azure.IIoT.Modules.Diagnostic.Cli", "modules\src\Microsoft.Azure.IIoT.Modules.Diagnostic\cli\Microsoft.Azure.IIoT.Modules.Diagnostic.Cli.csproj", "{D3100DBF-D198-4E4E-BE66-1B29C6A99FD4}"
EndProject
Project("{9A19103F-16F7-4668-BE54-9A1E7A4F7556}") = "Microsoft.Azure.IIoT.Modules.Discovery", "modules\src\Microsoft.Azure.IIoT.Modules.Discovery\src\Microsoft.Azure.IIoT.Modules.Discovery.csproj", "{EB0E6E11-3C34-4BDE-8020-5324BCEB2C06}"
EndProject
Project("{9A19103F-16F7-4668-BE54-9A1E7A4F7556}") = "Microsoft.Azure.IIoT.Modules.Discovery.Cli", "modules\src\Microsoft.Azure.IIoT.Modules.Discovery\cli\Microsoft.Azure.IIoT.Modules.Discovery.Cli.csproj", "{9CDDE537-2D55-4A7E-947D-7FA3EC87B72A}"
EndProject
Project("{9A19103F-16F7-4668-BE54-9A1E7A4F7556}") = "Microsoft.Azure.IIoT.Modules.OpcUa.Publisher.Cli", "modules\src\Microsoft.Azure.IIoT.Modules.OpcUa.Publisher\cli\Microsoft.Azure.IIoT.Modules.OpcUa.Publisher.Cli.csproj", "{277079D0-B557-4280-A698-37EDADA10066}"
EndProject
Project("{2150E333-8FDC-42A3-9474-1A3956D46DE8}") = "tests", "tests", "{4CF22591-6F77-486F-BBFE-6173536D0625}"
EndProject
Global
	GlobalSection(SolutionConfigurationPlatforms) = preSolution
		Debug|Any CPU = Debug|Any CPU
		Develop|Any CPU = Develop|Any CPU
		Release|Any CPU = Release|Any CPU
	EndGlobalSection
	GlobalSection(ProjectConfigurationPlatforms) = postSolution
		{D14C979A-E41B-459B-97CE-E3DA62E02369}.Debug|Any CPU.ActiveCfg = Debug|Any CPU
		{D14C979A-E41B-459B-97CE-E3DA62E02369}.Debug|Any CPU.Build.0 = Debug|Any CPU
		{D14C979A-E41B-459B-97CE-E3DA62E02369}.Develop|Any CPU.ActiveCfg = Debug|Any CPU
		{D14C979A-E41B-459B-97CE-E3DA62E02369}.Develop|Any CPU.Build.0 = Debug|Any CPU
		{D14C979A-E41B-459B-97CE-E3DA62E02369}.Release|Any CPU.ActiveCfg = Release|Any CPU
		{D14C979A-E41B-459B-97CE-E3DA62E02369}.Release|Any CPU.Build.0 = Release|Any CPU
		{42B6F4CC-01B0-496B-A8FB-69908691DBEF}.Debug|Any CPU.ActiveCfg = Debug|Any CPU
		{42B6F4CC-01B0-496B-A8FB-69908691DBEF}.Debug|Any CPU.Build.0 = Debug|Any CPU
		{42B6F4CC-01B0-496B-A8FB-69908691DBEF}.Develop|Any CPU.ActiveCfg = Debug|Any CPU
		{42B6F4CC-01B0-496B-A8FB-69908691DBEF}.Develop|Any CPU.Build.0 = Debug|Any CPU
		{42B6F4CC-01B0-496B-A8FB-69908691DBEF}.Release|Any CPU.ActiveCfg = Release|Any CPU
		{42B6F4CC-01B0-496B-A8FB-69908691DBEF}.Release|Any CPU.Build.0 = Release|Any CPU
		{A7ECF6A4-AFE0-4A52-8DC9-63DFB7A07889}.Debug|Any CPU.ActiveCfg = Debug|Any CPU
		{A7ECF6A4-AFE0-4A52-8DC9-63DFB7A07889}.Debug|Any CPU.Build.0 = Debug|Any CPU
		{A7ECF6A4-AFE0-4A52-8DC9-63DFB7A07889}.Develop|Any CPU.ActiveCfg = Debug|Any CPU
		{A7ECF6A4-AFE0-4A52-8DC9-63DFB7A07889}.Develop|Any CPU.Build.0 = Debug|Any CPU
		{A7ECF6A4-AFE0-4A52-8DC9-63DFB7A07889}.Release|Any CPU.ActiveCfg = Release|Any CPU
		{A7ECF6A4-AFE0-4A52-8DC9-63DFB7A07889}.Release|Any CPU.Build.0 = Release|Any CPU
		{7840E38C-D435-432B-A5B4-2393D1A5D21A}.Debug|Any CPU.ActiveCfg = Debug|Any CPU
		{7840E38C-D435-432B-A5B4-2393D1A5D21A}.Debug|Any CPU.Build.0 = Debug|Any CPU
		{7840E38C-D435-432B-A5B4-2393D1A5D21A}.Develop|Any CPU.ActiveCfg = Debug|Any CPU
		{7840E38C-D435-432B-A5B4-2393D1A5D21A}.Develop|Any CPU.Build.0 = Debug|Any CPU
		{7840E38C-D435-432B-A5B4-2393D1A5D21A}.Release|Any CPU.ActiveCfg = Release|Any CPU
		{7840E38C-D435-432B-A5B4-2393D1A5D21A}.Release|Any CPU.Build.0 = Release|Any CPU
		{34BF73AA-89A3-4E10-A1AC-2360A93143FE}.Debug|Any CPU.ActiveCfg = Debug|Any CPU
		{34BF73AA-89A3-4E10-A1AC-2360A93143FE}.Debug|Any CPU.Build.0 = Debug|Any CPU
		{34BF73AA-89A3-4E10-A1AC-2360A93143FE}.Develop|Any CPU.ActiveCfg = Debug|Any CPU
		{34BF73AA-89A3-4E10-A1AC-2360A93143FE}.Develop|Any CPU.Build.0 = Debug|Any CPU
		{34BF73AA-89A3-4E10-A1AC-2360A93143FE}.Release|Any CPU.ActiveCfg = Release|Any CPU
		{34BF73AA-89A3-4E10-A1AC-2360A93143FE}.Release|Any CPU.Build.0 = Release|Any CPU
		{EAC5FCE7-A5D7-4003-85AE-481A5CAE754D}.Debug|Any CPU.ActiveCfg = Debug|Any CPU
		{EAC5FCE7-A5D7-4003-85AE-481A5CAE754D}.Debug|Any CPU.Build.0 = Debug|Any CPU
		{EAC5FCE7-A5D7-4003-85AE-481A5CAE754D}.Develop|Any CPU.ActiveCfg = Debug|Any CPU
		{EAC5FCE7-A5D7-4003-85AE-481A5CAE754D}.Develop|Any CPU.Build.0 = Debug|Any CPU
		{EAC5FCE7-A5D7-4003-85AE-481A5CAE754D}.Release|Any CPU.ActiveCfg = Release|Any CPU
		{EAC5FCE7-A5D7-4003-85AE-481A5CAE754D}.Release|Any CPU.Build.0 = Release|Any CPU
		{98CC86E7-6BD0-4B5A-B71B-C8F57C98E081}.Debug|Any CPU.ActiveCfg = Debug|Any CPU
		{98CC86E7-6BD0-4B5A-B71B-C8F57C98E081}.Debug|Any CPU.Build.0 = Debug|Any CPU
		{98CC86E7-6BD0-4B5A-B71B-C8F57C98E081}.Develop|Any CPU.ActiveCfg = Debug|Any CPU
		{98CC86E7-6BD0-4B5A-B71B-C8F57C98E081}.Develop|Any CPU.Build.0 = Debug|Any CPU
		{98CC86E7-6BD0-4B5A-B71B-C8F57C98E081}.Release|Any CPU.ActiveCfg = Release|Any CPU
		{98CC86E7-6BD0-4B5A-B71B-C8F57C98E081}.Release|Any CPU.Build.0 = Release|Any CPU
		{039B213A-5930-475D-B3C0-FA15AF6CD631}.Debug|Any CPU.ActiveCfg = Debug|Any CPU
		{039B213A-5930-475D-B3C0-FA15AF6CD631}.Debug|Any CPU.Build.0 = Debug|Any CPU
		{039B213A-5930-475D-B3C0-FA15AF6CD631}.Develop|Any CPU.ActiveCfg = Debug|Any CPU
		{039B213A-5930-475D-B3C0-FA15AF6CD631}.Develop|Any CPU.Build.0 = Debug|Any CPU
		{039B213A-5930-475D-B3C0-FA15AF6CD631}.Release|Any CPU.ActiveCfg = Release|Any CPU
		{039B213A-5930-475D-B3C0-FA15AF6CD631}.Release|Any CPU.Build.0 = Release|Any CPU
		{A8C4FFE0-20D8-40F4-8B9F-26FE9D013E2F}.Debug|Any CPU.ActiveCfg = Debug|Any CPU
		{A8C4FFE0-20D8-40F4-8B9F-26FE9D013E2F}.Debug|Any CPU.Build.0 = Debug|Any CPU
		{A8C4FFE0-20D8-40F4-8B9F-26FE9D013E2F}.Develop|Any CPU.ActiveCfg = Debug|Any CPU
		{A8C4FFE0-20D8-40F4-8B9F-26FE9D013E2F}.Develop|Any CPU.Build.0 = Debug|Any CPU
		{A8C4FFE0-20D8-40F4-8B9F-26FE9D013E2F}.Release|Any CPU.ActiveCfg = Release|Any CPU
		{A8C4FFE0-20D8-40F4-8B9F-26FE9D013E2F}.Release|Any CPU.Build.0 = Release|Any CPU
		{33EDCABE-3CB6-4475-A9E5-1D669FAA15B7}.Debug|Any CPU.ActiveCfg = Debug|Any CPU
		{33EDCABE-3CB6-4475-A9E5-1D669FAA15B7}.Debug|Any CPU.Build.0 = Debug|Any CPU
		{33EDCABE-3CB6-4475-A9E5-1D669FAA15B7}.Develop|Any CPU.ActiveCfg = Debug|Any CPU
		{33EDCABE-3CB6-4475-A9E5-1D669FAA15B7}.Develop|Any CPU.Build.0 = Debug|Any CPU
		{33EDCABE-3CB6-4475-A9E5-1D669FAA15B7}.Release|Any CPU.ActiveCfg = Release|Any CPU
		{33EDCABE-3CB6-4475-A9E5-1D669FAA15B7}.Release|Any CPU.Build.0 = Release|Any CPU
		{5133BBA0-2F9F-447F-925A-87AD387F07D2}.Debug|Any CPU.ActiveCfg = Debug|Any CPU
		{5133BBA0-2F9F-447F-925A-87AD387F07D2}.Debug|Any CPU.Build.0 = Debug|Any CPU
		{5133BBA0-2F9F-447F-925A-87AD387F07D2}.Develop|Any CPU.ActiveCfg = Debug|Any CPU
		{5133BBA0-2F9F-447F-925A-87AD387F07D2}.Develop|Any CPU.Build.0 = Debug|Any CPU
		{5133BBA0-2F9F-447F-925A-87AD387F07D2}.Release|Any CPU.ActiveCfg = Release|Any CPU
		{5133BBA0-2F9F-447F-925A-87AD387F07D2}.Release|Any CPU.Build.0 = Release|Any CPU
		{4E12597E-EA7B-464A-A63A-951B0EBC81CE}.Debug|Any CPU.ActiveCfg = Debug|Any CPU
		{4E12597E-EA7B-464A-A63A-951B0EBC81CE}.Debug|Any CPU.Build.0 = Debug|Any CPU
		{4E12597E-EA7B-464A-A63A-951B0EBC81CE}.Develop|Any CPU.ActiveCfg = Debug|Any CPU
		{4E12597E-EA7B-464A-A63A-951B0EBC81CE}.Develop|Any CPU.Build.0 = Debug|Any CPU
		{4E12597E-EA7B-464A-A63A-951B0EBC81CE}.Release|Any CPU.ActiveCfg = Release|Any CPU
		{4E12597E-EA7B-464A-A63A-951B0EBC81CE}.Release|Any CPU.Build.0 = Release|Any CPU
		{D2DB7A83-1682-4A01-857F-CE415287ACF0}.Debug|Any CPU.ActiveCfg = Debug|Any CPU
		{D2DB7A83-1682-4A01-857F-CE415287ACF0}.Debug|Any CPU.Build.0 = Debug|Any CPU
		{D2DB7A83-1682-4A01-857F-CE415287ACF0}.Develop|Any CPU.ActiveCfg = Debug|Any CPU
		{D2DB7A83-1682-4A01-857F-CE415287ACF0}.Develop|Any CPU.Build.0 = Debug|Any CPU
		{D2DB7A83-1682-4A01-857F-CE415287ACF0}.Release|Any CPU.ActiveCfg = Release|Any CPU
		{D2DB7A83-1682-4A01-857F-CE415287ACF0}.Release|Any CPU.Build.0 = Release|Any CPU
		{C42023DA-F375-401B-BF9B-D20286311455}.Debug|Any CPU.ActiveCfg = Debug|Any CPU
		{C42023DA-F375-401B-BF9B-D20286311455}.Debug|Any CPU.Build.0 = Debug|Any CPU
		{C42023DA-F375-401B-BF9B-D20286311455}.Develop|Any CPU.ActiveCfg = Debug|Any CPU
		{C42023DA-F375-401B-BF9B-D20286311455}.Develop|Any CPU.Build.0 = Debug|Any CPU
		{C42023DA-F375-401B-BF9B-D20286311455}.Release|Any CPU.ActiveCfg = Release|Any CPU
		{C42023DA-F375-401B-BF9B-D20286311455}.Release|Any CPU.Build.0 = Release|Any CPU
		{4338CF8A-5298-4C8F-942F-D20E7255BEA8}.Debug|Any CPU.ActiveCfg = Debug|Any CPU
		{4338CF8A-5298-4C8F-942F-D20E7255BEA8}.Debug|Any CPU.Build.0 = Debug|Any CPU
		{4338CF8A-5298-4C8F-942F-D20E7255BEA8}.Develop|Any CPU.ActiveCfg = Debug|Any CPU
		{4338CF8A-5298-4C8F-942F-D20E7255BEA8}.Develop|Any CPU.Build.0 = Debug|Any CPU
		{4338CF8A-5298-4C8F-942F-D20E7255BEA8}.Release|Any CPU.ActiveCfg = Release|Any CPU
		{4338CF8A-5298-4C8F-942F-D20E7255BEA8}.Release|Any CPU.Build.0 = Release|Any CPU
		{7137B8E7-A508-4917-A6FC-9CB5CCF8F9EA}.Debug|Any CPU.ActiveCfg = Debug|Any CPU
		{7137B8E7-A508-4917-A6FC-9CB5CCF8F9EA}.Debug|Any CPU.Build.0 = Debug|Any CPU
		{7137B8E7-A508-4917-A6FC-9CB5CCF8F9EA}.Develop|Any CPU.ActiveCfg = Debug|Any CPU
		{7137B8E7-A508-4917-A6FC-9CB5CCF8F9EA}.Develop|Any CPU.Build.0 = Debug|Any CPU
		{7137B8E7-A508-4917-A6FC-9CB5CCF8F9EA}.Release|Any CPU.ActiveCfg = Release|Any CPU
		{7137B8E7-A508-4917-A6FC-9CB5CCF8F9EA}.Release|Any CPU.Build.0 = Release|Any CPU
		{D059B44D-8C53-4B03-BE3D-5E50BA51A93A}.Debug|Any CPU.ActiveCfg = Debug|Any CPU
		{D059B44D-8C53-4B03-BE3D-5E50BA51A93A}.Debug|Any CPU.Build.0 = Debug|Any CPU
		{D059B44D-8C53-4B03-BE3D-5E50BA51A93A}.Develop|Any CPU.ActiveCfg = Debug|Any CPU
		{D059B44D-8C53-4B03-BE3D-5E50BA51A93A}.Develop|Any CPU.Build.0 = Debug|Any CPU
		{D059B44D-8C53-4B03-BE3D-5E50BA51A93A}.Release|Any CPU.ActiveCfg = Release|Any CPU
		{D059B44D-8C53-4B03-BE3D-5E50BA51A93A}.Release|Any CPU.Build.0 = Release|Any CPU
		{8C90549C-BB32-4A32-A50C-62C7118B5AE7}.Debug|Any CPU.ActiveCfg = Debug|Any CPU
		{8C90549C-BB32-4A32-A50C-62C7118B5AE7}.Debug|Any CPU.Build.0 = Debug|Any CPU
		{8C90549C-BB32-4A32-A50C-62C7118B5AE7}.Develop|Any CPU.ActiveCfg = Debug|Any CPU
		{8C90549C-BB32-4A32-A50C-62C7118B5AE7}.Develop|Any CPU.Build.0 = Debug|Any CPU
		{8C90549C-BB32-4A32-A50C-62C7118B5AE7}.Release|Any CPU.ActiveCfg = Release|Any CPU
		{8C90549C-BB32-4A32-A50C-62C7118B5AE7}.Release|Any CPU.Build.0 = Release|Any CPU
		{5709535C-A93D-4D03-8748-5F202C2A05EF}.Debug|Any CPU.ActiveCfg = Debug|Any CPU
		{5709535C-A93D-4D03-8748-5F202C2A05EF}.Debug|Any CPU.Build.0 = Debug|Any CPU
		{5709535C-A93D-4D03-8748-5F202C2A05EF}.Develop|Any CPU.ActiveCfg = Debug|Any CPU
		{5709535C-A93D-4D03-8748-5F202C2A05EF}.Develop|Any CPU.Build.0 = Debug|Any CPU
		{5709535C-A93D-4D03-8748-5F202C2A05EF}.Release|Any CPU.ActiveCfg = Release|Any CPU
		{5709535C-A93D-4D03-8748-5F202C2A05EF}.Release|Any CPU.Build.0 = Release|Any CPU
		{63BF7A67-E422-4EB5-B2B1-77E23F46F63B}.Debug|Any CPU.ActiveCfg = Debug|Any CPU
		{63BF7A67-E422-4EB5-B2B1-77E23F46F63B}.Debug|Any CPU.Build.0 = Debug|Any CPU
		{63BF7A67-E422-4EB5-B2B1-77E23F46F63B}.Develop|Any CPU.ActiveCfg = Debug|Any CPU
		{63BF7A67-E422-4EB5-B2B1-77E23F46F63B}.Develop|Any CPU.Build.0 = Debug|Any CPU
		{63BF7A67-E422-4EB5-B2B1-77E23F46F63B}.Release|Any CPU.ActiveCfg = Release|Any CPU
		{63BF7A67-E422-4EB5-B2B1-77E23F46F63B}.Release|Any CPU.Build.0 = Release|Any CPU
		{BD9D39DA-81EC-4377-B9FB-036ADA544E7E}.Debug|Any CPU.ActiveCfg = Debug|Any CPU
		{BD9D39DA-81EC-4377-B9FB-036ADA544E7E}.Debug|Any CPU.Build.0 = Debug|Any CPU
		{BD9D39DA-81EC-4377-B9FB-036ADA544E7E}.Develop|Any CPU.ActiveCfg = Debug|Any CPU
		{BD9D39DA-81EC-4377-B9FB-036ADA544E7E}.Develop|Any CPU.Build.0 = Debug|Any CPU
		{BD9D39DA-81EC-4377-B9FB-036ADA544E7E}.Release|Any CPU.ActiveCfg = Release|Any CPU
		{BD9D39DA-81EC-4377-B9FB-036ADA544E7E}.Release|Any CPU.Build.0 = Release|Any CPU
		{B829F5E5-E906-4EFC-86D5-CB74C34194B2}.Debug|Any CPU.ActiveCfg = Debug|Any CPU
		{B829F5E5-E906-4EFC-86D5-CB74C34194B2}.Debug|Any CPU.Build.0 = Debug|Any CPU
		{B829F5E5-E906-4EFC-86D5-CB74C34194B2}.Develop|Any CPU.ActiveCfg = Debug|Any CPU
		{B829F5E5-E906-4EFC-86D5-CB74C34194B2}.Develop|Any CPU.Build.0 = Debug|Any CPU
		{B829F5E5-E906-4EFC-86D5-CB74C34194B2}.Release|Any CPU.ActiveCfg = Release|Any CPU
		{B829F5E5-E906-4EFC-86D5-CB74C34194B2}.Release|Any CPU.Build.0 = Release|Any CPU
		{8F49F047-9BA6-44EF-84BF-2C2C140818E3}.Debug|Any CPU.ActiveCfg = Debug|Any CPU
		{8F49F047-9BA6-44EF-84BF-2C2C140818E3}.Debug|Any CPU.Build.0 = Debug|Any CPU
		{8F49F047-9BA6-44EF-84BF-2C2C140818E3}.Develop|Any CPU.ActiveCfg = Debug|Any CPU
		{8F49F047-9BA6-44EF-84BF-2C2C140818E3}.Develop|Any CPU.Build.0 = Debug|Any CPU
		{8F49F047-9BA6-44EF-84BF-2C2C140818E3}.Release|Any CPU.ActiveCfg = Release|Any CPU
		{8F49F047-9BA6-44EF-84BF-2C2C140818E3}.Release|Any CPU.Build.0 = Release|Any CPU
		{C2F3B451-2971-4D8F-AAA2-8481A251AA3F}.Debug|Any CPU.ActiveCfg = Debug|Any CPU
		{C2F3B451-2971-4D8F-AAA2-8481A251AA3F}.Debug|Any CPU.Build.0 = Debug|Any CPU
		{C2F3B451-2971-4D8F-AAA2-8481A251AA3F}.Develop|Any CPU.ActiveCfg = Debug|Any CPU
		{C2F3B451-2971-4D8F-AAA2-8481A251AA3F}.Develop|Any CPU.Build.0 = Debug|Any CPU
		{C2F3B451-2971-4D8F-AAA2-8481A251AA3F}.Release|Any CPU.ActiveCfg = Release|Any CPU
		{C2F3B451-2971-4D8F-AAA2-8481A251AA3F}.Release|Any CPU.Build.0 = Release|Any CPU
		{E3A58E3C-46F2-4F53-AB43-609FEB003E14}.Debug|Any CPU.ActiveCfg = Debug|Any CPU
		{E3A58E3C-46F2-4F53-AB43-609FEB003E14}.Debug|Any CPU.Build.0 = Debug|Any CPU
		{E3A58E3C-46F2-4F53-AB43-609FEB003E14}.Develop|Any CPU.ActiveCfg = Debug|Any CPU
		{E3A58E3C-46F2-4F53-AB43-609FEB003E14}.Develop|Any CPU.Build.0 = Debug|Any CPU
		{E3A58E3C-46F2-4F53-AB43-609FEB003E14}.Release|Any CPU.ActiveCfg = Release|Any CPU
		{E3A58E3C-46F2-4F53-AB43-609FEB003E14}.Release|Any CPU.Build.0 = Release|Any CPU
		{8A464F2F-C1C0-4DDF-AE47-015C4545C609}.Debug|Any CPU.ActiveCfg = Debug|Any CPU
		{8A464F2F-C1C0-4DDF-AE47-015C4545C609}.Debug|Any CPU.Build.0 = Debug|Any CPU
		{8A464F2F-C1C0-4DDF-AE47-015C4545C609}.Develop|Any CPU.ActiveCfg = Debug|Any CPU
		{8A464F2F-C1C0-4DDF-AE47-015C4545C609}.Develop|Any CPU.Build.0 = Debug|Any CPU
		{8A464F2F-C1C0-4DDF-AE47-015C4545C609}.Release|Any CPU.ActiveCfg = Release|Any CPU
		{8A464F2F-C1C0-4DDF-AE47-015C4545C609}.Release|Any CPU.Build.0 = Release|Any CPU
		{5261EDEA-6A3B-48A7-8895-89A4A6F15B2F}.Debug|Any CPU.ActiveCfg = Debug|Any CPU
		{5261EDEA-6A3B-48A7-8895-89A4A6F15B2F}.Debug|Any CPU.Build.0 = Debug|Any CPU
		{5261EDEA-6A3B-48A7-8895-89A4A6F15B2F}.Develop|Any CPU.ActiveCfg = Debug|Any CPU
		{5261EDEA-6A3B-48A7-8895-89A4A6F15B2F}.Develop|Any CPU.Build.0 = Debug|Any CPU
		{5261EDEA-6A3B-48A7-8895-89A4A6F15B2F}.Release|Any CPU.ActiveCfg = Release|Any CPU
		{5261EDEA-6A3B-48A7-8895-89A4A6F15B2F}.Release|Any CPU.Build.0 = Release|Any CPU
		{A6165901-07B8-4A62-A110-3B1117A16136}.Debug|Any CPU.ActiveCfg = Debug|Any CPU
		{A6165901-07B8-4A62-A110-3B1117A16136}.Debug|Any CPU.Build.0 = Debug|Any CPU
		{A6165901-07B8-4A62-A110-3B1117A16136}.Develop|Any CPU.ActiveCfg = Debug|Any CPU
		{A6165901-07B8-4A62-A110-3B1117A16136}.Develop|Any CPU.Build.0 = Debug|Any CPU
		{A6165901-07B8-4A62-A110-3B1117A16136}.Release|Any CPU.ActiveCfg = Release|Any CPU
		{A6165901-07B8-4A62-A110-3B1117A16136}.Release|Any CPU.Build.0 = Release|Any CPU
		{F18FDD31-4310-40C6-9E8A-E98E03721939}.Debug|Any CPU.ActiveCfg = Debug|Any CPU
		{F18FDD31-4310-40C6-9E8A-E98E03721939}.Debug|Any CPU.Build.0 = Debug|Any CPU
		{F18FDD31-4310-40C6-9E8A-E98E03721939}.Develop|Any CPU.ActiveCfg = Debug|Any CPU
		{F18FDD31-4310-40C6-9E8A-E98E03721939}.Develop|Any CPU.Build.0 = Debug|Any CPU
		{F18FDD31-4310-40C6-9E8A-E98E03721939}.Release|Any CPU.ActiveCfg = Release|Any CPU
		{F18FDD31-4310-40C6-9E8A-E98E03721939}.Release|Any CPU.Build.0 = Release|Any CPU
		{33575581-15C8-4560-A768-B441D53A088A}.Debug|Any CPU.ActiveCfg = Debug|Any CPU
		{33575581-15C8-4560-A768-B441D53A088A}.Debug|Any CPU.Build.0 = Debug|Any CPU
		{33575581-15C8-4560-A768-B441D53A088A}.Develop|Any CPU.ActiveCfg = Debug|Any CPU
		{33575581-15C8-4560-A768-B441D53A088A}.Develop|Any CPU.Build.0 = Debug|Any CPU
		{33575581-15C8-4560-A768-B441D53A088A}.Release|Any CPU.ActiveCfg = Release|Any CPU
		{33575581-15C8-4560-A768-B441D53A088A}.Release|Any CPU.Build.0 = Release|Any CPU
		{2592A18D-7E79-4CCC-AF7B-D5A59AFFEA5D}.Debug|Any CPU.ActiveCfg = Debug|Any CPU
		{2592A18D-7E79-4CCC-AF7B-D5A59AFFEA5D}.Debug|Any CPU.Build.0 = Debug|Any CPU
		{2592A18D-7E79-4CCC-AF7B-D5A59AFFEA5D}.Develop|Any CPU.ActiveCfg = Debug|Any CPU
		{2592A18D-7E79-4CCC-AF7B-D5A59AFFEA5D}.Develop|Any CPU.Build.0 = Debug|Any CPU
		{2592A18D-7E79-4CCC-AF7B-D5A59AFFEA5D}.Release|Any CPU.ActiveCfg = Release|Any CPU
		{2592A18D-7E79-4CCC-AF7B-D5A59AFFEA5D}.Release|Any CPU.Build.0 = Release|Any CPU
		{C80E8CD8-4268-47AF-898B-544C1F1F6496}.Debug|Any CPU.ActiveCfg = Debug|Any CPU
		{C80E8CD8-4268-47AF-898B-544C1F1F6496}.Debug|Any CPU.Build.0 = Debug|Any CPU
		{C80E8CD8-4268-47AF-898B-544C1F1F6496}.Develop|Any CPU.ActiveCfg = Debug|Any CPU
		{C80E8CD8-4268-47AF-898B-544C1F1F6496}.Develop|Any CPU.Build.0 = Debug|Any CPU
		{C80E8CD8-4268-47AF-898B-544C1F1F6496}.Release|Any CPU.ActiveCfg = Release|Any CPU
		{C80E8CD8-4268-47AF-898B-544C1F1F6496}.Release|Any CPU.Build.0 = Release|Any CPU
		{C92E8942-1BAD-4B00-8EE8-47C6CC98D60D}.Debug|Any CPU.ActiveCfg = Debug|Any CPU
		{C92E8942-1BAD-4B00-8EE8-47C6CC98D60D}.Debug|Any CPU.Build.0 = Debug|Any CPU
		{C92E8942-1BAD-4B00-8EE8-47C6CC98D60D}.Develop|Any CPU.ActiveCfg = Debug|Any CPU
		{C92E8942-1BAD-4B00-8EE8-47C6CC98D60D}.Develop|Any CPU.Build.0 = Debug|Any CPU
		{C92E8942-1BAD-4B00-8EE8-47C6CC98D60D}.Release|Any CPU.ActiveCfg = Release|Any CPU
		{C92E8942-1BAD-4B00-8EE8-47C6CC98D60D}.Release|Any CPU.Build.0 = Release|Any CPU
		{D199546E-5A39-4925-BEB5-9DC7E59FD07B}.Debug|Any CPU.ActiveCfg = Debug|Any CPU
		{D199546E-5A39-4925-BEB5-9DC7E59FD07B}.Debug|Any CPU.Build.0 = Debug|Any CPU
		{D199546E-5A39-4925-BEB5-9DC7E59FD07B}.Develop|Any CPU.ActiveCfg = Debug|Any CPU
		{D199546E-5A39-4925-BEB5-9DC7E59FD07B}.Develop|Any CPU.Build.0 = Debug|Any CPU
		{D199546E-5A39-4925-BEB5-9DC7E59FD07B}.Release|Any CPU.ActiveCfg = Release|Any CPU
		{D199546E-5A39-4925-BEB5-9DC7E59FD07B}.Release|Any CPU.Build.0 = Release|Any CPU
		{0D0A424A-10C8-4968-90B8-3C485C00F7EA}.Debug|Any CPU.ActiveCfg = Debug|Any CPU
		{0D0A424A-10C8-4968-90B8-3C485C00F7EA}.Debug|Any CPU.Build.0 = Debug|Any CPU
		{0D0A424A-10C8-4968-90B8-3C485C00F7EA}.Develop|Any CPU.ActiveCfg = Debug|Any CPU
		{0D0A424A-10C8-4968-90B8-3C485C00F7EA}.Develop|Any CPU.Build.0 = Debug|Any CPU
		{0D0A424A-10C8-4968-90B8-3C485C00F7EA}.Release|Any CPU.ActiveCfg = Release|Any CPU
		{0D0A424A-10C8-4968-90B8-3C485C00F7EA}.Release|Any CPU.Build.0 = Release|Any CPU
		{14CAE6AD-643F-4B33-83A9-3BB0FC976DEB}.Debug|Any CPU.ActiveCfg = Debug|Any CPU
		{14CAE6AD-643F-4B33-83A9-3BB0FC976DEB}.Debug|Any CPU.Build.0 = Debug|Any CPU
		{14CAE6AD-643F-4B33-83A9-3BB0FC976DEB}.Develop|Any CPU.ActiveCfg = Debug|Any CPU
		{14CAE6AD-643F-4B33-83A9-3BB0FC976DEB}.Develop|Any CPU.Build.0 = Debug|Any CPU
		{14CAE6AD-643F-4B33-83A9-3BB0FC976DEB}.Release|Any CPU.ActiveCfg = Release|Any CPU
		{14CAE6AD-643F-4B33-83A9-3BB0FC976DEB}.Release|Any CPU.Build.0 = Release|Any CPU
		{F34353F1-AB1D-4740-9D91-D266E46F6FD6}.Debug|Any CPU.ActiveCfg = Debug|Any CPU
		{F34353F1-AB1D-4740-9D91-D266E46F6FD6}.Debug|Any CPU.Build.0 = Debug|Any CPU
		{F34353F1-AB1D-4740-9D91-D266E46F6FD6}.Develop|Any CPU.ActiveCfg = Debug|Any CPU
		{F34353F1-AB1D-4740-9D91-D266E46F6FD6}.Develop|Any CPU.Build.0 = Debug|Any CPU
		{F34353F1-AB1D-4740-9D91-D266E46F6FD6}.Release|Any CPU.ActiveCfg = Release|Any CPU
		{F34353F1-AB1D-4740-9D91-D266E46F6FD6}.Release|Any CPU.Build.0 = Release|Any CPU
		{BFD75963-2B4D-431B-AB3F-4172DCADD0A4}.Debug|Any CPU.ActiveCfg = Debug|Any CPU
		{BFD75963-2B4D-431B-AB3F-4172DCADD0A4}.Debug|Any CPU.Build.0 = Debug|Any CPU
		{BFD75963-2B4D-431B-AB3F-4172DCADD0A4}.Develop|Any CPU.ActiveCfg = Debug|Any CPU
		{BFD75963-2B4D-431B-AB3F-4172DCADD0A4}.Develop|Any CPU.Build.0 = Debug|Any CPU
		{BFD75963-2B4D-431B-AB3F-4172DCADD0A4}.Release|Any CPU.ActiveCfg = Release|Any CPU
		{BFD75963-2B4D-431B-AB3F-4172DCADD0A4}.Release|Any CPU.Build.0 = Release|Any CPU
		{A4D23250-B507-4C71-8DED-C19D43950C91}.Debug|Any CPU.ActiveCfg = Debug|Any CPU
		{A4D23250-B507-4C71-8DED-C19D43950C91}.Debug|Any CPU.Build.0 = Debug|Any CPU
		{A4D23250-B507-4C71-8DED-C19D43950C91}.Develop|Any CPU.ActiveCfg = Debug|Any CPU
		{A4D23250-B507-4C71-8DED-C19D43950C91}.Develop|Any CPU.Build.0 = Debug|Any CPU
		{A4D23250-B507-4C71-8DED-C19D43950C91}.Release|Any CPU.ActiveCfg = Release|Any CPU
		{A4D23250-B507-4C71-8DED-C19D43950C91}.Release|Any CPU.Build.0 = Release|Any CPU
		{8320B9AC-1327-4AAC-9D7E-4D2D1F4FA4F4}.Debug|Any CPU.ActiveCfg = Debug|Any CPU
		{8320B9AC-1327-4AAC-9D7E-4D2D1F4FA4F4}.Debug|Any CPU.Build.0 = Debug|Any CPU
		{8320B9AC-1327-4AAC-9D7E-4D2D1F4FA4F4}.Develop|Any CPU.ActiveCfg = Debug|Any CPU
		{8320B9AC-1327-4AAC-9D7E-4D2D1F4FA4F4}.Develop|Any CPU.Build.0 = Debug|Any CPU
		{8320B9AC-1327-4AAC-9D7E-4D2D1F4FA4F4}.Release|Any CPU.ActiveCfg = Release|Any CPU
		{8320B9AC-1327-4AAC-9D7E-4D2D1F4FA4F4}.Release|Any CPU.Build.0 = Release|Any CPU
		{D8E43A34-8F5B-4CF5-A319-36198E035240}.Debug|Any CPU.ActiveCfg = Debug|Any CPU
		{D8E43A34-8F5B-4CF5-A319-36198E035240}.Debug|Any CPU.Build.0 = Debug|Any CPU
		{D8E43A34-8F5B-4CF5-A319-36198E035240}.Develop|Any CPU.ActiveCfg = Debug|Any CPU
		{D8E43A34-8F5B-4CF5-A319-36198E035240}.Develop|Any CPU.Build.0 = Debug|Any CPU
		{D8E43A34-8F5B-4CF5-A319-36198E035240}.Release|Any CPU.ActiveCfg = Release|Any CPU
		{D8E43A34-8F5B-4CF5-A319-36198E035240}.Release|Any CPU.Build.0 = Release|Any CPU
		{C558680C-39FC-4E21-A28C-9EF2E8102ED4}.Debug|Any CPU.ActiveCfg = Debug|Any CPU
		{C558680C-39FC-4E21-A28C-9EF2E8102ED4}.Debug|Any CPU.Build.0 = Debug|Any CPU
		{C558680C-39FC-4E21-A28C-9EF2E8102ED4}.Develop|Any CPU.ActiveCfg = Debug|Any CPU
		{C558680C-39FC-4E21-A28C-9EF2E8102ED4}.Develop|Any CPU.Build.0 = Debug|Any CPU
		{C558680C-39FC-4E21-A28C-9EF2E8102ED4}.Release|Any CPU.ActiveCfg = Release|Any CPU
		{C558680C-39FC-4E21-A28C-9EF2E8102ED4}.Release|Any CPU.Build.0 = Release|Any CPU
		{CEFC0184-710A-429C-AB1C-6311A9B31A31}.Debug|Any CPU.ActiveCfg = Debug|Any CPU
		{CEFC0184-710A-429C-AB1C-6311A9B31A31}.Debug|Any CPU.Build.0 = Debug|Any CPU
		{CEFC0184-710A-429C-AB1C-6311A9B31A31}.Develop|Any CPU.ActiveCfg = Debug|Any CPU
		{CEFC0184-710A-429C-AB1C-6311A9B31A31}.Develop|Any CPU.Build.0 = Debug|Any CPU
		{CEFC0184-710A-429C-AB1C-6311A9B31A31}.Release|Any CPU.ActiveCfg = Release|Any CPU
		{CEFC0184-710A-429C-AB1C-6311A9B31A31}.Release|Any CPU.Build.0 = Release|Any CPU
		{778861A4-C8FA-4FE1-A399-D3B1DC25A671}.Debug|Any CPU.ActiveCfg = Debug|Any CPU
		{778861A4-C8FA-4FE1-A399-D3B1DC25A671}.Debug|Any CPU.Build.0 = Debug|Any CPU
		{778861A4-C8FA-4FE1-A399-D3B1DC25A671}.Develop|Any CPU.ActiveCfg = Debug|Any CPU
		{778861A4-C8FA-4FE1-A399-D3B1DC25A671}.Develop|Any CPU.Build.0 = Debug|Any CPU
		{778861A4-C8FA-4FE1-A399-D3B1DC25A671}.Release|Any CPU.ActiveCfg = Release|Any CPU
		{778861A4-C8FA-4FE1-A399-D3B1DC25A671}.Release|Any CPU.Build.0 = Release|Any CPU
		{625FB76E-88EE-4541-90B8-DCC94026B8F7}.Debug|Any CPU.ActiveCfg = Debug|Any CPU
		{625FB76E-88EE-4541-90B8-DCC94026B8F7}.Debug|Any CPU.Build.0 = Debug|Any CPU
		{625FB76E-88EE-4541-90B8-DCC94026B8F7}.Develop|Any CPU.ActiveCfg = Debug|Any CPU
		{625FB76E-88EE-4541-90B8-DCC94026B8F7}.Develop|Any CPU.Build.0 = Debug|Any CPU
		{625FB76E-88EE-4541-90B8-DCC94026B8F7}.Release|Any CPU.ActiveCfg = Release|Any CPU
		{625FB76E-88EE-4541-90B8-DCC94026B8F7}.Release|Any CPU.Build.0 = Release|Any CPU
		{6FA3A2BD-4830-4D7D-83FE-83C4517B5A26}.Debug|Any CPU.ActiveCfg = Debug|Any CPU
		{6FA3A2BD-4830-4D7D-83FE-83C4517B5A26}.Debug|Any CPU.Build.0 = Debug|Any CPU
		{6FA3A2BD-4830-4D7D-83FE-83C4517B5A26}.Develop|Any CPU.ActiveCfg = Debug|Any CPU
		{6FA3A2BD-4830-4D7D-83FE-83C4517B5A26}.Develop|Any CPU.Build.0 = Debug|Any CPU
		{6FA3A2BD-4830-4D7D-83FE-83C4517B5A26}.Release|Any CPU.ActiveCfg = Release|Any CPU
		{6FA3A2BD-4830-4D7D-83FE-83C4517B5A26}.Release|Any CPU.Build.0 = Release|Any CPU
		{7C3C842E-A979-4118-B322-7F7403835E23}.Debug|Any CPU.ActiveCfg = Debug|Any CPU
		{7C3C842E-A979-4118-B322-7F7403835E23}.Debug|Any CPU.Build.0 = Debug|Any CPU
		{7C3C842E-A979-4118-B322-7F7403835E23}.Develop|Any CPU.ActiveCfg = Debug|Any CPU
		{7C3C842E-A979-4118-B322-7F7403835E23}.Develop|Any CPU.Build.0 = Debug|Any CPU
		{7C3C842E-A979-4118-B322-7F7403835E23}.Release|Any CPU.ActiveCfg = Release|Any CPU
		{7C3C842E-A979-4118-B322-7F7403835E23}.Release|Any CPU.Build.0 = Release|Any CPU
		{CAF3D563-E700-404B-B4F3-C683F5C35EAB}.Debug|Any CPU.ActiveCfg = Debug|Any CPU
		{CAF3D563-E700-404B-B4F3-C683F5C35EAB}.Debug|Any CPU.Build.0 = Debug|Any CPU
		{CAF3D563-E700-404B-B4F3-C683F5C35EAB}.Develop|Any CPU.ActiveCfg = Debug|Any CPU
		{CAF3D563-E700-404B-B4F3-C683F5C35EAB}.Develop|Any CPU.Build.0 = Debug|Any CPU
		{CAF3D563-E700-404B-B4F3-C683F5C35EAB}.Release|Any CPU.ActiveCfg = Release|Any CPU
		{CAF3D563-E700-404B-B4F3-C683F5C35EAB}.Release|Any CPU.Build.0 = Release|Any CPU
		{3E3CC15A-4A43-40CB-B1AF-5FEB12E360D0}.Debug|Any CPU.ActiveCfg = Debug|Any CPU
		{3E3CC15A-4A43-40CB-B1AF-5FEB12E360D0}.Debug|Any CPU.Build.0 = Debug|Any CPU
		{3E3CC15A-4A43-40CB-B1AF-5FEB12E360D0}.Develop|Any CPU.ActiveCfg = Debug|Any CPU
		{3E3CC15A-4A43-40CB-B1AF-5FEB12E360D0}.Develop|Any CPU.Build.0 = Debug|Any CPU
		{3E3CC15A-4A43-40CB-B1AF-5FEB12E360D0}.Release|Any CPU.ActiveCfg = Release|Any CPU
		{3E3CC15A-4A43-40CB-B1AF-5FEB12E360D0}.Release|Any CPU.Build.0 = Release|Any CPU
		{0BD17B3C-3355-4AAD-A5B3-0726F10FA240}.Debug|Any CPU.ActiveCfg = Debug|Any CPU
		{0BD17B3C-3355-4AAD-A5B3-0726F10FA240}.Debug|Any CPU.Build.0 = Debug|Any CPU
		{0BD17B3C-3355-4AAD-A5B3-0726F10FA240}.Develop|Any CPU.ActiveCfg = Debug|Any CPU
		{0BD17B3C-3355-4AAD-A5B3-0726F10FA240}.Develop|Any CPU.Build.0 = Debug|Any CPU
		{0BD17B3C-3355-4AAD-A5B3-0726F10FA240}.Release|Any CPU.ActiveCfg = Release|Any CPU
		{0BD17B3C-3355-4AAD-A5B3-0726F10FA240}.Release|Any CPU.Build.0 = Release|Any CPU
		{B80792C1-F31E-4D21-8D26-8D69519678C0}.Debug|Any CPU.ActiveCfg = Debug|Any CPU
		{B80792C1-F31E-4D21-8D26-8D69519678C0}.Debug|Any CPU.Build.0 = Debug|Any CPU
		{B80792C1-F31E-4D21-8D26-8D69519678C0}.Develop|Any CPU.ActiveCfg = Debug|Any CPU
		{B80792C1-F31E-4D21-8D26-8D69519678C0}.Develop|Any CPU.Build.0 = Debug|Any CPU
		{B80792C1-F31E-4D21-8D26-8D69519678C0}.Release|Any CPU.ActiveCfg = Release|Any CPU
		{B80792C1-F31E-4D21-8D26-8D69519678C0}.Release|Any CPU.Build.0 = Release|Any CPU
		{A69DC376-C0E5-4084-8FC8-A69077D92F04}.Debug|Any CPU.ActiveCfg = Debug|Any CPU
		{A69DC376-C0E5-4084-8FC8-A69077D92F04}.Debug|Any CPU.Build.0 = Debug|Any CPU
		{A69DC376-C0E5-4084-8FC8-A69077D92F04}.Develop|Any CPU.ActiveCfg = Debug|Any CPU
		{A69DC376-C0E5-4084-8FC8-A69077D92F04}.Develop|Any CPU.Build.0 = Debug|Any CPU
		{A69DC376-C0E5-4084-8FC8-A69077D92F04}.Release|Any CPU.ActiveCfg = Release|Any CPU
		{A69DC376-C0E5-4084-8FC8-A69077D92F04}.Release|Any CPU.Build.0 = Release|Any CPU
		{A70D3201-A306-491A-BE3E-02FFB90CF0A2}.Debug|Any CPU.ActiveCfg = Debug|Any CPU
		{A70D3201-A306-491A-BE3E-02FFB90CF0A2}.Debug|Any CPU.Build.0 = Debug|Any CPU
		{A70D3201-A306-491A-BE3E-02FFB90CF0A2}.Develop|Any CPU.ActiveCfg = Debug|Any CPU
		{A70D3201-A306-491A-BE3E-02FFB90CF0A2}.Develop|Any CPU.Build.0 = Debug|Any CPU
		{A70D3201-A306-491A-BE3E-02FFB90CF0A2}.Release|Any CPU.ActiveCfg = Release|Any CPU
		{A70D3201-A306-491A-BE3E-02FFB90CF0A2}.Release|Any CPU.Build.0 = Release|Any CPU
		{BFE422CF-C4CE-4D7B-AACC-E3C008A1DDC3}.Debug|Any CPU.ActiveCfg = Debug|Any CPU
		{BFE422CF-C4CE-4D7B-AACC-E3C008A1DDC3}.Debug|Any CPU.Build.0 = Debug|Any CPU
		{BFE422CF-C4CE-4D7B-AACC-E3C008A1DDC3}.Develop|Any CPU.ActiveCfg = Debug|Any CPU
		{BFE422CF-C4CE-4D7B-AACC-E3C008A1DDC3}.Develop|Any CPU.Build.0 = Debug|Any CPU
		{BFE422CF-C4CE-4D7B-AACC-E3C008A1DDC3}.Release|Any CPU.ActiveCfg = Release|Any CPU
		{BFE422CF-C4CE-4D7B-AACC-E3C008A1DDC3}.Release|Any CPU.Build.0 = Release|Any CPU
		{18426423-8BC9-4661-AEA2-DB41C3E88D6E}.Debug|Any CPU.ActiveCfg = Debug|Any CPU
		{18426423-8BC9-4661-AEA2-DB41C3E88D6E}.Debug|Any CPU.Build.0 = Debug|Any CPU
		{18426423-8BC9-4661-AEA2-DB41C3E88D6E}.Develop|Any CPU.ActiveCfg = Debug|Any CPU
		{18426423-8BC9-4661-AEA2-DB41C3E88D6E}.Develop|Any CPU.Build.0 = Debug|Any CPU
		{18426423-8BC9-4661-AEA2-DB41C3E88D6E}.Release|Any CPU.ActiveCfg = Release|Any CPU
		{18426423-8BC9-4661-AEA2-DB41C3E88D6E}.Release|Any CPU.Build.0 = Release|Any CPU
		{B3266A37-F0A1-449F-943A-6C4DF35C7953}.Debug|Any CPU.ActiveCfg = Debug|Any CPU
		{B3266A37-F0A1-449F-943A-6C4DF35C7953}.Debug|Any CPU.Build.0 = Debug|Any CPU
		{B3266A37-F0A1-449F-943A-6C4DF35C7953}.Develop|Any CPU.ActiveCfg = Debug|Any CPU
		{B3266A37-F0A1-449F-943A-6C4DF35C7953}.Develop|Any CPU.Build.0 = Debug|Any CPU
		{B3266A37-F0A1-449F-943A-6C4DF35C7953}.Release|Any CPU.ActiveCfg = Release|Any CPU
		{B3266A37-F0A1-449F-943A-6C4DF35C7953}.Release|Any CPU.Build.0 = Release|Any CPU
		{A6172B18-13C4-4FE0-9A19-21CA7D556CBB}.Debug|Any CPU.ActiveCfg = Debug|Any CPU
		{A6172B18-13C4-4FE0-9A19-21CA7D556CBB}.Debug|Any CPU.Build.0 = Debug|Any CPU
		{A6172B18-13C4-4FE0-9A19-21CA7D556CBB}.Develop|Any CPU.ActiveCfg = Debug|Any CPU
		{A6172B18-13C4-4FE0-9A19-21CA7D556CBB}.Develop|Any CPU.Build.0 = Debug|Any CPU
		{A6172B18-13C4-4FE0-9A19-21CA7D556CBB}.Release|Any CPU.ActiveCfg = Release|Any CPU
		{A6172B18-13C4-4FE0-9A19-21CA7D556CBB}.Release|Any CPU.Build.0 = Release|Any CPU
		{91DE59BF-D3D9-4A86-A767-E33DDBB61476}.Debug|Any CPU.ActiveCfg = Debug|Any CPU
		{91DE59BF-D3D9-4A86-A767-E33DDBB61476}.Debug|Any CPU.Build.0 = Debug|Any CPU
		{91DE59BF-D3D9-4A86-A767-E33DDBB61476}.Develop|Any CPU.ActiveCfg = Debug|Any CPU
		{91DE59BF-D3D9-4A86-A767-E33DDBB61476}.Develop|Any CPU.Build.0 = Debug|Any CPU
		{91DE59BF-D3D9-4A86-A767-E33DDBB61476}.Release|Any CPU.ActiveCfg = Release|Any CPU
		{91DE59BF-D3D9-4A86-A767-E33DDBB61476}.Release|Any CPU.Build.0 = Release|Any CPU
		{FE3E720B-0C94-4883-AD71-7620F0660FAB}.Debug|Any CPU.ActiveCfg = Debug|Any CPU
		{FE3E720B-0C94-4883-AD71-7620F0660FAB}.Debug|Any CPU.Build.0 = Debug|Any CPU
		{FE3E720B-0C94-4883-AD71-7620F0660FAB}.Develop|Any CPU.ActiveCfg = Debug|Any CPU
		{FE3E720B-0C94-4883-AD71-7620F0660FAB}.Develop|Any CPU.Build.0 = Debug|Any CPU
		{FE3E720B-0C94-4883-AD71-7620F0660FAB}.Release|Any CPU.ActiveCfg = Release|Any CPU
		{FE3E720B-0C94-4883-AD71-7620F0660FAB}.Release|Any CPU.Build.0 = Release|Any CPU
		{7CB8AF37-EB52-4B94-A9A0-103FB9E38506}.Debug|Any CPU.ActiveCfg = Debug|Any CPU
		{7CB8AF37-EB52-4B94-A9A0-103FB9E38506}.Debug|Any CPU.Build.0 = Debug|Any CPU
		{7CB8AF37-EB52-4B94-A9A0-103FB9E38506}.Develop|Any CPU.ActiveCfg = Debug|Any CPU
		{7CB8AF37-EB52-4B94-A9A0-103FB9E38506}.Develop|Any CPU.Build.0 = Debug|Any CPU
		{7CB8AF37-EB52-4B94-A9A0-103FB9E38506}.Release|Any CPU.ActiveCfg = Release|Any CPU
		{7CB8AF37-EB52-4B94-A9A0-103FB9E38506}.Release|Any CPU.Build.0 = Release|Any CPU
		{23029DA0-F9B3-46CC-B279-1BBA855D1996}.Debug|Any CPU.ActiveCfg = Debug|Any CPU
		{23029DA0-F9B3-46CC-B279-1BBA855D1996}.Debug|Any CPU.Build.0 = Debug|Any CPU
		{23029DA0-F9B3-46CC-B279-1BBA855D1996}.Develop|Any CPU.ActiveCfg = Debug|Any CPU
		{23029DA0-F9B3-46CC-B279-1BBA855D1996}.Develop|Any CPU.Build.0 = Debug|Any CPU
		{23029DA0-F9B3-46CC-B279-1BBA855D1996}.Release|Any CPU.ActiveCfg = Release|Any CPU
		{23029DA0-F9B3-46CC-B279-1BBA855D1996}.Release|Any CPU.Build.0 = Release|Any CPU
		{CE5A3795-B3A9-4AEA-9319-B594E2794A0F}.Debug|Any CPU.ActiveCfg = Debug|Any CPU
		{CE5A3795-B3A9-4AEA-9319-B594E2794A0F}.Debug|Any CPU.Build.0 = Debug|Any CPU
		{CE5A3795-B3A9-4AEA-9319-B594E2794A0F}.Develop|Any CPU.ActiveCfg = Debug|Any CPU
		{CE5A3795-B3A9-4AEA-9319-B594E2794A0F}.Develop|Any CPU.Build.0 = Debug|Any CPU
		{CE5A3795-B3A9-4AEA-9319-B594E2794A0F}.Release|Any CPU.ActiveCfg = Release|Any CPU
		{CE5A3795-B3A9-4AEA-9319-B594E2794A0F}.Release|Any CPU.Build.0 = Release|Any CPU
		{8D447937-CCE7-49E9-9C7B-697514F56058}.Debug|Any CPU.ActiveCfg = Debug|Any CPU
		{8D447937-CCE7-49E9-9C7B-697514F56058}.Debug|Any CPU.Build.0 = Debug|Any CPU
		{8D447937-CCE7-49E9-9C7B-697514F56058}.Develop|Any CPU.ActiveCfg = Debug|Any CPU
		{8D447937-CCE7-49E9-9C7B-697514F56058}.Develop|Any CPU.Build.0 = Debug|Any CPU
		{8D447937-CCE7-49E9-9C7B-697514F56058}.Release|Any CPU.ActiveCfg = Release|Any CPU
		{8D447937-CCE7-49E9-9C7B-697514F56058}.Release|Any CPU.Build.0 = Release|Any CPU
		{9F067677-4226-4929-B13F-4EE4495AEB4A}.Debug|Any CPU.ActiveCfg = Debug|Any CPU
		{9F067677-4226-4929-B13F-4EE4495AEB4A}.Debug|Any CPU.Build.0 = Debug|Any CPU
		{9F067677-4226-4929-B13F-4EE4495AEB4A}.Develop|Any CPU.ActiveCfg = Debug|Any CPU
		{9F067677-4226-4929-B13F-4EE4495AEB4A}.Develop|Any CPU.Build.0 = Debug|Any CPU
		{9F067677-4226-4929-B13F-4EE4495AEB4A}.Release|Any CPU.ActiveCfg = Release|Any CPU
		{9F067677-4226-4929-B13F-4EE4495AEB4A}.Release|Any CPU.Build.0 = Release|Any CPU
		{43FC3470-4D4D-4B77-AC11-8C1CE53CB2E5}.Debug|Any CPU.ActiveCfg = Debug|Any CPU
		{43FC3470-4D4D-4B77-AC11-8C1CE53CB2E5}.Debug|Any CPU.Build.0 = Debug|Any CPU
		{43FC3470-4D4D-4B77-AC11-8C1CE53CB2E5}.Develop|Any CPU.ActiveCfg = Debug|Any CPU
		{43FC3470-4D4D-4B77-AC11-8C1CE53CB2E5}.Develop|Any CPU.Build.0 = Debug|Any CPU
		{43FC3470-4D4D-4B77-AC11-8C1CE53CB2E5}.Release|Any CPU.ActiveCfg = Release|Any CPU
		{43FC3470-4D4D-4B77-AC11-8C1CE53CB2E5}.Release|Any CPU.Build.0 = Release|Any CPU
		{C093A5D1-56DB-4A54-9E81-4A644B6238EF}.Debug|Any CPU.ActiveCfg = Debug|Any CPU
		{C093A5D1-56DB-4A54-9E81-4A644B6238EF}.Debug|Any CPU.Build.0 = Debug|Any CPU
		{C093A5D1-56DB-4A54-9E81-4A644B6238EF}.Develop|Any CPU.ActiveCfg = Debug|Any CPU
		{C093A5D1-56DB-4A54-9E81-4A644B6238EF}.Develop|Any CPU.Build.0 = Debug|Any CPU
		{C093A5D1-56DB-4A54-9E81-4A644B6238EF}.Release|Any CPU.ActiveCfg = Release|Any CPU
		{C093A5D1-56DB-4A54-9E81-4A644B6238EF}.Release|Any CPU.Build.0 = Release|Any CPU
		{D3BF65BB-7279-4E41-8F3B-349BA6C7D84F}.Debug|Any CPU.ActiveCfg = Debug|Any CPU
		{D3BF65BB-7279-4E41-8F3B-349BA6C7D84F}.Debug|Any CPU.Build.0 = Debug|Any CPU
		{D3BF65BB-7279-4E41-8F3B-349BA6C7D84F}.Develop|Any CPU.ActiveCfg = Debug|Any CPU
		{D3BF65BB-7279-4E41-8F3B-349BA6C7D84F}.Develop|Any CPU.Build.0 = Debug|Any CPU
		{D3BF65BB-7279-4E41-8F3B-349BA6C7D84F}.Release|Any CPU.ActiveCfg = Release|Any CPU
		{D3BF65BB-7279-4E41-8F3B-349BA6C7D84F}.Release|Any CPU.Build.0 = Release|Any CPU
		{BA5EDBB9-331F-486B-8724-2E23DC3EEADA}.Debug|Any CPU.ActiveCfg = Debug|Any CPU
		{BA5EDBB9-331F-486B-8724-2E23DC3EEADA}.Debug|Any CPU.Build.0 = Debug|Any CPU
		{BA5EDBB9-331F-486B-8724-2E23DC3EEADA}.Develop|Any CPU.ActiveCfg = Debug|Any CPU
		{BA5EDBB9-331F-486B-8724-2E23DC3EEADA}.Develop|Any CPU.Build.0 = Debug|Any CPU
		{BA5EDBB9-331F-486B-8724-2E23DC3EEADA}.Release|Any CPU.ActiveCfg = Release|Any CPU
		{BA5EDBB9-331F-486B-8724-2E23DC3EEADA}.Release|Any CPU.Build.0 = Release|Any CPU
		{0A29E771-D374-45AA-9BA2-25302677310C}.Debug|Any CPU.ActiveCfg = Debug|Any CPU
		{0A29E771-D374-45AA-9BA2-25302677310C}.Debug|Any CPU.Build.0 = Debug|Any CPU
		{0A29E771-D374-45AA-9BA2-25302677310C}.Develop|Any CPU.ActiveCfg = Debug|Any CPU
		{0A29E771-D374-45AA-9BA2-25302677310C}.Develop|Any CPU.Build.0 = Debug|Any CPU
		{0A29E771-D374-45AA-9BA2-25302677310C}.Release|Any CPU.ActiveCfg = Release|Any CPU
		{0A29E771-D374-45AA-9BA2-25302677310C}.Release|Any CPU.Build.0 = Release|Any CPU
		{D3100DBF-D198-4E4E-BE66-1B29C6A99FD4}.Debug|Any CPU.ActiveCfg = Debug|Any CPU
		{D3100DBF-D198-4E4E-BE66-1B29C6A99FD4}.Debug|Any CPU.Build.0 = Debug|Any CPU
		{D3100DBF-D198-4E4E-BE66-1B29C6A99FD4}.Develop|Any CPU.ActiveCfg = Debug|Any CPU
		{D3100DBF-D198-4E4E-BE66-1B29C6A99FD4}.Develop|Any CPU.Build.0 = Debug|Any CPU
		{D3100DBF-D198-4E4E-BE66-1B29C6A99FD4}.Release|Any CPU.ActiveCfg = Release|Any CPU
		{D3100DBF-D198-4E4E-BE66-1B29C6A99FD4}.Release|Any CPU.Build.0 = Release|Any CPU
		{EB0E6E11-3C34-4BDE-8020-5324BCEB2C06}.Debug|Any CPU.ActiveCfg = Debug|Any CPU
		{EB0E6E11-3C34-4BDE-8020-5324BCEB2C06}.Debug|Any CPU.Build.0 = Debug|Any CPU
		{EB0E6E11-3C34-4BDE-8020-5324BCEB2C06}.Develop|Any CPU.ActiveCfg = Debug|Any CPU
		{EB0E6E11-3C34-4BDE-8020-5324BCEB2C06}.Develop|Any CPU.Build.0 = Debug|Any CPU
		{EB0E6E11-3C34-4BDE-8020-5324BCEB2C06}.Release|Any CPU.ActiveCfg = Release|Any CPU
		{EB0E6E11-3C34-4BDE-8020-5324BCEB2C06}.Release|Any CPU.Build.0 = Release|Any CPU
		{9CDDE537-2D55-4A7E-947D-7FA3EC87B72A}.Debug|Any CPU.ActiveCfg = Debug|Any CPU
		{9CDDE537-2D55-4A7E-947D-7FA3EC87B72A}.Debug|Any CPU.Build.0 = Debug|Any CPU
		{9CDDE537-2D55-4A7E-947D-7FA3EC87B72A}.Develop|Any CPU.ActiveCfg = Debug|Any CPU
		{9CDDE537-2D55-4A7E-947D-7FA3EC87B72A}.Develop|Any CPU.Build.0 = Debug|Any CPU
		{9CDDE537-2D55-4A7E-947D-7FA3EC87B72A}.Release|Any CPU.ActiveCfg = Release|Any CPU
		{9CDDE537-2D55-4A7E-947D-7FA3EC87B72A}.Release|Any CPU.Build.0 = Release|Any CPU
		{277079D0-B557-4280-A698-37EDADA10066}.Debug|Any CPU.ActiveCfg = Debug|Any CPU
		{277079D0-B557-4280-A698-37EDADA10066}.Debug|Any CPU.Build.0 = Debug|Any CPU
		{277079D0-B557-4280-A698-37EDADA10066}.Develop|Any CPU.ActiveCfg = Debug|Any CPU
		{277079D0-B557-4280-A698-37EDADA10066}.Develop|Any CPU.Build.0 = Debug|Any CPU
		{277079D0-B557-4280-A698-37EDADA10066}.Release|Any CPU.ActiveCfg = Release|Any CPU
		{277079D0-B557-4280-A698-37EDADA10066}.Release|Any CPU.Build.0 = Release|Any CPU
	EndGlobalSection
	GlobalSection(SolutionProperties) = preSolution
		HideSolutionNode = FALSE
	EndGlobalSection
	GlobalSection(NestedProjects) = preSolution
		{D14C979A-E41B-459B-97CE-E3DA62E02369} = {ECAAA1FA-0A5C-4D41-8E39-E2E296BE8F1B}
		{42B6F4CC-01B0-496B-A8FB-69908691DBEF} = {C8D79D8A-D92E-4AE3-BA54-0C927BEBCEBF}
		{A7ECF6A4-AFE0-4A52-8DC9-63DFB7A07889} = {ADB416A3-C375-4362-B2C0-3A35DA4CB5F8}
		{7840E38C-D435-432B-A5B4-2393D1A5D21A} = {ADB416A3-C375-4362-B2C0-3A35DA4CB5F8}
		{34BF73AA-89A3-4E10-A1AC-2360A93143FE} = {ADB416A3-C375-4362-B2C0-3A35DA4CB5F8}
		{EAC5FCE7-A5D7-4003-85AE-481A5CAE754D} = {ADB416A3-C375-4362-B2C0-3A35DA4CB5F8}
		{98CC86E7-6BD0-4B5A-B71B-C8F57C98E081} = {ADB416A3-C375-4362-B2C0-3A35DA4CB5F8}
		{039B213A-5930-475D-B3C0-FA15AF6CD631} = {ADB416A3-C375-4362-B2C0-3A35DA4CB5F8}
		{A8C4FFE0-20D8-40F4-8B9F-26FE9D013E2F} = {ADB416A3-C375-4362-B2C0-3A35DA4CB5F8}
		{33EDCABE-3CB6-4475-A9E5-1D669FAA15B7} = {ADB416A3-C375-4362-B2C0-3A35DA4CB5F8}
		{5133BBA0-2F9F-447F-925A-87AD387F07D2} = {ADB416A3-C375-4362-B2C0-3A35DA4CB5F8}
		{4E12597E-EA7B-464A-A63A-951B0EBC81CE} = {ADB416A3-C375-4362-B2C0-3A35DA4CB5F8}
		{D2DB7A83-1682-4A01-857F-CE415287ACF0} = {ADB416A3-C375-4362-B2C0-3A35DA4CB5F8}
		{C42023DA-F375-401B-BF9B-D20286311455} = {AFBD4A17-2EB1-421C-BB0C-407C875F3F50}
		{4338CF8A-5298-4C8F-942F-D20E7255BEA8} = {AFBD4A17-2EB1-421C-BB0C-407C875F3F50}
		{7137B8E7-A508-4917-A6FC-9CB5CCF8F9EA} = {AFBD4A17-2EB1-421C-BB0C-407C875F3F50}
		{D059B44D-8C53-4B03-BE3D-5E50BA51A93A} = {AFBD4A17-2EB1-421C-BB0C-407C875F3F50}
		{8C90549C-BB32-4A32-A50C-62C7118B5AE7} = {AFBD4A17-2EB1-421C-BB0C-407C875F3F50}
		{5709535C-A93D-4D03-8748-5F202C2A05EF} = {3A2DB744-69F3-488E-8CD5-45B921385B76}
		{63BF7A67-E422-4EB5-B2B1-77E23F46F63B} = {3A2DB744-69F3-488E-8CD5-45B921385B76}
		{BD9D39DA-81EC-4377-B9FB-036ADA544E7E} = {43E69B85-2743-48EE-8FAE-A59F070E21D2}
		{B829F5E5-E906-4EFC-86D5-CB74C34194B2} = {43E69B85-2743-48EE-8FAE-A59F070E21D2}
		{8F49F047-9BA6-44EF-84BF-2C2C140818E3} = {A6028EDB-3331-48D2-8C7D-8D681172A61A}
		{C2F3B451-2971-4D8F-AAA2-8481A251AA3F} = {A6028EDB-3331-48D2-8C7D-8D681172A61A}
		{E3A58E3C-46F2-4F53-AB43-609FEB003E14} = {A6028EDB-3331-48D2-8C7D-8D681172A61A}
		{8A464F2F-C1C0-4DDF-AE47-015C4545C609} = {A6028EDB-3331-48D2-8C7D-8D681172A61A}
		{5261EDEA-6A3B-48A7-8895-89A4A6F15B2F} = {A6028EDB-3331-48D2-8C7D-8D681172A61A}
		{A6165901-07B8-4A62-A110-3B1117A16136} = {A6028EDB-3331-48D2-8C7D-8D681172A61A}
		{F18FDD31-4310-40C6-9E8A-E98E03721939} = {A6028EDB-3331-48D2-8C7D-8D681172A61A}
		{33575581-15C8-4560-A768-B441D53A088A} = {A6028EDB-3331-48D2-8C7D-8D681172A61A}
		{2592A18D-7E79-4CCC-AF7B-D5A59AFFEA5D} = {A6028EDB-3331-48D2-8C7D-8D681172A61A}
		{C80E8CD8-4268-47AF-898B-544C1F1F6496} = {A6028EDB-3331-48D2-8C7D-8D681172A61A}
		{C92E8942-1BAD-4B00-8EE8-47C6CC98D60D} = {72646716-073F-4D6F-9ECD-52311A2BA140}
		{D199546E-5A39-4925-BEB5-9DC7E59FD07B} = {72646716-073F-4D6F-9ECD-52311A2BA140}
		{0D0A424A-10C8-4968-90B8-3C485C00F7EA} = {72646716-073F-4D6F-9ECD-52311A2BA140}
		{14CAE6AD-643F-4B33-83A9-3BB0FC976DEB} = {72646716-073F-4D6F-9ECD-52311A2BA140}
		{F34353F1-AB1D-4740-9D91-D266E46F6FD6} = {FEE95825-2E34-45AF-BDED-52F9C7412BF5}
		{BFD75963-2B4D-431B-AB3F-4172DCADD0A4} = {FEE95825-2E34-45AF-BDED-52F9C7412BF5}
		{A4D23250-B507-4C71-8DED-C19D43950C91} = {FEE95825-2E34-45AF-BDED-52F9C7412BF5}
		{8320B9AC-1327-4AAC-9D7E-4D2D1F4FA4F4} = {FEE95825-2E34-45AF-BDED-52F9C7412BF5}
		{D8E43A34-8F5B-4CF5-A319-36198E035240} = {FEE95825-2E34-45AF-BDED-52F9C7412BF5}
		{C558680C-39FC-4E21-A28C-9EF2E8102ED4} = {FEE95825-2E34-45AF-BDED-52F9C7412BF5}
		{CEFC0184-710A-429C-AB1C-6311A9B31A31} = {FEE95825-2E34-45AF-BDED-52F9C7412BF5}
		{778861A4-C8FA-4FE1-A399-D3B1DC25A671} = {FEE95825-2E34-45AF-BDED-52F9C7412BF5}
		{625FB76E-88EE-4541-90B8-DCC94026B8F7} = {FEE95825-2E34-45AF-BDED-52F9C7412BF5}
		{6FA3A2BD-4830-4D7D-83FE-83C4517B5A26} = {FEE95825-2E34-45AF-BDED-52F9C7412BF5}
		{7C3C842E-A979-4118-B322-7F7403835E23} = {FEE95825-2E34-45AF-BDED-52F9C7412BF5}
		{CAF3D563-E700-404B-B4F3-C683F5C35EAB} = {FEE95825-2E34-45AF-BDED-52F9C7412BF5}
		{3E3CC15A-4A43-40CB-B1AF-5FEB12E360D0} = {FEE95825-2E34-45AF-BDED-52F9C7412BF5}
		{0BD17B3C-3355-4AAD-A5B3-0726F10FA240} = {FEE95825-2E34-45AF-BDED-52F9C7412BF5}
		{B80792C1-F31E-4D21-8D26-8D69519678C0} = {FEE95825-2E34-45AF-BDED-52F9C7412BF5}
		{A69DC376-C0E5-4084-8FC8-A69077D92F04} = {FEE95825-2E34-45AF-BDED-52F9C7412BF5}
		{A70D3201-A306-491A-BE3E-02FFB90CF0A2} = {FEE95825-2E34-45AF-BDED-52F9C7412BF5}
		{BFE422CF-C4CE-4D7B-AACC-E3C008A1DDC3} = {3E7A79D5-045F-49D0-BD29-46D4F2D62E52}
		{18426423-8BC9-4661-AEA2-DB41C3E88D6E} = {3E7A79D5-045F-49D0-BD29-46D4F2D62E52}
		{B3266A37-F0A1-449F-943A-6C4DF35C7953} = {3E7A79D5-045F-49D0-BD29-46D4F2D62E52}
		{A6172B18-13C4-4FE0-9A19-21CA7D556CBB} = {3E7A79D5-045F-49D0-BD29-46D4F2D62E52}
		{91DE59BF-D3D9-4A86-A767-E33DDBB61476} = {3E7A79D5-045F-49D0-BD29-46D4F2D62E52}
		{FE3E720B-0C94-4883-AD71-7620F0660FAB} = {1266F300-8BD2-4F1E-BA88-911F5F3AC36C}
		{7CB8AF37-EB52-4B94-A9A0-103FB9E38506} = {1266F300-8BD2-4F1E-BA88-911F5F3AC36C}
		{23029DA0-F9B3-46CC-B279-1BBA855D1996} = {E68AE69D-D585-4FFA-A820-5D1636E9656E}
		{CE5A3795-B3A9-4AEA-9319-B594E2794A0F} = {1266F300-8BD2-4F1E-BA88-911F5F3AC36C}
		{8D447937-CCE7-49E9-9C7B-697514F56058} = {1266F300-8BD2-4F1E-BA88-911F5F3AC36C}
		{9F067677-4226-4929-B13F-4EE4495AEB4A} = {BBEE26AC-8733-469B-B816-0A54EA99FC59}
		{43FC3470-4D4D-4B77-AC11-8C1CE53CB2E5} = {BBEE26AC-8733-469B-B816-0A54EA99FC59}
		{C093A5D1-56DB-4A54-9E81-4A644B6238EF} = {BBEE26AC-8733-469B-B816-0A54EA99FC59}
		{D3BF65BB-7279-4E41-8F3B-349BA6C7D84F} = {BBEE26AC-8733-469B-B816-0A54EA99FC59}
		{DF41A1FC-41C0-4E95-BC73-60BDF16C2D37} = {7DF1C0AF-62E7-48FA-AD20-8B43AECF3792}
		{75E59BA0-618A-4154-9FCE-D2D23CCE97A6} = {7DF1C0AF-62E7-48FA-AD20-8B43AECF3792}
		{FEE95825-2E34-45AF-BDED-52F9C7412BF5} = {DF41A1FC-41C0-4E95-BC73-60BDF16C2D37}
		{BBEE26AC-8733-469B-B816-0A54EA99FC59} = {DF41A1FC-41C0-4E95-BC73-60BDF16C2D37}
		{A6028EDB-3331-48D2-8C7D-8D681172A61A} = {75E59BA0-618A-4154-9FCE-D2D23CCE97A6}
		{30938473-53C1-4981-BFAB-B6309147FF24} = {BEFF4B71-0C07-4C2A-A550-579A1E1F834D}
		{E68AE69D-D585-4FFA-A820-5D1636E9656E} = {75E59BA0-618A-4154-9FCE-D2D23CCE97A6}
		{C8D79D8A-D92E-4AE3-BA54-0C927BEBCEBF} = {00D499F1-0262-4C1B-9702-F40960EDA2D4}
		{72646716-073F-4D6F-9ECD-52311A2BA140} = {DF41A1FC-41C0-4E95-BC73-60BDF16C2D37}
		{ECAAA1FA-0A5C-4D41-8E39-E2E296BE8F1B} = {30938473-53C1-4981-BFAB-B6309147FF24}
		{AFBD4A17-2EB1-421C-BB0C-407C875F3F50} = {30938473-53C1-4981-BFAB-B6309147FF24}
		{3A2DB744-69F3-488E-8CD5-45B921385B76} = {00D499F1-0262-4C1B-9702-F40960EDA2D4}
		{ADB416A3-C375-4362-B2C0-3A35DA4CB5F8} = {94277625-55AF-4668-AB23-8CEDC158FB7A}
		{1266F300-8BD2-4F1E-BA88-911F5F3AC36C} = {75E59BA0-618A-4154-9FCE-D2D23CCE97A6}
		{43E69B85-2743-48EE-8FAE-A59F070E21D2} = {00D499F1-0262-4C1B-9702-F40960EDA2D4}
		{3E7A79D5-045F-49D0-BD29-46D4F2D62E52} = {94277625-55AF-4668-AB23-8CEDC158FB7A}
		{BA5EDBB9-331F-486B-8724-2E23DC3EEADA} = {BBEE26AC-8733-469B-B816-0A54EA99FC59}
		{94277625-55AF-4668-AB23-8CEDC158FB7A} = {BEFF4B71-0C07-4C2A-A550-579A1E1F834D}
		{0A29E771-D374-45AA-9BA2-25302677310C} = {3A2DB744-69F3-488E-8CD5-45B921385B76}
		{D3100DBF-D198-4E4E-BE66-1B29C6A99FD4} = {C8D79D8A-D92E-4AE3-BA54-0C927BEBCEBF}
		{EB0E6E11-3C34-4BDE-8020-5324BCEB2C06} = {3A2DB744-69F3-488E-8CD5-45B921385B76}
		{9CDDE537-2D55-4A7E-947D-7FA3EC87B72A} = {C8D79D8A-D92E-4AE3-BA54-0C927BEBCEBF}
		{277079D0-B557-4280-A698-37EDADA10066} = {C8D79D8A-D92E-4AE3-BA54-0C927BEBCEBF}
		{4CF22591-6F77-486F-BBFE-6173536D0625} = {30938473-53C1-4981-BFAB-B6309147FF24}
	EndGlobalSection
	GlobalSection(ExtensibilityGlobals) = postSolution
		SolutionGuid = {F09EFCEA-59F6-4A16-9CB6-7E865A3F62D8}
	EndGlobalSection
EndGlobal
