
Microsoft Visual Studio Solution File, Format Version 12.00
# Visual Studio Version 16
VisualStudioVersion = 16.0.29201.188
MinimumVisualStudioVersion = 10.0.40219.1
Project("{9A19103F-16F7-4668-BE54-9A1E7A4F7556}") = "Microsoft.Azure.IIoT.Agent.Framework", "common\src\Microsoft.Azure.IIoT.Agent.Framework\src\Microsoft.Azure.IIoT.Agent.Framework.csproj", "{5FEB2030-5C23-4274-BFA2-2FF184ADD230}"
EndProject
Project("{9A19103F-16F7-4668-BE54-9A1E7A4F7556}") = "Microsoft.Azure.IIoT.Modules.OpcUa.Publisher", "modules\src\Microsoft.Azure.IIoT.Modules.OpcUa.Publisher\src\Microsoft.Azure.IIoT.Modules.OpcUa.Publisher.csproj", "{F0B9B85E-9D2E-46B2-9986-5D98B21904EE}"
EndProject
Project("{9A19103F-16F7-4668-BE54-9A1E7A4F7556}") = "Microsoft.Azure.IIoT.Services.Common.Jobs.Edge", "services\src\Microsoft.Azure.IIoT.Services.Common.Jobs.Edge\src\Microsoft.Azure.IIoT.Services.Common.Jobs.Edge.csproj", "{4073F4E2-FAA8-4509-A47A-855D527588FC}"
EndProject
Project("{9A19103F-16F7-4668-BE54-9A1E7A4F7556}") = "Microsoft.Azure.IIoT.Modules.OpcUa.Publisher.Cli", "modules\src\Microsoft.Azure.IIoT.Modules.OpcUa.Publisher\cli\Microsoft.Azure.IIoT.Modules.OpcUa.Publisher.Cli.csproj", "{7FEE3528-FE99-4F1A-91C0-DCFBC9236871}"
EndProject
Project("{9A19103F-16F7-4668-BE54-9A1E7A4F7556}") = "Microsoft.Azure.IIoT.OpcUa.Edge.Publisher", "components\opc-ua\src\Microsoft.Azure.IIoT.OpcUa.Edge.Publisher\src\Microsoft.Azure.IIoT.OpcUa.Edge.Publisher.csproj", "{1C38EA47-5081-46A5-9470-4251A5255554}"
EndProject
Project("{9A19103F-16F7-4668-BE54-9A1E7A4F7556}") = "Microsoft.Azure.IIoT.OpcUa.Edge.Publisher.Tests", "components\opc-ua\src\Microsoft.Azure.IIoT.OpcUa.Edge.Publisher\tests\Microsoft.Azure.IIoT.OpcUa.Edge.Publisher.Tests.csproj", "{CEA7E2E5-ADC6-4580-9AC6-E8D546E14192}"
EndProject
Project("{9A19103F-16F7-4668-BE54-9A1E7A4F7556}") = "Microsoft.Azure.IIoT.Cli", "api\src\Microsoft.Azure.IIoT.Api\cli\Microsoft.Azure.IIoT.Cli.csproj", "{D14C979A-E41B-459B-97CE-E3DA62E02369}"
EndProject
Project("{9A19103F-16F7-4668-BE54-9A1E7A4F7556}") = "Microsoft.Azure.IIoT.Modules.OpcUa.Twin.Cli", "modules\src\Microsoft.Azure.IIoT.Modules.OpcUa.Twin\cli\Microsoft.Azure.IIoT.Modules.OpcUa.Twin.Cli.csproj", "{42B6F4CC-01B0-496B-A8FB-69908691DBEF}"
EndProject
Project("{9A19103F-16F7-4668-BE54-9A1E7A4F7556}") = "Microsoft.Azure.IIoT.Services.OpcUa.Registry.Onboarding", "services\src\Microsoft.Azure.IIoT.Services.OpcUa.Registry.Onboarding\src\Microsoft.Azure.IIoT.Services.OpcUa.Registry.Onboarding.csproj", "{A7ECF6A4-AFE0-4A52-8DC9-63DFB7A07889}"
EndProject
Project("{9A19103F-16F7-4668-BE54-9A1E7A4F7556}") = "Microsoft.Azure.IIoT.Services.OpcUa.Twin", "services\src\Microsoft.Azure.IIoT.Services.OpcUa.Twin\src\Microsoft.Azure.IIoT.Services.OpcUa.Twin.csproj", "{7840E38C-D435-432B-A5B4-2393D1A5D21A}"
EndProject
Project("{9A19103F-16F7-4668-BE54-9A1E7A4F7556}") = "Microsoft.Azure.IIoT.Services.OpcUa.Registry", "services\src\Microsoft.Azure.IIoT.Services.OpcUa.Registry\src\Microsoft.Azure.IIoT.Services.OpcUa.Registry.csproj", "{34BF73AA-89A3-4E10-A1AC-2360A93143FE}"
EndProject
Project("{9A19103F-16F7-4668-BE54-9A1E7A4F7556}") = "Microsoft.Azure.IIoT.Services.OpcUa.Registry.Sync", "services\src\Microsoft.Azure.IIoT.Services.OpcUa.Registry.Discovery\src\Microsoft.Azure.IIoT.Services.OpcUa.Registry.Sync.csproj", "{98CC86E7-6BD0-4B5A-B71B-C8F57C98E081}"
EndProject
Project("{9A19103F-16F7-4668-BE54-9A1E7A4F7556}") = "Microsoft.Azure.IIoT.Services.OpcUa.Vault", "services\src\Microsoft.Azure.IIoT.Services.OpcUa.Vault\src\Microsoft.Azure.IIoT.Services.OpcUa.Vault.csproj", "{039B213A-5930-475D-B3C0-FA15AF6CD631}"
EndProject
Project("{9A19103F-16F7-4668-BE54-9A1E7A4F7556}") = "Microsoft.Azure.IIoT.Services.OpcUa.Twin.Gateway", "services\src\Microsoft.Azure.IIoT.Services.OpcUa.Twin.Gateway\src\Microsoft.Azure.IIoT.Services.OpcUa.Twin.Gateway.csproj", "{A8C4FFE0-20D8-40F4-8B9F-26FE9D013E2F}"
EndProject
Project("{9A19103F-16F7-4668-BE54-9A1E7A4F7556}") = "Microsoft.Azure.IIoT.Services.OpcUa.Twin.History", "services\src\Microsoft.Azure.IIoT.Services.OpcUa.Twin.History\src\Microsoft.Azure.IIoT.Services.OpcUa.Twin.History.csproj", "{5133BBA0-2F9F-447F-925A-87AD387F07D2}"
EndProject
Project("{9A19103F-16F7-4668-BE54-9A1E7A4F7556}") = "Microsoft.Azure.IIoT.Services.Common.Jobs", "services\src\Microsoft.Azure.IIoT.Services.Common.Jobs\src\Microsoft.Azure.IIoT.Services.Common.Jobs.csproj", "{EBD53795-90EF-48A6-BA35-A9DE9DBF3BE3}"
EndProject
Project("{9A19103F-16F7-4668-BE54-9A1E7A4F7556}") = "Microsoft.Azure.IIoT.Services.All", "services\src\Microsoft.Azure.IIoT.Services.All\src\Microsoft.Azure.IIoT.Services.All.csproj", "{D2DB7A83-1682-4A01-857F-CE415287ACF0}"
EndProject
Project("{9A19103F-16F7-4668-BE54-9A1E7A4F7556}") = "Microsoft.Azure.IIoT.Api", "api\src\Microsoft.Azure.IIoT.Api\src\Microsoft.Azure.IIoT.Api.csproj", "{C42023DA-F375-401B-BF9B-D20286311455}"
EndProject
Project("{9A19103F-16F7-4668-BE54-9A1E7A4F7556}") = "Microsoft.Azure.IIoT.OpcUa.Api.History", "api\src\Microsoft.Azure.IIoT.OpcUa.Api.History\src\Microsoft.Azure.IIoT.OpcUa.Api.History.csproj", "{4338CF8A-5298-4C8F-942F-D20E7255BEA8}"
EndProject
Project("{9A19103F-16F7-4668-BE54-9A1E7A4F7556}") = "Microsoft.Azure.IIoT.OpcUa.Api.Vault", "api\src\Microsoft.Azure.IIoT.OpcUa.Api.Vault\src\Microsoft.Azure.IIoT.OpcUa.Api.Vault.csproj", "{7137B8E7-A508-4917-A6FC-9CB5CCF8F9EA}"
EndProject
Project("{9A19103F-16F7-4668-BE54-9A1E7A4F7556}") = "Microsoft.Azure.IIoT.OpcUa.Api.Registry", "api\src\Microsoft.Azure.IIoT.OpcUa.Api.Registry\src\Microsoft.Azure.IIoT.OpcUa.Api.Registry.csproj", "{D059B44D-8C53-4B03-BE3D-5E50BA51A93A}"
EndProject
Project("{9A19103F-16F7-4668-BE54-9A1E7A4F7556}") = "Microsoft.Azure.IIoT.OpcUa.Api.Twin", "api\src\Microsoft.Azure.IIoT.OpcUa.Api.Twin\src\Microsoft.Azure.IIoT.OpcUa.Api.Twin.csproj", "{8C90549C-BB32-4A32-A50C-62C7118B5AE7}"
EndProject
Project("{9A19103F-16F7-4668-BE54-9A1E7A4F7556}") = "Microsoft.Azure.IIoT.Modules.OpcUa.Twin", "modules\src\Microsoft.Azure.IIoT.Modules.OpcUa.Twin\src\Microsoft.Azure.IIoT.Modules.OpcUa.Twin.csproj", "{5709535C-A93D-4D03-8748-5F202C2A05EF}"
EndProject
Project("{9A19103F-16F7-4668-BE54-9A1E7A4F7556}") = "Microsoft.Azure.IIoT.Modules.OpcUa.Twin.Tests", "modules\src\Microsoft.Azure.IIoT.Modules.OpcUa.Twin\tests\Microsoft.Azure.IIoT.Modules.OpcUa.Twin.Tests.csproj", "{B829F5E5-E906-4EFC-86D5-CB74C34194B2}"
EndProject
Project("{9A19103F-16F7-4668-BE54-9A1E7A4F7556}") = "Microsoft.Azure.IIoT.OpcUa", "components\opc-ua\src\Microsoft.Azure.IIoT.OpcUa\src\Microsoft.Azure.IIoT.OpcUa.csproj", "{8F49F047-9BA6-44EF-84BF-2C2C140818E3}"
EndProject
Project("{9A19103F-16F7-4668-BE54-9A1E7A4F7556}") = "Microsoft.Azure.IIoT.OpcUa.Testing", "components\opc-ua\src\Microsoft.Azure.IIoT.OpcUa.Testing\src\Microsoft.Azure.IIoT.OpcUa.Testing.csproj", "{C2F3B451-2971-4D8F-AAA2-8481A251AA3F}"
EndProject
Project("{9A19103F-16F7-4668-BE54-9A1E7A4F7556}") = "Microsoft.Azure.IIoT.OpcUa.Edge.Twin", "components\opc-ua\src\Microsoft.Azure.IIoT.OpcUa.Edge.Twin\src\Microsoft.Azure.IIoT.OpcUa.Edge.Twin.csproj", "{E3A58E3C-46F2-4F53-AB43-609FEB003E14}"
EndProject
Project("{9A19103F-16F7-4668-BE54-9A1E7A4F7556}") = "Microsoft.Azure.IIoT.OpcUa.Registry", "components\opc-ua\src\Microsoft.Azure.IIoT.OpcUa.Registry\src\Microsoft.Azure.IIoT.OpcUa.Registry.csproj", "{8A464F2F-C1C0-4DDF-AE47-015C4545C609}"
EndProject
Project("{9A19103F-16F7-4668-BE54-9A1E7A4F7556}") = "Microsoft.Azure.IIoT.OpcUa.Twin", "components\opc-ua\src\Microsoft.Azure.IIoT.OpcUa.Twin\src\Microsoft.Azure.IIoT.OpcUa.Twin.csproj", "{5261EDEA-6A3B-48A7-8895-89A4A6F15B2F}"
EndProject
Project("{9A19103F-16F7-4668-BE54-9A1E7A4F7556}") = "Microsoft.Azure.IIoT.OpcUa.Protocol", "components\opc-ua\src\Microsoft.Azure.IIoT.OpcUa.Protocol\src\Microsoft.Azure.IIoT.OpcUa.Protocol.csproj", "{F18FDD31-4310-40C6-9E8A-E98E03721939}"
EndProject
Project("{9A19103F-16F7-4668-BE54-9A1E7A4F7556}") = "Microsoft.Azure.IIoT.OpcUa.Vault", "components\opc-ua\src\Microsoft.Azure.IIoT.OpcUa.Vault\src\Microsoft.Azure.IIoT.OpcUa.Vault.csproj", "{33575581-15C8-4560-A768-B441D53A088A}"
EndProject
Project("{9A19103F-16F7-4668-BE54-9A1E7A4F7556}") = "Microsoft.Azure.IIoT.OpcUa.Gateway", "components\opc-ua\src\Microsoft.Azure.IIoT.OpcUa.Gateway\src\Microsoft.Azure.IIoT.OpcUa.Gateway.csproj", "{2592A18D-7E79-4CCC-AF7B-D5A59AFFEA5D}"
EndProject
Project("{9A19103F-16F7-4668-BE54-9A1E7A4F7556}") = "Microsoft.Azure.IIoT.OpcUa.Graph", "components\opc-ua\src\Microsoft.Azure.IIoT.OpcUa.Graph\src\Microsoft.Azure.IIoT.OpcUa.Graph.csproj", "{C80E8CD8-4268-47AF-898B-544C1F1F6496}"
EndProject
Project("{9A19103F-16F7-4668-BE54-9A1E7A4F7556}") = "Microsoft.Azure.IIoT.Abstractions", "common\src\Microsoft.Azure.IIoT.Abstractions\src\Microsoft.Azure.IIoT.Abstractions.csproj", "{F34353F1-AB1D-4740-9D91-D266E46F6FD6}"
EndProject
Project("{9A19103F-16F7-4668-BE54-9A1E7A4F7556}") = "Microsoft.Azure.IIoT.Core", "common\src\Microsoft.Azure.IIoT.Core\src\Microsoft.Azure.IIoT.Core.csproj", "{BFD75963-2B4D-431B-AB3F-4172DCADD0A4}"
EndProject
Project("{9A19103F-16F7-4668-BE54-9A1E7A4F7556}") = "Microsoft.Azure.IIoT.Hub.Mock", "common\src\Microsoft.Azure.IIoT.Hub.Mock\src\Microsoft.Azure.IIoT.Hub.Mock.csproj", "{A4D23250-B507-4C71-8DED-C19D43950C91}"
EndProject
Project("{9A19103F-16F7-4668-BE54-9A1E7A4F7556}") = "Microsoft.Azure.IIoT.Hub.Service.Client", "common\src\Microsoft.Azure.IIoT.Hub.Service.Client\src\Microsoft.Azure.IIoT.Hub.Service.Client.csproj", "{D8E43A34-8F5B-4CF5-A319-36198E035240}"
EndProject
Project("{9A19103F-16F7-4668-BE54-9A1E7A4F7556}") = "Microsoft.Azure.IIoT.Hub.Module.Framework", "common\src\Microsoft.Azure.IIoT.Hub.Module.Framework\src\Microsoft.Azure.IIoT.Hub.Module.Framework.csproj", "{C558680C-39FC-4E21-A28C-9EF2E8102ED4}"
EndProject
Project("{9A19103F-16F7-4668-BE54-9A1E7A4F7556}") = "Microsoft.Azure.IIoT.AspNetCore", "common\src\Microsoft.Azure.IIoT.AspNetCore\src\Microsoft.Azure.IIoT.AspNetCore.csproj", "{7C3C842E-A979-4118-B322-7F7403835E23}"
EndProject
Project("{9A19103F-16F7-4668-BE54-9A1E7A4F7556}") = "Microsoft.Azure.IIoT.Hub.Processor", "common\src\Microsoft.Azure.IIoT.Hub.Processor\src\Microsoft.Azure.IIoT.Hub.Processor.csproj", "{CAF3D563-E700-404B-B4F3-C683F5C35EAB}"
EndProject
Project("{9A19103F-16F7-4668-BE54-9A1E7A4F7556}") = "Microsoft.Azure.IIoT.Auth.ActiveDirectory", "common\src\Microsoft.Azure.IIoT.Auth.ActiveDirectory\src\Microsoft.Azure.IIoT.Auth.ActiveDirectory.csproj", "{B80792C1-F31E-4D21-8D26-8D69519678C0}"
EndProject
Project("{9A19103F-16F7-4668-BE54-9A1E7A4F7556}") = "Microsoft.Azure.IIoT.Crypto", "common\src\Microsoft.Azure.IIoT.Crypto\src\Microsoft.Azure.IIoT.Crypto.csproj", "{A69DC376-C0E5-4084-8FC8-A69077D92F04}"
EndProject
Project("{9A19103F-16F7-4668-BE54-9A1E7A4F7556}") = "Microsoft.Azure.IIoT.Services.OpcUa.Twin.History.Tests", "services\src\Microsoft.Azure.IIoT.Services.OpcUa.Twin.History\tests\Microsoft.Azure.IIoT.Services.OpcUa.Twin.History.Tests.csproj", "{18426423-8BC9-4661-AEA2-DB41C3E88D6E}"
EndProject
Project("{9A19103F-16F7-4668-BE54-9A1E7A4F7556}") = "Microsoft.Azure.IIoT.Services.OpcUa.Twin.Tests", "services\src\Microsoft.Azure.IIoT.Services.OpcUa.Twin\tests\Microsoft.Azure.IIoT.Services.OpcUa.Twin.Tests.csproj", "{B3266A37-F0A1-449F-943A-6C4DF35C7953}"
EndProject
Project("{9A19103F-16F7-4668-BE54-9A1E7A4F7556}") = "Microsoft.Azure.IIoT.Services.OpcUa.Registry.Tests", "services\src\Microsoft.Azure.IIoT.Services.OpcUa.Registry\tests\Microsoft.Azure.IIoT.Services.OpcUa.Registry.Tests.csproj", "{A6172B18-13C4-4FE0-9A19-21CA7D556CBB}"
EndProject
Project("{9A19103F-16F7-4668-BE54-9A1E7A4F7556}") = "Microsoft.Azure.IIoT.Services.OpcUa.Vault.Tests", "services\src\Microsoft.Azure.IIoT.Services.OpcUa.Vault\tests\Microsoft.Azure.IIoT.Services.OpcUa.Vault.Tests.csproj", "{91DE59BF-D3D9-4A86-A767-E33DDBB61476}"
EndProject
Project("{9A19103F-16F7-4668-BE54-9A1E7A4F7556}") = "Microsoft.Azure.IIoT.OpcUa.Registry.Tests", "components\opc-ua\src\Microsoft.Azure.IIoT.OpcUa.Registry\tests\Microsoft.Azure.IIoT.OpcUa.Registry.Tests.csproj", "{FE3E720B-0C94-4883-AD71-7620F0660FAB}"
EndProject
Project("{9A19103F-16F7-4668-BE54-9A1E7A4F7556}") = "Microsoft.Azure.IIoT.OpcUa.Edge.Twin.Tests", "components\opc-ua\src\Microsoft.Azure.IIoT.OpcUa.Edge.Twin\tests\Microsoft.Azure.IIoT.OpcUa.Edge.Twin.Tests.csproj", "{7CB8AF37-EB52-4B94-A9A0-103FB9E38506}"
EndProject
Project("{9A19103F-16F7-4668-BE54-9A1E7A4F7556}") = "Microsoft.Azure.IIoT.OpcUa.Testing.Cli", "components\opc-ua\src\Microsoft.Azure.IIoT.OpcUa.Testing\cli\Microsoft.Azure.IIoT.OpcUa.Testing.Cli.csproj", "{23029DA0-F9B3-46CC-B279-1BBA855D1996}"
EndProject
Project("{9A19103F-16F7-4668-BE54-9A1E7A4F7556}") = "Microsoft.Azure.IIoT.OpcUa.Protocol.Tests", "components\opc-ua\src\Microsoft.Azure.IIoT.OpcUa.Protocol\tests\Microsoft.Azure.IIoT.OpcUa.Protocol.Tests.csproj", "{CE5A3795-B3A9-4AEA-9319-B594E2794A0F}"
EndProject
Project("{9A19103F-16F7-4668-BE54-9A1E7A4F7556}") = "Microsoft.Azure.IIoT.Core.Tests", "common\src\Microsoft.Azure.IIoT.Core\tests\Microsoft.Azure.IIoT.Core.Tests.csproj", "{C093A5D1-56DB-4A54-9E81-4A644B6238EF}"
EndProject
Project("{9A19103F-16F7-4668-BE54-9A1E7A4F7556}") = "Microsoft.Azure.IIoT.Hub.Module.Framework.Tests", "common\src\Microsoft.Azure.IIoT.Hub.Module.Framework\tests\Microsoft.Azure.IIoT.Hub.Module.Framework.Tests.csproj", "{D3BF65BB-7279-4E41-8F3B-349BA6C7D84F}"
EndProject
Project("{2150E333-8FDC-42A3-9474-1A3956D46DE8}") = "common", "common", "{DF41A1FC-41C0-4E95-BC73-60BDF16C2D37}"
EndProject
Project("{2150E333-8FDC-42A3-9474-1A3956D46DE8}") = "opc-ua", "opc-ua", "{75E59BA0-618A-4154-9FCE-D2D23CCE97A6}"
EndProject
Project("{2150E333-8FDC-42A3-9474-1A3956D46DE8}") = "src", "src", "{FEE95825-2E34-45AF-BDED-52F9C7412BF5}"
EndProject
Project("{2150E333-8FDC-42A3-9474-1A3956D46DE8}") = "tests", "tests", "{BBEE26AC-8733-469B-B816-0A54EA99FC59}"
EndProject
Project("{2150E333-8FDC-42A3-9474-1A3956D46DE8}") = "src", "src", "{A6028EDB-3331-48D2-8C7D-8D681172A61A}"
EndProject
Project("{2150E333-8FDC-42A3-9474-1A3956D46DE8}") = "api", "api", "{30938473-53C1-4981-BFAB-B6309147FF24}"
EndProject
Project("{2150E333-8FDC-42A3-9474-1A3956D46DE8}") = "tools", "tools", "{E68AE69D-D585-4FFA-A820-5D1636E9656E}"
EndProject
Project("{2150E333-8FDC-42A3-9474-1A3956D46DE8}") = "tools", "tools", "{C8D79D8A-D92E-4AE3-BA54-0C927BEBCEBF}"
EndProject
Project("{2150E333-8FDC-42A3-9474-1A3956D46DE8}") = "tools", "tools", "{72646716-073F-4D6F-9ECD-52311A2BA140}"
EndProject
Project("{2150E333-8FDC-42A3-9474-1A3956D46DE8}") = "tools", "tools", "{ECAAA1FA-0A5C-4D41-8E39-E2E296BE8F1B}"
EndProject
Project("{2150E333-8FDC-42A3-9474-1A3956D46DE8}") = "modules", "modules", "{00D499F1-0262-4C1B-9702-F40960EDA2D4}"
EndProject
Project("{2150E333-8FDC-42A3-9474-1A3956D46DE8}") = "src", "src", "{AFBD4A17-2EB1-421C-BB0C-407C875F3F50}"
EndProject
Project("{2150E333-8FDC-42A3-9474-1A3956D46DE8}") = "src", "src", "{3A2DB744-69F3-488E-8CD5-45B921385B76}"
EndProject
Project("{2150E333-8FDC-42A3-9474-1A3956D46DE8}") = "src", "src", "{ADB416A3-C375-4362-B2C0-3A35DA4CB5F8}"
EndProject
Project("{2150E333-8FDC-42A3-9474-1A3956D46DE8}") = "tests", "tests", "{1266F300-8BD2-4F1E-BA88-911F5F3AC36C}"
EndProject
Project("{2150E333-8FDC-42A3-9474-1A3956D46DE8}") = "tests", "tests", "{43E69B85-2743-48EE-8FAE-A59F070E21D2}"
EndProject
Project("{2150E333-8FDC-42A3-9474-1A3956D46DE8}") = "tests", "tests", "{3E7A79D5-045F-49D0-BD29-46D4F2D62E52}"
EndProject
Project("{2150E333-8FDC-42A3-9474-1A3956D46DE8}") = "Solution Items", "Solution Items", "{28187370-EAF1-4848-922A-81278030AE03}"
	ProjectSection(SolutionItems) = preProject
		.editorconfig = .editorconfig
	EndProjectSection
EndProject
Project("{9A19103F-16F7-4668-BE54-9A1E7A4F7556}") = "Microsoft.Azure.IIoT.Crypto.Tests", "common\src\Microsoft.Azure.IIoT.Crypto\tests\Microsoft.Azure.IIoT.Crypto.Tests.csproj", "{BA5EDBB9-331F-486B-8724-2E23DC3EEADA}"
EndProject
Project("{2150E333-8FDC-42A3-9474-1A3956D46DE8}") = "platform", "platform", "{7DF1C0AF-62E7-48FA-AD20-8B43AECF3792}"
EndProject
Project("{2150E333-8FDC-42A3-9474-1A3956D46DE8}") = "services", "services", "{94277625-55AF-4668-AB23-8CEDC158FB7A}"
EndProject
Project("{9A19103F-16F7-4668-BE54-9A1E7A4F7556}") = "Microsoft.Azure.IIoT.Modules.Diagnostic", "modules\src\Microsoft.Azure.IIoT.Modules.Diagnostic\src\Microsoft.Azure.IIoT.Modules.Diagnostic.csproj", "{0A29E771-D374-45AA-9BA2-25302677310C}"
EndProject
Project("{9A19103F-16F7-4668-BE54-9A1E7A4F7556}") = "Microsoft.Azure.IIoT.Modules.Diagnostic.Cli", "modules\src\Microsoft.Azure.IIoT.Modules.Diagnostic\cli\Microsoft.Azure.IIoT.Modules.Diagnostic.Cli.csproj", "{D3100DBF-D198-4E4E-BE66-1B29C6A99FD4}"
EndProject
Project("{9A19103F-16F7-4668-BE54-9A1E7A4F7556}") = "Microsoft.Azure.IIoT.Modules.Discovery", "modules\src\Microsoft.Azure.IIoT.Modules.Discovery\src\Microsoft.Azure.IIoT.Modules.Discovery.csproj", "{EB0E6E11-3C34-4BDE-8020-5324BCEB2C06}"
EndProject
Project("{9A19103F-16F7-4668-BE54-9A1E7A4F7556}") = "Microsoft.Azure.IIoT.Modules.Discovery.Cli", "modules\src\Microsoft.Azure.IIoT.Modules.Discovery\cli\Microsoft.Azure.IIoT.Modules.Discovery.Cli.csproj", "{9CDDE537-2D55-4A7E-947D-7FA3EC87B72A}"
EndProject
Project("{9A19103F-16F7-4668-BE54-9A1E7A4F7556}") = "Microsoft.Azure.IIoT.Services.Processor.Telemetry", "services\src\Microsoft.Azure.IIoT.Services.Processor.Telemetry\src\Microsoft.Azure.IIoT.Services.Processor.Telemetry.csproj", "{5A2F6804-8AC6-49FE-82FA-9DD8F4CE38A3}"
EndProject
Project("{9A19103F-16F7-4668-BE54-9A1E7A4F7556}") = "Microsoft.Azure.IIoT.Services.OpcUa.Events", "services\src\Microsoft.Azure.IIoT.Services.OpcUa.Events\src\Microsoft.Azure.IIoT.Services.OpcUa.Events.csproj", "{C304DF8A-756F-4EAC-B7C5-967C3152EDFF}"
EndProject
Project("{9A19103F-16F7-4668-BE54-9A1E7A4F7556}") = "Microsoft.Azure.IIoT.OpcUa.Publisher", "components\opc-ua\src\Microsoft.Azure.IIoT.OpcUa.Publisher\src\Microsoft.Azure.IIoT.OpcUa.Publisher.csproj", "{3C648AC0-1E6F-4327-9D64-75851A5CBF40}"
EndProject
Project("{9A19103F-16F7-4668-BE54-9A1E7A4F7556}") = "Microsoft.Azure.IIoT.OpcUa.Api.Publisher", "api\src\Microsoft.Azure.IIoT.OpcUa.Api.Publisher\src\Microsoft.Azure.IIoT.OpcUa.Api.Publisher.csproj", "{7B86DABE-2A93-4A9A-83BC-83643F5E2B1E}"
EndProject
Project("{9A19103F-16F7-4668-BE54-9A1E7A4F7556}") = "Microsoft.Azure.IIoT.Services.OpcUa.Publisher", "services\src\Microsoft.Azure.IIoT.Services.OpcUa.Publisher\src\Microsoft.Azure.IIoT.Services.OpcUa.Publisher.csproj", "{C7104A08-2E91-44D2-B7DF-253ECE3DC493}"
EndProject
Project("{9A19103F-16F7-4668-BE54-9A1E7A4F7556}") = "Microsoft.Azure.IIoT.Storage.CosmosDb.Cli", "common\src\Microsoft.Azure.IIoT.Storage.CosmosDb\cli\Microsoft.Azure.IIoT.Storage.CosmosDb.Cli.csproj", "{E2CD0471-3F0A-40E9-9725-7C9BF1BA594F}"
EndProject
Project("{9A19103F-16F7-4668-BE54-9A1E7A4F7556}") = "Microsoft.Azure.IIoT.Storage.CosmosDb", "common\src\Microsoft.Azure.IIoT.Storage.CosmosDb\src\Microsoft.Azure.IIoT.Storage.CosmosDb.csproj", "{85C11EF0-B2F8-49C5-BC6D-476000B8EE75}"
EndProject
Project("{9A19103F-16F7-4668-BE54-9A1E7A4F7556}") = "Microsoft.Azure.IIoT.Storage.Blob", "common\src\Microsoft.Azure.IIoT.Storage.Blob\src\Microsoft.Azure.IIoT.Storage.Blob.csproj", "{EF2CC697-A505-4EF5-8399-5DD53A6DDD0C}"
EndProject
Project("{9A19103F-16F7-4668-BE54-9A1E7A4F7556}") = "Microsoft.Azure.IIoT.Messaging.SignalR", "common\src\Microsoft.Azure.IIoT.Messaging.SignalR\src\Microsoft.Azure.IIoT.Messaging.SignalR.csproj", "{483F0742-F21F-4BD8-8BE4-26FB232DA91B}"
EndProject
Project("{9A19103F-16F7-4668-BE54-9A1E7A4F7556}") = "Microsoft.Azure.IIoT.Messaging.ServiceBus", "common\src\Microsoft.Azure.IIoT.Messaging.ServiceBus\src\Microsoft.Azure.IIoT.Messaging.ServiceBus.csproj", "{BA045AE7-E1A0-4DCC-BD99-B1893ECD2DBF}"
EndProject
Project("{9A19103F-16F7-4668-BE54-9A1E7A4F7556}") = "Microsoft.Azure.IIoT.Messaging.EventHub", "common\src\Microsoft.Azure.IIoT.Messaging.EventHub\src\Microsoft.Azure.IIoT.Messaging.EventHub.csproj", "{BE047C80-A3E6-46A4-AA4C-DA4E0DD5618B}"
EndProject
Project("{9A19103F-16F7-4668-BE54-9A1E7A4F7556}") = "Microsoft.Azure.IIoT.Diagnostics.AppInsights", "common\src\Microsoft.Azure.IIoT.Diagnostics.AppInsights\src\Microsoft.Azure.IIoT.Diagnostics.AppInsights.csproj", "{4C81D80E-1D09-43FA-81F7-5EA54892A727}"
EndProject
Project("{9A19103F-16F7-4668-BE54-9A1E7A4F7556}") = "Microsoft.Azure.IIoT.Diagnostics.Debug", "common\src\Microsoft.Azure.IIoT.Diagnostics.Debug\src\Microsoft.Azure.IIoT.Diagnostics.Debug.csproj", "{89851A80-9453-455A-9271-A9B8E419C561}"
EndProject
Project("{9A19103F-16F7-4668-BE54-9A1E7A4F7556}") = "Microsoft.Azure.IIoT.Crypto.KeyVault", "common\src\Microsoft.Azure.IIoT.Crypto.KeyVault\src\Microsoft.Azure.IIoT.Crypto.KeyVault.csproj", "{608CA395-CBE8-4A26-9F4D-732F922E6827}"
EndProject
Project("{9A19103F-16F7-4668-BE54-9A1E7A4F7556}") = "Microsoft.Azure.IIoT.Crypto.KeyVault.Tests", "common\src\Microsoft.Azure.IIoT.Crypto.KeyVault\tests\Microsoft.Azure.IIoT.Crypto.KeyVault.Tests.csproj", "{919FC959-C38B-44F5-80B4-4E6273180852}"
EndProject
Project("{9A19103F-16F7-4668-BE54-9A1E7A4F7556}") = "Microsoft.Azure.IIoT.AspNetCore.OpenApi", "common\src\Microsoft.Azure.IIoT.AspNetCore.OpenApi\src\Microsoft.Azure.IIoT.AspNetCore.OpenApi.csproj", "{864ED2E6-8D92-4FFC-9AE6-6B5E551D79E0}"
EndProject
Project("{9A19103F-16F7-4668-BE54-9A1E7A4F7556}") = "Microsoft.Azure.IIoT.Auth.OpenId", "common\src\Microsoft.Azure.IIoT.Auth.OpenId\src\Microsoft.Azure.IIoT.Auth.OpenId.csproj", "{4F6123E1-17C4-4541-AA85-77631498785B}"
EndProject
Project("{9A19103F-16F7-4668-BE54-9A1E7A4F7556}") = "Microsoft.Azure.IIoT.Hub.Module.Client", "common\src\Microsoft.Azure.IIoT.Hub.Module.Client\src\Microsoft.Azure.IIoT.Hub.Module.Client.csproj", "{F4671EE3-ED95-4F00-B047-9A2D0768EDAB}"
EndProject
Project("{9A19103F-16F7-4668-BE54-9A1E7A4F7556}") = "Microsoft.Azure.IIoT.Http.SignalR", "common\src\Microsoft.Azure.IIoT.Http.SignalR\src\Microsoft.Azure.IIoT.Http.SignalR.csproj", "{57230099-14A3-4B5D-9F8A-BD93C6D6919A}"
EndProject
Project("{9A19103F-16F7-4668-BE54-9A1E7A4F7556}") = "Microsoft.Azure.IIoT.App", "samples\src\Microsoft.Azure.IIoT.App\src\Microsoft.Azure.IIoT.App.csproj", "{52663E78-E255-4263-B4D9-84B06AA8241E}"
EndProject
Project("{9A19103F-16F7-4668-BE54-9A1E7A4F7556}") = "Microsoft.Azure.IIoT.Api.Jobs", "api\src\Microsoft.Azure.IIoT.Api.Jobs\src\Microsoft.Azure.IIoT.Api.Jobs.csproj", "{1A92E086-C472-4B97-B68F-B4403B380B99}"
EndProject
Project("{9A19103F-16F7-4668-BE54-9A1E7A4F7556}") = "Microsoft.Azure.IIoT.OpcUa.Subscriber", "components\opc-ua\src\Microsoft.Azure.IIoT.OpcUa.Subscriber\src\Microsoft.Azure.IIoT.OpcUa.Subscriber.csproj", "{CD2F90BC-0FA9-4737-9F15-47EF06489423}"
EndProject
Project("{2150E333-8FDC-42A3-9474-1A3956D46DE8}") = "deploy", "deploy", "{8D316DA2-FC23-4F5A-ABE0-725C6E9653EC}"
EndProject
Project("{9A19103F-16F7-4668-BE54-9A1E7A4F7556}") = "Microsoft.Azure.IIoT.Deployment", "deploy\src\Microsoft.Azure.IIoT.Deployment\Microsoft.Azure.IIoT.Deployment.csproj", "{4676D2B5-492B-47FF-9AD8-CB546CA0CEEF}"
EndProject
Project("{2150E333-8FDC-42A3-9474-1A3956D46DE8}") = "src", "src", "{24CC83C2-F144-4EB9-9C7E-48406B1E2932}"
EndProject
Project("{9A19103F-16F7-4668-BE54-9A1E7A4F7556}") = "Microsoft.Azure.IIoT.OpcUa.Publisher.Tests", "components\opc-ua\src\Microsoft.Azure.IIoT.OpcUa.Publisher\tests\Microsoft.Azure.IIoT.OpcUa.Publisher.Tests.csproj", "{1054012B-E4A3-4144-98E1-F6E2CBE5D83F}"
EndProject
Project("{9A19103F-16F7-4668-BE54-9A1E7A4F7556}") = "Microsoft.Azure.IIoT.OpcUa.Registry.Cli", "components\opc-ua\src\Microsoft.Azure.IIoT.OpcUa.Registry\cli\Microsoft.Azure.IIoT.OpcUa.Registry.Cli.csproj", "{D026C33E-F595-4B36-AB29-FD39AA3C18A2}"
EndProject
Project("{9A19103F-16F7-4668-BE54-9A1E7A4F7556}") = "Microsoft.Azure.IIoT.OpcUa.Edge.Discovery", "components\opc-ua\src\Microsoft.Azure.IIoT.OpcUa.Edge.Discovery\src\Microsoft.Azure.IIoT.OpcUa.Edge.Discovery.csproj", "{A0A5D09E-6073-42E3-9484-4E27FB6221EB}"
EndProject
Project("{9A19103F-16F7-4668-BE54-9A1E7A4F7556}") = "Microsoft.Azure.IIoT.Services.Processor.Events", "services\src\Microsoft.Azure.IIoT.Services.Processor.Events\src\Microsoft.Azure.IIoT.Services.Processor.Events.csproj", "{BD256FCA-20DB-4FE4-8664-DAE7E0883C69}"
EndProject
Project("{9A19103F-16F7-4668-BE54-9A1E7A4F7556}") = "Microsoft.Azure.IIoT.Services.Processor.Telemetry.Cdm", "services\src\Microsoft.Azure.IIoT.Services.Processor.Telemetry.Cdm\src\Microsoft.Azure.IIoT.Services.Processor.Telemetry.Cdm.csproj", "{1BC793A2-7035-4B4B-AF31-983AD756EEFB}"
EndProject
Project("{9A19103F-16F7-4668-BE54-9A1E7A4F7556}") = "Microsoft.Azure.IIoT.Core.Cli", "common\src\Microsoft.Azure.IIoT.Core\cli\Microsoft.Azure.IIoT.Core.Cli.csproj", "{225F39AA-C351-47DA-8392-817220A9102D}"
EndProject
Project("{9A19103F-16F7-4668-BE54-9A1E7A4F7556}") = "Microsoft.Azure.IIoT.OpcUa.Api", "api\src\Microsoft.Azure.IIoT.OpcUa.Api\src\Microsoft.Azure.IIoT.OpcUa.Api.csproj", "{141AE617-037F-43FF-A7C9-B3E01160B9E3}"
EndProject
Project("{9A19103F-16F7-4668-BE54-9A1E7A4F7556}") = "Microsoft.Azure.IIoT.OpcUa.Cdm", "components\opc-ua\src\Microsoft.Azure.IIoT.OpcUa.Cdm\src\Microsoft.Azure.IIoT.OpcUa.Cdm.csproj", "{B32532AB-1D40-4C72-898A-96BA65DF3D9B}"
EndProject
Project("{9A19103F-16F7-4668-BE54-9A1E7A4F7556}") = "Microsoft.Azure.IIoT.Serializers.NewtonSoft", "common\src\Microsoft.Azure.IIoT.Serializers.NewtonSoft\src\Microsoft.Azure.IIoT.Serializers.NewtonSoft.csproj", "{3E8DCA50-F1BC-45F4-A9E5-67F6BB55DA33}"
EndProject
Project("{9A19103F-16F7-4668-BE54-9A1E7A4F7556}") = "Microsoft.Azure.IIoT.Serializers.NewtonSoft.Tests", "common\src\Microsoft.Azure.IIoT.Serializers.NewtonSoft\tests\Microsoft.Azure.IIoT.Serializers.NewtonSoft.Tests.csproj", "{AF42650B-25D9-4083-8BA7-AF200EC0173D}"
EndProject
Project("{9A19103F-16F7-4668-BE54-9A1E7A4F7556}") = "Microsoft.Azure.IIoT.Serializers.MessagePack", "common\src\Microsoft.Azure.IIoT.Serializers.MessagePack\src\Microsoft.Azure.IIoT.Serializers.MessagePack.csproj", "{9149229F-437C-42BD-AF2E-0BF73DCB5992}"
EndProject
Project("{9A19103F-16F7-4668-BE54-9A1E7A4F7556}") = "Microsoft.Azure.IIoT.Serializers.MessagePack.Tests", "common\src\Microsoft.Azure.IIoT.Serializers.MessagePack\tests\Microsoft.Azure.IIoT.Serializers.MessagePack.Tests.csproj", "{01A2DD25-32E4-424C-82E8-9C7111C64AAE}"
EndProject
Project("{9A19103F-16F7-4668-BE54-9A1E7A4F7556}") = "Microsoft.Azure.IIoT.AspNetCore.SignalR", "common\src\Microsoft.Azure.IIoT.AspNetCore.SignalR\src\Microsoft.Azure.IIoT.AspNetCore.SignalR.csproj", "{CF79D44A-E79C-42D6-BDCA-1DDFD7108AB5}"
EndProject
Project("{9A19103F-16F7-4668-BE54-9A1E7A4F7556}") = "Microsoft.Azure.IIoT.Services.OpcUa.Events.Tests", "services\src\Microsoft.Azure.IIoT.Services.OpcUa.Events\tests\Microsoft.Azure.IIoT.Services.OpcUa.Events.Tests.csproj", "{6CFFAE7C-5943-4954-B8BF-9C455AF7F071}"
EndProject
Project("{9A19103F-16F7-4668-BE54-9A1E7A4F7556}") = "Microsoft.Azure.IIoT.Api.Tests", "api\src\Microsoft.Azure.IIoT.Api\tests\Microsoft.Azure.IIoT.Api.Tests.csproj", "{69864BDD-63E3-473D-AF33-96EA0637715B}"
EndProject
Project("{9A19103F-16F7-4668-BE54-9A1E7A4F7556}") = "Microsoft.Azure.IIoT.Test.Scenarios", "api\src\Microsoft.Azure.IIoT.Api.Testing\cli\Microsoft.Azure.IIoT.Test.Scenarios.csproj", "{2923AD3C-A604-410C-93E9-E52DF312D55E}"
EndProject
Project("{2150E333-8FDC-42A3-9474-1A3956D46DE8}") = "tests", "tests", "{85888E57-3801-4986-97E2-11A25B7D1C58}"
EndProject
Global
	GlobalSection(SolutionConfigurationPlatforms) = preSolution
		Debug|Any CPU = Debug|Any CPU
		Release|Any CPU = Release|Any CPU
	EndGlobalSection
	GlobalSection(ProjectConfigurationPlatforms) = postSolution
		{5FEB2030-5C23-4274-BFA2-2FF184ADD230}.Debug|Any CPU.ActiveCfg = Debug|Any CPU
		{5FEB2030-5C23-4274-BFA2-2FF184ADD230}.Debug|Any CPU.Build.0 = Debug|Any CPU
		{5FEB2030-5C23-4274-BFA2-2FF184ADD230}.Release|Any CPU.ActiveCfg = Release|Any CPU
		{5FEB2030-5C23-4274-BFA2-2FF184ADD230}.Release|Any CPU.Build.0 = Release|Any CPU
		{F0B9B85E-9D2E-46B2-9986-5D98B21904EE}.Debug|Any CPU.ActiveCfg = Debug|Any CPU
		{F0B9B85E-9D2E-46B2-9986-5D98B21904EE}.Debug|Any CPU.Build.0 = Debug|Any CPU
		{F0B9B85E-9D2E-46B2-9986-5D98B21904EE}.Release|Any CPU.ActiveCfg = Release|Any CPU
		{F0B9B85E-9D2E-46B2-9986-5D98B21904EE}.Release|Any CPU.Build.0 = Release|Any CPU
		{4073F4E2-FAA8-4509-A47A-855D527588FC}.Debug|Any CPU.ActiveCfg = Debug|Any CPU
		{4073F4E2-FAA8-4509-A47A-855D527588FC}.Debug|Any CPU.Build.0 = Debug|Any CPU
		{4073F4E2-FAA8-4509-A47A-855D527588FC}.Release|Any CPU.ActiveCfg = Release|Any CPU
		{4073F4E2-FAA8-4509-A47A-855D527588FC}.Release|Any CPU.Build.0 = Release|Any CPU
		{7FEE3528-FE99-4F1A-91C0-DCFBC9236871}.Debug|Any CPU.ActiveCfg = Debug|Any CPU
		{7FEE3528-FE99-4F1A-91C0-DCFBC9236871}.Debug|Any CPU.Build.0 = Debug|Any CPU
		{7FEE3528-FE99-4F1A-91C0-DCFBC9236871}.Release|Any CPU.ActiveCfg = Release|Any CPU
		{7FEE3528-FE99-4F1A-91C0-DCFBC9236871}.Release|Any CPU.Build.0 = Release|Any CPU
		{1C38EA47-5081-46A5-9470-4251A5255554}.Debug|Any CPU.ActiveCfg = Debug|Any CPU
		{1C38EA47-5081-46A5-9470-4251A5255554}.Debug|Any CPU.Build.0 = Debug|Any CPU
		{1C38EA47-5081-46A5-9470-4251A5255554}.Release|Any CPU.ActiveCfg = Release|Any CPU
		{1C38EA47-5081-46A5-9470-4251A5255554}.Release|Any CPU.Build.0 = Release|Any CPU
		{CEA7E2E5-ADC6-4580-9AC6-E8D546E14192}.Debug|Any CPU.ActiveCfg = Debug|Any CPU
		{CEA7E2E5-ADC6-4580-9AC6-E8D546E14192}.Debug|Any CPU.Build.0 = Debug|Any CPU
		{CEA7E2E5-ADC6-4580-9AC6-E8D546E14192}.Release|Any CPU.ActiveCfg = Release|Any CPU
		{CEA7E2E5-ADC6-4580-9AC6-E8D546E14192}.Release|Any CPU.Build.0 = Release|Any CPU
		{D14C979A-E41B-459B-97CE-E3DA62E02369}.Debug|Any CPU.ActiveCfg = Debug|Any CPU
		{D14C979A-E41B-459B-97CE-E3DA62E02369}.Debug|Any CPU.Build.0 = Debug|Any CPU
		{D14C979A-E41B-459B-97CE-E3DA62E02369}.Release|Any CPU.ActiveCfg = Release|Any CPU
		{D14C979A-E41B-459B-97CE-E3DA62E02369}.Release|Any CPU.Build.0 = Release|Any CPU
		{42B6F4CC-01B0-496B-A8FB-69908691DBEF}.Debug|Any CPU.ActiveCfg = Debug|Any CPU
		{42B6F4CC-01B0-496B-A8FB-69908691DBEF}.Debug|Any CPU.Build.0 = Debug|Any CPU
		{42B6F4CC-01B0-496B-A8FB-69908691DBEF}.Release|Any CPU.ActiveCfg = Release|Any CPU
		{42B6F4CC-01B0-496B-A8FB-69908691DBEF}.Release|Any CPU.Build.0 = Release|Any CPU
		{A7ECF6A4-AFE0-4A52-8DC9-63DFB7A07889}.Debug|Any CPU.ActiveCfg = Debug|Any CPU
		{A7ECF6A4-AFE0-4A52-8DC9-63DFB7A07889}.Debug|Any CPU.Build.0 = Debug|Any CPU
		{A7ECF6A4-AFE0-4A52-8DC9-63DFB7A07889}.Release|Any CPU.ActiveCfg = Release|Any CPU
		{A7ECF6A4-AFE0-4A52-8DC9-63DFB7A07889}.Release|Any CPU.Build.0 = Release|Any CPU
		{7840E38C-D435-432B-A5B4-2393D1A5D21A}.Debug|Any CPU.ActiveCfg = Debug|Any CPU
		{7840E38C-D435-432B-A5B4-2393D1A5D21A}.Debug|Any CPU.Build.0 = Debug|Any CPU
		{7840E38C-D435-432B-A5B4-2393D1A5D21A}.Release|Any CPU.ActiveCfg = Release|Any CPU
		{7840E38C-D435-432B-A5B4-2393D1A5D21A}.Release|Any CPU.Build.0 = Release|Any CPU
		{34BF73AA-89A3-4E10-A1AC-2360A93143FE}.Debug|Any CPU.ActiveCfg = Debug|Any CPU
		{34BF73AA-89A3-4E10-A1AC-2360A93143FE}.Debug|Any CPU.Build.0 = Debug|Any CPU
		{34BF73AA-89A3-4E10-A1AC-2360A93143FE}.Release|Any CPU.ActiveCfg = Release|Any CPU
		{34BF73AA-89A3-4E10-A1AC-2360A93143FE}.Release|Any CPU.Build.0 = Release|Any CPU
		{98CC86E7-6BD0-4B5A-B71B-C8F57C98E081}.Debug|Any CPU.ActiveCfg = Debug|Any CPU
		{98CC86E7-6BD0-4B5A-B71B-C8F57C98E081}.Debug|Any CPU.Build.0 = Debug|Any CPU
		{98CC86E7-6BD0-4B5A-B71B-C8F57C98E081}.Release|Any CPU.ActiveCfg = Release|Any CPU
		{98CC86E7-6BD0-4B5A-B71B-C8F57C98E081}.Release|Any CPU.Build.0 = Release|Any CPU
		{039B213A-5930-475D-B3C0-FA15AF6CD631}.Debug|Any CPU.ActiveCfg = Debug|Any CPU
		{039B213A-5930-475D-B3C0-FA15AF6CD631}.Debug|Any CPU.Build.0 = Debug|Any CPU
		{039B213A-5930-475D-B3C0-FA15AF6CD631}.Release|Any CPU.ActiveCfg = Release|Any CPU
		{039B213A-5930-475D-B3C0-FA15AF6CD631}.Release|Any CPU.Build.0 = Release|Any CPU
		{A8C4FFE0-20D8-40F4-8B9F-26FE9D013E2F}.Debug|Any CPU.ActiveCfg = Debug|Any CPU
		{A8C4FFE0-20D8-40F4-8B9F-26FE9D013E2F}.Debug|Any CPU.Build.0 = Debug|Any CPU
		{A8C4FFE0-20D8-40F4-8B9F-26FE9D013E2F}.Release|Any CPU.ActiveCfg = Release|Any CPU
		{A8C4FFE0-20D8-40F4-8B9F-26FE9D013E2F}.Release|Any CPU.Build.0 = Release|Any CPU
		{5133BBA0-2F9F-447F-925A-87AD387F07D2}.Debug|Any CPU.ActiveCfg = Debug|Any CPU
		{5133BBA0-2F9F-447F-925A-87AD387F07D2}.Debug|Any CPU.Build.0 = Debug|Any CPU
		{5133BBA0-2F9F-447F-925A-87AD387F07D2}.Release|Any CPU.ActiveCfg = Release|Any CPU
		{5133BBA0-2F9F-447F-925A-87AD387F07D2}.Release|Any CPU.Build.0 = Release|Any CPU
		{EBD53795-90EF-48A6-BA35-A9DE9DBF3BE3}.Debug|Any CPU.ActiveCfg = Debug|Any CPU
		{EBD53795-90EF-48A6-BA35-A9DE9DBF3BE3}.Debug|Any CPU.Build.0 = Debug|Any CPU
		{EBD53795-90EF-48A6-BA35-A9DE9DBF3BE3}.Release|Any CPU.ActiveCfg = Release|Any CPU
		{EBD53795-90EF-48A6-BA35-A9DE9DBF3BE3}.Release|Any CPU.Build.0 = Release|Any CPU
		{D2DB7A83-1682-4A01-857F-CE415287ACF0}.Debug|Any CPU.ActiveCfg = Debug|Any CPU
		{D2DB7A83-1682-4A01-857F-CE415287ACF0}.Debug|Any CPU.Build.0 = Debug|Any CPU
		{D2DB7A83-1682-4A01-857F-CE415287ACF0}.Release|Any CPU.ActiveCfg = Release|Any CPU
		{D2DB7A83-1682-4A01-857F-CE415287ACF0}.Release|Any CPU.Build.0 = Release|Any CPU
		{C42023DA-F375-401B-BF9B-D20286311455}.Debug|Any CPU.ActiveCfg = Debug|Any CPU
		{C42023DA-F375-401B-BF9B-D20286311455}.Debug|Any CPU.Build.0 = Debug|Any CPU
		{C42023DA-F375-401B-BF9B-D20286311455}.Release|Any CPU.ActiveCfg = Release|Any CPU
		{C42023DA-F375-401B-BF9B-D20286311455}.Release|Any CPU.Build.0 = Release|Any CPU
		{4338CF8A-5298-4C8F-942F-D20E7255BEA8}.Debug|Any CPU.ActiveCfg = Debug|Any CPU
		{4338CF8A-5298-4C8F-942F-D20E7255BEA8}.Debug|Any CPU.Build.0 = Debug|Any CPU
		{4338CF8A-5298-4C8F-942F-D20E7255BEA8}.Release|Any CPU.ActiveCfg = Release|Any CPU
		{4338CF8A-5298-4C8F-942F-D20E7255BEA8}.Release|Any CPU.Build.0 = Release|Any CPU
		{7137B8E7-A508-4917-A6FC-9CB5CCF8F9EA}.Debug|Any CPU.ActiveCfg = Debug|Any CPU
		{7137B8E7-A508-4917-A6FC-9CB5CCF8F9EA}.Debug|Any CPU.Build.0 = Debug|Any CPU
		{7137B8E7-A508-4917-A6FC-9CB5CCF8F9EA}.Release|Any CPU.ActiveCfg = Release|Any CPU
		{7137B8E7-A508-4917-A6FC-9CB5CCF8F9EA}.Release|Any CPU.Build.0 = Release|Any CPU
		{D059B44D-8C53-4B03-BE3D-5E50BA51A93A}.Debug|Any CPU.ActiveCfg = Debug|Any CPU
		{D059B44D-8C53-4B03-BE3D-5E50BA51A93A}.Debug|Any CPU.Build.0 = Debug|Any CPU
		{D059B44D-8C53-4B03-BE3D-5E50BA51A93A}.Release|Any CPU.ActiveCfg = Release|Any CPU
		{D059B44D-8C53-4B03-BE3D-5E50BA51A93A}.Release|Any CPU.Build.0 = Release|Any CPU
		{8C90549C-BB32-4A32-A50C-62C7118B5AE7}.Debug|Any CPU.ActiveCfg = Debug|Any CPU
		{8C90549C-BB32-4A32-A50C-62C7118B5AE7}.Debug|Any CPU.Build.0 = Debug|Any CPU
		{8C90549C-BB32-4A32-A50C-62C7118B5AE7}.Release|Any CPU.ActiveCfg = Release|Any CPU
		{8C90549C-BB32-4A32-A50C-62C7118B5AE7}.Release|Any CPU.Build.0 = Release|Any CPU
		{5709535C-A93D-4D03-8748-5F202C2A05EF}.Debug|Any CPU.ActiveCfg = Debug|Any CPU
		{5709535C-A93D-4D03-8748-5F202C2A05EF}.Debug|Any CPU.Build.0 = Debug|Any CPU
		{5709535C-A93D-4D03-8748-5F202C2A05EF}.Release|Any CPU.ActiveCfg = Release|Any CPU
		{5709535C-A93D-4D03-8748-5F202C2A05EF}.Release|Any CPU.Build.0 = Release|Any CPU
		{B829F5E5-E906-4EFC-86D5-CB74C34194B2}.Debug|Any CPU.ActiveCfg = Debug|Any CPU
		{B829F5E5-E906-4EFC-86D5-CB74C34194B2}.Debug|Any CPU.Build.0 = Debug|Any CPU
		{B829F5E5-E906-4EFC-86D5-CB74C34194B2}.Release|Any CPU.ActiveCfg = Release|Any CPU
		{B829F5E5-E906-4EFC-86D5-CB74C34194B2}.Release|Any CPU.Build.0 = Release|Any CPU
		{8F49F047-9BA6-44EF-84BF-2C2C140818E3}.Debug|Any CPU.ActiveCfg = Debug|Any CPU
		{8F49F047-9BA6-44EF-84BF-2C2C140818E3}.Debug|Any CPU.Build.0 = Debug|Any CPU
		{8F49F047-9BA6-44EF-84BF-2C2C140818E3}.Release|Any CPU.ActiveCfg = Release|Any CPU
		{8F49F047-9BA6-44EF-84BF-2C2C140818E3}.Release|Any CPU.Build.0 = Release|Any CPU
		{C2F3B451-2971-4D8F-AAA2-8481A251AA3F}.Debug|Any CPU.ActiveCfg = Debug|Any CPU
		{C2F3B451-2971-4D8F-AAA2-8481A251AA3F}.Debug|Any CPU.Build.0 = Debug|Any CPU
		{C2F3B451-2971-4D8F-AAA2-8481A251AA3F}.Release|Any CPU.ActiveCfg = Release|Any CPU
		{C2F3B451-2971-4D8F-AAA2-8481A251AA3F}.Release|Any CPU.Build.0 = Release|Any CPU
		{E3A58E3C-46F2-4F53-AB43-609FEB003E14}.Debug|Any CPU.ActiveCfg = Debug|Any CPU
		{E3A58E3C-46F2-4F53-AB43-609FEB003E14}.Debug|Any CPU.Build.0 = Debug|Any CPU
		{E3A58E3C-46F2-4F53-AB43-609FEB003E14}.Release|Any CPU.ActiveCfg = Release|Any CPU
		{E3A58E3C-46F2-4F53-AB43-609FEB003E14}.Release|Any CPU.Build.0 = Release|Any CPU
		{8A464F2F-C1C0-4DDF-AE47-015C4545C609}.Debug|Any CPU.ActiveCfg = Debug|Any CPU
		{8A464F2F-C1C0-4DDF-AE47-015C4545C609}.Debug|Any CPU.Build.0 = Debug|Any CPU
		{8A464F2F-C1C0-4DDF-AE47-015C4545C609}.Release|Any CPU.ActiveCfg = Release|Any CPU
		{8A464F2F-C1C0-4DDF-AE47-015C4545C609}.Release|Any CPU.Build.0 = Release|Any CPU
		{5261EDEA-6A3B-48A7-8895-89A4A6F15B2F}.Debug|Any CPU.ActiveCfg = Debug|Any CPU
		{5261EDEA-6A3B-48A7-8895-89A4A6F15B2F}.Debug|Any CPU.Build.0 = Debug|Any CPU
		{5261EDEA-6A3B-48A7-8895-89A4A6F15B2F}.Release|Any CPU.ActiveCfg = Release|Any CPU
		{5261EDEA-6A3B-48A7-8895-89A4A6F15B2F}.Release|Any CPU.Build.0 = Release|Any CPU
		{F18FDD31-4310-40C6-9E8A-E98E03721939}.Debug|Any CPU.ActiveCfg = Debug|Any CPU
		{F18FDD31-4310-40C6-9E8A-E98E03721939}.Debug|Any CPU.Build.0 = Debug|Any CPU
		{F18FDD31-4310-40C6-9E8A-E98E03721939}.Release|Any CPU.ActiveCfg = Release|Any CPU
		{F18FDD31-4310-40C6-9E8A-E98E03721939}.Release|Any CPU.Build.0 = Release|Any CPU
		{33575581-15C8-4560-A768-B441D53A088A}.Debug|Any CPU.ActiveCfg = Debug|Any CPU
		{33575581-15C8-4560-A768-B441D53A088A}.Debug|Any CPU.Build.0 = Debug|Any CPU
		{33575581-15C8-4560-A768-B441D53A088A}.Release|Any CPU.ActiveCfg = Release|Any CPU
		{33575581-15C8-4560-A768-B441D53A088A}.Release|Any CPU.Build.0 = Release|Any CPU
		{2592A18D-7E79-4CCC-AF7B-D5A59AFFEA5D}.Debug|Any CPU.ActiveCfg = Debug|Any CPU
		{2592A18D-7E79-4CCC-AF7B-D5A59AFFEA5D}.Debug|Any CPU.Build.0 = Debug|Any CPU
		{2592A18D-7E79-4CCC-AF7B-D5A59AFFEA5D}.Release|Any CPU.ActiveCfg = Release|Any CPU
		{2592A18D-7E79-4CCC-AF7B-D5A59AFFEA5D}.Release|Any CPU.Build.0 = Release|Any CPU
		{C80E8CD8-4268-47AF-898B-544C1F1F6496}.Debug|Any CPU.ActiveCfg = Debug|Any CPU
		{C80E8CD8-4268-47AF-898B-544C1F1F6496}.Debug|Any CPU.Build.0 = Debug|Any CPU
		{C80E8CD8-4268-47AF-898B-544C1F1F6496}.Release|Any CPU.ActiveCfg = Release|Any CPU
		{C80E8CD8-4268-47AF-898B-544C1F1F6496}.Release|Any CPU.Build.0 = Release|Any CPU
		{F34353F1-AB1D-4740-9D91-D266E46F6FD6}.Debug|Any CPU.ActiveCfg = Debug|Any CPU
		{F34353F1-AB1D-4740-9D91-D266E46F6FD6}.Debug|Any CPU.Build.0 = Debug|Any CPU
		{F34353F1-AB1D-4740-9D91-D266E46F6FD6}.Release|Any CPU.ActiveCfg = Release|Any CPU
		{F34353F1-AB1D-4740-9D91-D266E46F6FD6}.Release|Any CPU.Build.0 = Release|Any CPU
		{BFD75963-2B4D-431B-AB3F-4172DCADD0A4}.Debug|Any CPU.ActiveCfg = Debug|Any CPU
		{BFD75963-2B4D-431B-AB3F-4172DCADD0A4}.Debug|Any CPU.Build.0 = Debug|Any CPU
		{BFD75963-2B4D-431B-AB3F-4172DCADD0A4}.Release|Any CPU.ActiveCfg = Release|Any CPU
		{BFD75963-2B4D-431B-AB3F-4172DCADD0A4}.Release|Any CPU.Build.0 = Release|Any CPU
		{A4D23250-B507-4C71-8DED-C19D43950C91}.Debug|Any CPU.ActiveCfg = Debug|Any CPU
		{A4D23250-B507-4C71-8DED-C19D43950C91}.Debug|Any CPU.Build.0 = Debug|Any CPU
		{A4D23250-B507-4C71-8DED-C19D43950C91}.Release|Any CPU.ActiveCfg = Release|Any CPU
		{A4D23250-B507-4C71-8DED-C19D43950C91}.Release|Any CPU.Build.0 = Release|Any CPU
		{D8E43A34-8F5B-4CF5-A319-36198E035240}.Debug|Any CPU.ActiveCfg = Debug|Any CPU
		{D8E43A34-8F5B-4CF5-A319-36198E035240}.Debug|Any CPU.Build.0 = Debug|Any CPU
		{D8E43A34-8F5B-4CF5-A319-36198E035240}.Release|Any CPU.ActiveCfg = Release|Any CPU
		{D8E43A34-8F5B-4CF5-A319-36198E035240}.Release|Any CPU.Build.0 = Release|Any CPU
		{C558680C-39FC-4E21-A28C-9EF2E8102ED4}.Debug|Any CPU.ActiveCfg = Debug|Any CPU
		{C558680C-39FC-4E21-A28C-9EF2E8102ED4}.Debug|Any CPU.Build.0 = Debug|Any CPU
		{C558680C-39FC-4E21-A28C-9EF2E8102ED4}.Release|Any CPU.ActiveCfg = Release|Any CPU
		{C558680C-39FC-4E21-A28C-9EF2E8102ED4}.Release|Any CPU.Build.0 = Release|Any CPU
		{7C3C842E-A979-4118-B322-7F7403835E23}.Debug|Any CPU.ActiveCfg = Debug|Any CPU
		{7C3C842E-A979-4118-B322-7F7403835E23}.Debug|Any CPU.Build.0 = Debug|Any CPU
		{7C3C842E-A979-4118-B322-7F7403835E23}.Release|Any CPU.ActiveCfg = Release|Any CPU
		{7C3C842E-A979-4118-B322-7F7403835E23}.Release|Any CPU.Build.0 = Release|Any CPU
		{CAF3D563-E700-404B-B4F3-C683F5C35EAB}.Debug|Any CPU.ActiveCfg = Debug|Any CPU
		{CAF3D563-E700-404B-B4F3-C683F5C35EAB}.Debug|Any CPU.Build.0 = Debug|Any CPU
		{CAF3D563-E700-404B-B4F3-C683F5C35EAB}.Release|Any CPU.ActiveCfg = Release|Any CPU
		{CAF3D563-E700-404B-B4F3-C683F5C35EAB}.Release|Any CPU.Build.0 = Release|Any CPU
		{B80792C1-F31E-4D21-8D26-8D69519678C0}.Debug|Any CPU.ActiveCfg = Debug|Any CPU
		{B80792C1-F31E-4D21-8D26-8D69519678C0}.Debug|Any CPU.Build.0 = Debug|Any CPU
		{B80792C1-F31E-4D21-8D26-8D69519678C0}.Release|Any CPU.ActiveCfg = Release|Any CPU
		{B80792C1-F31E-4D21-8D26-8D69519678C0}.Release|Any CPU.Build.0 = Release|Any CPU
		{A69DC376-C0E5-4084-8FC8-A69077D92F04}.Debug|Any CPU.ActiveCfg = Debug|Any CPU
		{A69DC376-C0E5-4084-8FC8-A69077D92F04}.Debug|Any CPU.Build.0 = Debug|Any CPU
		{A69DC376-C0E5-4084-8FC8-A69077D92F04}.Release|Any CPU.ActiveCfg = Release|Any CPU
		{A69DC376-C0E5-4084-8FC8-A69077D92F04}.Release|Any CPU.Build.0 = Release|Any CPU
		{18426423-8BC9-4661-AEA2-DB41C3E88D6E}.Debug|Any CPU.ActiveCfg = Debug|Any CPU
		{18426423-8BC9-4661-AEA2-DB41C3E88D6E}.Debug|Any CPU.Build.0 = Debug|Any CPU
		{18426423-8BC9-4661-AEA2-DB41C3E88D6E}.Release|Any CPU.ActiveCfg = Release|Any CPU
		{18426423-8BC9-4661-AEA2-DB41C3E88D6E}.Release|Any CPU.Build.0 = Release|Any CPU
		{B3266A37-F0A1-449F-943A-6C4DF35C7953}.Debug|Any CPU.ActiveCfg = Debug|Any CPU
		{B3266A37-F0A1-449F-943A-6C4DF35C7953}.Debug|Any CPU.Build.0 = Debug|Any CPU
		{B3266A37-F0A1-449F-943A-6C4DF35C7953}.Release|Any CPU.ActiveCfg = Release|Any CPU
		{B3266A37-F0A1-449F-943A-6C4DF35C7953}.Release|Any CPU.Build.0 = Release|Any CPU
		{A6172B18-13C4-4FE0-9A19-21CA7D556CBB}.Debug|Any CPU.ActiveCfg = Debug|Any CPU
		{A6172B18-13C4-4FE0-9A19-21CA7D556CBB}.Debug|Any CPU.Build.0 = Debug|Any CPU
		{A6172B18-13C4-4FE0-9A19-21CA7D556CBB}.Release|Any CPU.ActiveCfg = Release|Any CPU
		{A6172B18-13C4-4FE0-9A19-21CA7D556CBB}.Release|Any CPU.Build.0 = Release|Any CPU
		{91DE59BF-D3D9-4A86-A767-E33DDBB61476}.Debug|Any CPU.ActiveCfg = Debug|Any CPU
		{91DE59BF-D3D9-4A86-A767-E33DDBB61476}.Debug|Any CPU.Build.0 = Debug|Any CPU
		{91DE59BF-D3D9-4A86-A767-E33DDBB61476}.Release|Any CPU.ActiveCfg = Release|Any CPU
		{91DE59BF-D3D9-4A86-A767-E33DDBB61476}.Release|Any CPU.Build.0 = Release|Any CPU
		{FE3E720B-0C94-4883-AD71-7620F0660FAB}.Debug|Any CPU.ActiveCfg = Debug|Any CPU
		{FE3E720B-0C94-4883-AD71-7620F0660FAB}.Debug|Any CPU.Build.0 = Debug|Any CPU
		{FE3E720B-0C94-4883-AD71-7620F0660FAB}.Release|Any CPU.ActiveCfg = Release|Any CPU
		{FE3E720B-0C94-4883-AD71-7620F0660FAB}.Release|Any CPU.Build.0 = Release|Any CPU
		{7CB8AF37-EB52-4B94-A9A0-103FB9E38506}.Debug|Any CPU.ActiveCfg = Debug|Any CPU
		{7CB8AF37-EB52-4B94-A9A0-103FB9E38506}.Debug|Any CPU.Build.0 = Debug|Any CPU
		{7CB8AF37-EB52-4B94-A9A0-103FB9E38506}.Release|Any CPU.ActiveCfg = Release|Any CPU
		{7CB8AF37-EB52-4B94-A9A0-103FB9E38506}.Release|Any CPU.Build.0 = Release|Any CPU
		{23029DA0-F9B3-46CC-B279-1BBA855D1996}.Debug|Any CPU.ActiveCfg = Debug|Any CPU
		{23029DA0-F9B3-46CC-B279-1BBA855D1996}.Debug|Any CPU.Build.0 = Debug|Any CPU
		{23029DA0-F9B3-46CC-B279-1BBA855D1996}.Release|Any CPU.ActiveCfg = Release|Any CPU
		{23029DA0-F9B3-46CC-B279-1BBA855D1996}.Release|Any CPU.Build.0 = Release|Any CPU
		{CE5A3795-B3A9-4AEA-9319-B594E2794A0F}.Debug|Any CPU.ActiveCfg = Debug|Any CPU
		{CE5A3795-B3A9-4AEA-9319-B594E2794A0F}.Debug|Any CPU.Build.0 = Debug|Any CPU
		{CE5A3795-B3A9-4AEA-9319-B594E2794A0F}.Release|Any CPU.ActiveCfg = Release|Any CPU
		{CE5A3795-B3A9-4AEA-9319-B594E2794A0F}.Release|Any CPU.Build.0 = Release|Any CPU
		{C093A5D1-56DB-4A54-9E81-4A644B6238EF}.Debug|Any CPU.ActiveCfg = Debug|Any CPU
		{C093A5D1-56DB-4A54-9E81-4A644B6238EF}.Debug|Any CPU.Build.0 = Debug|Any CPU
		{C093A5D1-56DB-4A54-9E81-4A644B6238EF}.Release|Any CPU.ActiveCfg = Release|Any CPU
		{C093A5D1-56DB-4A54-9E81-4A644B6238EF}.Release|Any CPU.Build.0 = Release|Any CPU
		{D3BF65BB-7279-4E41-8F3B-349BA6C7D84F}.Debug|Any CPU.ActiveCfg = Debug|Any CPU
		{D3BF65BB-7279-4E41-8F3B-349BA6C7D84F}.Debug|Any CPU.Build.0 = Debug|Any CPU
		{D3BF65BB-7279-4E41-8F3B-349BA6C7D84F}.Release|Any CPU.ActiveCfg = Release|Any CPU
		{D3BF65BB-7279-4E41-8F3B-349BA6C7D84F}.Release|Any CPU.Build.0 = Release|Any CPU
		{BA5EDBB9-331F-486B-8724-2E23DC3EEADA}.Debug|Any CPU.ActiveCfg = Debug|Any CPU
		{BA5EDBB9-331F-486B-8724-2E23DC3EEADA}.Debug|Any CPU.Build.0 = Debug|Any CPU
		{BA5EDBB9-331F-486B-8724-2E23DC3EEADA}.Release|Any CPU.ActiveCfg = Release|Any CPU
		{BA5EDBB9-331F-486B-8724-2E23DC3EEADA}.Release|Any CPU.Build.0 = Release|Any CPU
		{0A29E771-D374-45AA-9BA2-25302677310C}.Debug|Any CPU.ActiveCfg = Debug|Any CPU
		{0A29E771-D374-45AA-9BA2-25302677310C}.Debug|Any CPU.Build.0 = Debug|Any CPU
		{0A29E771-D374-45AA-9BA2-25302677310C}.Release|Any CPU.ActiveCfg = Release|Any CPU
		{0A29E771-D374-45AA-9BA2-25302677310C}.Release|Any CPU.Build.0 = Release|Any CPU
		{D3100DBF-D198-4E4E-BE66-1B29C6A99FD4}.Debug|Any CPU.ActiveCfg = Debug|Any CPU
		{D3100DBF-D198-4E4E-BE66-1B29C6A99FD4}.Debug|Any CPU.Build.0 = Debug|Any CPU
		{D3100DBF-D198-4E4E-BE66-1B29C6A99FD4}.Release|Any CPU.ActiveCfg = Release|Any CPU
		{D3100DBF-D198-4E4E-BE66-1B29C6A99FD4}.Release|Any CPU.Build.0 = Release|Any CPU
		{EB0E6E11-3C34-4BDE-8020-5324BCEB2C06}.Debug|Any CPU.ActiveCfg = Debug|Any CPU
		{EB0E6E11-3C34-4BDE-8020-5324BCEB2C06}.Debug|Any CPU.Build.0 = Debug|Any CPU
		{EB0E6E11-3C34-4BDE-8020-5324BCEB2C06}.Release|Any CPU.ActiveCfg = Release|Any CPU
		{EB0E6E11-3C34-4BDE-8020-5324BCEB2C06}.Release|Any CPU.Build.0 = Release|Any CPU
		{9CDDE537-2D55-4A7E-947D-7FA3EC87B72A}.Debug|Any CPU.ActiveCfg = Debug|Any CPU
		{9CDDE537-2D55-4A7E-947D-7FA3EC87B72A}.Debug|Any CPU.Build.0 = Debug|Any CPU
		{9CDDE537-2D55-4A7E-947D-7FA3EC87B72A}.Release|Any CPU.ActiveCfg = Release|Any CPU
		{9CDDE537-2D55-4A7E-947D-7FA3EC87B72A}.Release|Any CPU.Build.0 = Release|Any CPU
		{5A2F6804-8AC6-49FE-82FA-9DD8F4CE38A3}.Debug|Any CPU.ActiveCfg = Debug|Any CPU
		{5A2F6804-8AC6-49FE-82FA-9DD8F4CE38A3}.Debug|Any CPU.Build.0 = Debug|Any CPU
		{5A2F6804-8AC6-49FE-82FA-9DD8F4CE38A3}.Release|Any CPU.ActiveCfg = Release|Any CPU
		{5A2F6804-8AC6-49FE-82FA-9DD8F4CE38A3}.Release|Any CPU.Build.0 = Release|Any CPU
		{C304DF8A-756F-4EAC-B7C5-967C3152EDFF}.Debug|Any CPU.ActiveCfg = Debug|Any CPU
		{C304DF8A-756F-4EAC-B7C5-967C3152EDFF}.Debug|Any CPU.Build.0 = Debug|Any CPU
		{C304DF8A-756F-4EAC-B7C5-967C3152EDFF}.Release|Any CPU.ActiveCfg = Release|Any CPU
		{C304DF8A-756F-4EAC-B7C5-967C3152EDFF}.Release|Any CPU.Build.0 = Release|Any CPU
		{3C648AC0-1E6F-4327-9D64-75851A5CBF40}.Debug|Any CPU.ActiveCfg = Debug|Any CPU
		{3C648AC0-1E6F-4327-9D64-75851A5CBF40}.Debug|Any CPU.Build.0 = Debug|Any CPU
		{3C648AC0-1E6F-4327-9D64-75851A5CBF40}.Release|Any CPU.ActiveCfg = Release|Any CPU
		{3C648AC0-1E6F-4327-9D64-75851A5CBF40}.Release|Any CPU.Build.0 = Release|Any CPU
		{7B86DABE-2A93-4A9A-83BC-83643F5E2B1E}.Debug|Any CPU.ActiveCfg = Debug|Any CPU
		{7B86DABE-2A93-4A9A-83BC-83643F5E2B1E}.Debug|Any CPU.Build.0 = Debug|Any CPU
		{7B86DABE-2A93-4A9A-83BC-83643F5E2B1E}.Release|Any CPU.ActiveCfg = Release|Any CPU
		{7B86DABE-2A93-4A9A-83BC-83643F5E2B1E}.Release|Any CPU.Build.0 = Release|Any CPU
		{C7104A08-2E91-44D2-B7DF-253ECE3DC493}.Debug|Any CPU.ActiveCfg = Debug|Any CPU
		{C7104A08-2E91-44D2-B7DF-253ECE3DC493}.Debug|Any CPU.Build.0 = Debug|Any CPU
		{C7104A08-2E91-44D2-B7DF-253ECE3DC493}.Release|Any CPU.ActiveCfg = Release|Any CPU
		{C7104A08-2E91-44D2-B7DF-253ECE3DC493}.Release|Any CPU.Build.0 = Release|Any CPU
		{E2CD0471-3F0A-40E9-9725-7C9BF1BA594F}.Debug|Any CPU.ActiveCfg = Debug|Any CPU
		{E2CD0471-3F0A-40E9-9725-7C9BF1BA594F}.Debug|Any CPU.Build.0 = Debug|Any CPU
		{E2CD0471-3F0A-40E9-9725-7C9BF1BA594F}.Release|Any CPU.ActiveCfg = Release|Any CPU
		{E2CD0471-3F0A-40E9-9725-7C9BF1BA594F}.Release|Any CPU.Build.0 = Release|Any CPU
		{85C11EF0-B2F8-49C5-BC6D-476000B8EE75}.Debug|Any CPU.ActiveCfg = Debug|Any CPU
		{85C11EF0-B2F8-49C5-BC6D-476000B8EE75}.Debug|Any CPU.Build.0 = Debug|Any CPU
		{85C11EF0-B2F8-49C5-BC6D-476000B8EE75}.Release|Any CPU.ActiveCfg = Release|Any CPU
		{85C11EF0-B2F8-49C5-BC6D-476000B8EE75}.Release|Any CPU.Build.0 = Release|Any CPU
		{EF2CC697-A505-4EF5-8399-5DD53A6DDD0C}.Debug|Any CPU.ActiveCfg = Debug|Any CPU
		{EF2CC697-A505-4EF5-8399-5DD53A6DDD0C}.Debug|Any CPU.Build.0 = Debug|Any CPU
		{EF2CC697-A505-4EF5-8399-5DD53A6DDD0C}.Release|Any CPU.ActiveCfg = Release|Any CPU
		{EF2CC697-A505-4EF5-8399-5DD53A6DDD0C}.Release|Any CPU.Build.0 = Release|Any CPU
		{483F0742-F21F-4BD8-8BE4-26FB232DA91B}.Debug|Any CPU.ActiveCfg = Debug|Any CPU
		{483F0742-F21F-4BD8-8BE4-26FB232DA91B}.Debug|Any CPU.Build.0 = Debug|Any CPU
		{483F0742-F21F-4BD8-8BE4-26FB232DA91B}.Release|Any CPU.ActiveCfg = Release|Any CPU
		{483F0742-F21F-4BD8-8BE4-26FB232DA91B}.Release|Any CPU.Build.0 = Release|Any CPU
		{BA045AE7-E1A0-4DCC-BD99-B1893ECD2DBF}.Debug|Any CPU.ActiveCfg = Debug|Any CPU
		{BA045AE7-E1A0-4DCC-BD99-B1893ECD2DBF}.Debug|Any CPU.Build.0 = Debug|Any CPU
		{BA045AE7-E1A0-4DCC-BD99-B1893ECD2DBF}.Release|Any CPU.ActiveCfg = Release|Any CPU
		{BA045AE7-E1A0-4DCC-BD99-B1893ECD2DBF}.Release|Any CPU.Build.0 = Release|Any CPU
		{BE047C80-A3E6-46A4-AA4C-DA4E0DD5618B}.Debug|Any CPU.ActiveCfg = Debug|Any CPU
		{BE047C80-A3E6-46A4-AA4C-DA4E0DD5618B}.Debug|Any CPU.Build.0 = Debug|Any CPU
		{BE047C80-A3E6-46A4-AA4C-DA4E0DD5618B}.Release|Any CPU.ActiveCfg = Release|Any CPU
		{BE047C80-A3E6-46A4-AA4C-DA4E0DD5618B}.Release|Any CPU.Build.0 = Release|Any CPU
		{4C81D80E-1D09-43FA-81F7-5EA54892A727}.Debug|Any CPU.ActiveCfg = Debug|Any CPU
		{4C81D80E-1D09-43FA-81F7-5EA54892A727}.Debug|Any CPU.Build.0 = Debug|Any CPU
		{4C81D80E-1D09-43FA-81F7-5EA54892A727}.Release|Any CPU.ActiveCfg = Release|Any CPU
		{4C81D80E-1D09-43FA-81F7-5EA54892A727}.Release|Any CPU.Build.0 = Release|Any CPU
		{89851A80-9453-455A-9271-A9B8E419C561}.Debug|Any CPU.ActiveCfg = Debug|Any CPU
		{89851A80-9453-455A-9271-A9B8E419C561}.Debug|Any CPU.Build.0 = Debug|Any CPU
		{89851A80-9453-455A-9271-A9B8E419C561}.Release|Any CPU.ActiveCfg = Release|Any CPU
		{89851A80-9453-455A-9271-A9B8E419C561}.Release|Any CPU.Build.0 = Release|Any CPU
		{608CA395-CBE8-4A26-9F4D-732F922E6827}.Debug|Any CPU.ActiveCfg = Debug|Any CPU
		{608CA395-CBE8-4A26-9F4D-732F922E6827}.Debug|Any CPU.Build.0 = Debug|Any CPU
		{608CA395-CBE8-4A26-9F4D-732F922E6827}.Release|Any CPU.ActiveCfg = Release|Any CPU
		{608CA395-CBE8-4A26-9F4D-732F922E6827}.Release|Any CPU.Build.0 = Release|Any CPU
		{919FC959-C38B-44F5-80B4-4E6273180852}.Debug|Any CPU.ActiveCfg = Debug|Any CPU
		{919FC959-C38B-44F5-80B4-4E6273180852}.Debug|Any CPU.Build.0 = Debug|Any CPU
		{919FC959-C38B-44F5-80B4-4E6273180852}.Release|Any CPU.ActiveCfg = Release|Any CPU
		{919FC959-C38B-44F5-80B4-4E6273180852}.Release|Any CPU.Build.0 = Release|Any CPU
		{864ED2E6-8D92-4FFC-9AE6-6B5E551D79E0}.Debug|Any CPU.ActiveCfg = Debug|Any CPU
		{864ED2E6-8D92-4FFC-9AE6-6B5E551D79E0}.Debug|Any CPU.Build.0 = Debug|Any CPU
		{864ED2E6-8D92-4FFC-9AE6-6B5E551D79E0}.Release|Any CPU.ActiveCfg = Release|Any CPU
		{864ED2E6-8D92-4FFC-9AE6-6B5E551D79E0}.Release|Any CPU.Build.0 = Release|Any CPU
		{4F6123E1-17C4-4541-AA85-77631498785B}.Debug|Any CPU.ActiveCfg = Debug|Any CPU
		{4F6123E1-17C4-4541-AA85-77631498785B}.Debug|Any CPU.Build.0 = Debug|Any CPU
		{4F6123E1-17C4-4541-AA85-77631498785B}.Release|Any CPU.ActiveCfg = Release|Any CPU
		{4F6123E1-17C4-4541-AA85-77631498785B}.Release|Any CPU.Build.0 = Release|Any CPU
		{F4671EE3-ED95-4F00-B047-9A2D0768EDAB}.Debug|Any CPU.ActiveCfg = Debug|Any CPU
		{F4671EE3-ED95-4F00-B047-9A2D0768EDAB}.Debug|Any CPU.Build.0 = Debug|Any CPU
		{F4671EE3-ED95-4F00-B047-9A2D0768EDAB}.Release|Any CPU.ActiveCfg = Release|Any CPU
		{F4671EE3-ED95-4F00-B047-9A2D0768EDAB}.Release|Any CPU.Build.0 = Release|Any CPU
		{57230099-14A3-4B5D-9F8A-BD93C6D6919A}.Debug|Any CPU.ActiveCfg = Debug|Any CPU
		{57230099-14A3-4B5D-9F8A-BD93C6D6919A}.Debug|Any CPU.Build.0 = Debug|Any CPU
		{57230099-14A3-4B5D-9F8A-BD93C6D6919A}.Release|Any CPU.ActiveCfg = Release|Any CPU
		{57230099-14A3-4B5D-9F8A-BD93C6D6919A}.Release|Any CPU.Build.0 = Release|Any CPU
		{52663E78-E255-4263-B4D9-84B06AA8241E}.Debug|Any CPU.ActiveCfg = Debug|Any CPU
		{52663E78-E255-4263-B4D9-84B06AA8241E}.Debug|Any CPU.Build.0 = Debug|Any CPU
		{52663E78-E255-4263-B4D9-84B06AA8241E}.Release|Any CPU.ActiveCfg = Release|Any CPU
		{52663E78-E255-4263-B4D9-84B06AA8241E}.Release|Any CPU.Build.0 = Release|Any CPU
		{1A92E086-C472-4B97-B68F-B4403B380B99}.Debug|Any CPU.ActiveCfg = Debug|Any CPU
		{1A92E086-C472-4B97-B68F-B4403B380B99}.Debug|Any CPU.Build.0 = Debug|Any CPU
		{1A92E086-C472-4B97-B68F-B4403B380B99}.Release|Any CPU.ActiveCfg = Release|Any CPU
		{1A92E086-C472-4B97-B68F-B4403B380B99}.Release|Any CPU.Build.0 = Release|Any CPU
		{CD2F90BC-0FA9-4737-9F15-47EF06489423}.Debug|Any CPU.ActiveCfg = Debug|Any CPU
		{CD2F90BC-0FA9-4737-9F15-47EF06489423}.Debug|Any CPU.Build.0 = Debug|Any CPU
		{CD2F90BC-0FA9-4737-9F15-47EF06489423}.Release|Any CPU.ActiveCfg = Release|Any CPU
		{CD2F90BC-0FA9-4737-9F15-47EF06489423}.Release|Any CPU.Build.0 = Release|Any CPU
		{4676D2B5-492B-47FF-9AD8-CB546CA0CEEF}.Debug|Any CPU.ActiveCfg = Debug|Any CPU
		{4676D2B5-492B-47FF-9AD8-CB546CA0CEEF}.Debug|Any CPU.Build.0 = Debug|Any CPU
		{4676D2B5-492B-47FF-9AD8-CB546CA0CEEF}.Release|Any CPU.ActiveCfg = Release|Any CPU
		{4676D2B5-492B-47FF-9AD8-CB546CA0CEEF}.Release|Any CPU.Build.0 = Release|Any CPU
		{1054012B-E4A3-4144-98E1-F6E2CBE5D83F}.Debug|Any CPU.ActiveCfg = Debug|Any CPU
		{1054012B-E4A3-4144-98E1-F6E2CBE5D83F}.Debug|Any CPU.Build.0 = Debug|Any CPU
		{1054012B-E4A3-4144-98E1-F6E2CBE5D83F}.Release|Any CPU.ActiveCfg = Release|Any CPU
		{1054012B-E4A3-4144-98E1-F6E2CBE5D83F}.Release|Any CPU.Build.0 = Release|Any CPU
		{D026C33E-F595-4B36-AB29-FD39AA3C18A2}.Debug|Any CPU.ActiveCfg = Debug|Any CPU
		{D026C33E-F595-4B36-AB29-FD39AA3C18A2}.Debug|Any CPU.Build.0 = Debug|Any CPU
		{D026C33E-F595-4B36-AB29-FD39AA3C18A2}.Release|Any CPU.ActiveCfg = Release|Any CPU
		{D026C33E-F595-4B36-AB29-FD39AA3C18A2}.Release|Any CPU.Build.0 = Release|Any CPU
		{A0A5D09E-6073-42E3-9484-4E27FB6221EB}.Debug|Any CPU.ActiveCfg = Debug|Any CPU
		{A0A5D09E-6073-42E3-9484-4E27FB6221EB}.Debug|Any CPU.Build.0 = Debug|Any CPU
		{A0A5D09E-6073-42E3-9484-4E27FB6221EB}.Release|Any CPU.ActiveCfg = Release|Any CPU
		{A0A5D09E-6073-42E3-9484-4E27FB6221EB}.Release|Any CPU.Build.0 = Release|Any CPU
		{BD256FCA-20DB-4FE4-8664-DAE7E0883C69}.Debug|Any CPU.ActiveCfg = Debug|Any CPU
		{BD256FCA-20DB-4FE4-8664-DAE7E0883C69}.Debug|Any CPU.Build.0 = Debug|Any CPU
		{BD256FCA-20DB-4FE4-8664-DAE7E0883C69}.Release|Any CPU.ActiveCfg = Release|Any CPU
		{BD256FCA-20DB-4FE4-8664-DAE7E0883C69}.Release|Any CPU.Build.0 = Release|Any CPU
		{1BC793A2-7035-4B4B-AF31-983AD756EEFB}.Debug|Any CPU.ActiveCfg = Debug|Any CPU
		{1BC793A2-7035-4B4B-AF31-983AD756EEFB}.Debug|Any CPU.Build.0 = Debug|Any CPU
		{1BC793A2-7035-4B4B-AF31-983AD756EEFB}.Release|Any CPU.ActiveCfg = Release|Any CPU
		{1BC793A2-7035-4B4B-AF31-983AD756EEFB}.Release|Any CPU.Build.0 = Release|Any CPU
		{225F39AA-C351-47DA-8392-817220A9102D}.Debug|Any CPU.ActiveCfg = Debug|Any CPU
		{225F39AA-C351-47DA-8392-817220A9102D}.Debug|Any CPU.Build.0 = Debug|Any CPU
		{225F39AA-C351-47DA-8392-817220A9102D}.Release|Any CPU.ActiveCfg = Release|Any CPU
		{225F39AA-C351-47DA-8392-817220A9102D}.Release|Any CPU.Build.0 = Release|Any CPU
		{141AE617-037F-43FF-A7C9-B3E01160B9E3}.Debug|Any CPU.ActiveCfg = Debug|Any CPU
		{141AE617-037F-43FF-A7C9-B3E01160B9E3}.Debug|Any CPU.Build.0 = Debug|Any CPU
		{141AE617-037F-43FF-A7C9-B3E01160B9E3}.Release|Any CPU.ActiveCfg = Release|Any CPU
		{141AE617-037F-43FF-A7C9-B3E01160B9E3}.Release|Any CPU.Build.0 = Release|Any CPU
		{B32532AB-1D40-4C72-898A-96BA65DF3D9B}.Debug|Any CPU.ActiveCfg = Debug|Any CPU
		{B32532AB-1D40-4C72-898A-96BA65DF3D9B}.Debug|Any CPU.Build.0 = Debug|Any CPU
		{B32532AB-1D40-4C72-898A-96BA65DF3D9B}.Release|Any CPU.ActiveCfg = Release|Any CPU
		{B32532AB-1D40-4C72-898A-96BA65DF3D9B}.Release|Any CPU.Build.0 = Release|Any CPU
		{3E8DCA50-F1BC-45F4-A9E5-67F6BB55DA33}.Debug|Any CPU.ActiveCfg = Debug|Any CPU
		{3E8DCA50-F1BC-45F4-A9E5-67F6BB55DA33}.Debug|Any CPU.Build.0 = Debug|Any CPU
		{3E8DCA50-F1BC-45F4-A9E5-67F6BB55DA33}.Release|Any CPU.ActiveCfg = Release|Any CPU
		{3E8DCA50-F1BC-45F4-A9E5-67F6BB55DA33}.Release|Any CPU.Build.0 = Release|Any CPU
		{AF42650B-25D9-4083-8BA7-AF200EC0173D}.Debug|Any CPU.ActiveCfg = Debug|Any CPU
		{AF42650B-25D9-4083-8BA7-AF200EC0173D}.Debug|Any CPU.Build.0 = Debug|Any CPU
		{AF42650B-25D9-4083-8BA7-AF200EC0173D}.Release|Any CPU.ActiveCfg = Release|Any CPU
		{AF42650B-25D9-4083-8BA7-AF200EC0173D}.Release|Any CPU.Build.0 = Release|Any CPU
		{9149229F-437C-42BD-AF2E-0BF73DCB5992}.Debug|Any CPU.ActiveCfg = Debug|Any CPU
		{9149229F-437C-42BD-AF2E-0BF73DCB5992}.Debug|Any CPU.Build.0 = Debug|Any CPU
		{9149229F-437C-42BD-AF2E-0BF73DCB5992}.Release|Any CPU.ActiveCfg = Release|Any CPU
		{9149229F-437C-42BD-AF2E-0BF73DCB5992}.Release|Any CPU.Build.0 = Release|Any CPU
		{01A2DD25-32E4-424C-82E8-9C7111C64AAE}.Debug|Any CPU.ActiveCfg = Debug|Any CPU
		{01A2DD25-32E4-424C-82E8-9C7111C64AAE}.Debug|Any CPU.Build.0 = Debug|Any CPU
		{01A2DD25-32E4-424C-82E8-9C7111C64AAE}.Release|Any CPU.ActiveCfg = Release|Any CPU
		{01A2DD25-32E4-424C-82E8-9C7111C64AAE}.Release|Any CPU.Build.0 = Release|Any CPU
		{CF79D44A-E79C-42D6-BDCA-1DDFD7108AB5}.Debug|Any CPU.ActiveCfg = Debug|Any CPU
		{CF79D44A-E79C-42D6-BDCA-1DDFD7108AB5}.Debug|Any CPU.Build.0 = Debug|Any CPU
		{CF79D44A-E79C-42D6-BDCA-1DDFD7108AB5}.Release|Any CPU.ActiveCfg = Release|Any CPU
		{CF79D44A-E79C-42D6-BDCA-1DDFD7108AB5}.Release|Any CPU.Build.0 = Release|Any CPU
		{6CFFAE7C-5943-4954-B8BF-9C455AF7F071}.Debug|Any CPU.ActiveCfg = Debug|Any CPU
		{6CFFAE7C-5943-4954-B8BF-9C455AF7F071}.Debug|Any CPU.Build.0 = Debug|Any CPU
		{6CFFAE7C-5943-4954-B8BF-9C455AF7F071}.Release|Any CPU.ActiveCfg = Release|Any CPU
		{6CFFAE7C-5943-4954-B8BF-9C455AF7F071}.Release|Any CPU.Build.0 = Release|Any CPU
		{69864BDD-63E3-473D-AF33-96EA0637715B}.Debug|Any CPU.ActiveCfg = Debug|Any CPU
		{69864BDD-63E3-473D-AF33-96EA0637715B}.Debug|Any CPU.Build.0 = Debug|Any CPU
		{69864BDD-63E3-473D-AF33-96EA0637715B}.Release|Any CPU.ActiveCfg = Release|Any CPU
		{69864BDD-63E3-473D-AF33-96EA0637715B}.Release|Any CPU.Build.0 = Release|Any CPU
		{2923AD3C-A604-410C-93E9-E52DF312D55E}.Debug|Any CPU.ActiveCfg = Debug|Any CPU
		{2923AD3C-A604-410C-93E9-E52DF312D55E}.Debug|Any CPU.Build.0 = Debug|Any CPU
		{2923AD3C-A604-410C-93E9-E52DF312D55E}.Release|Any CPU.ActiveCfg = Release|Any CPU
		{2923AD3C-A604-410C-93E9-E52DF312D55E}.Release|Any CPU.Build.0 = Release|Any CPU
	EndGlobalSection
	GlobalSection(SolutionProperties) = preSolution
		HideSolutionNode = FALSE
	EndGlobalSection
	GlobalSection(NestedProjects) = preSolution
		{5FEB2030-5C23-4274-BFA2-2FF184ADD230} = {FEE95825-2E34-45AF-BDED-52F9C7412BF5}
		{F0B9B85E-9D2E-46B2-9986-5D98B21904EE} = {3A2DB744-69F3-488E-8CD5-45B921385B76}
		{4073F4E2-FAA8-4509-A47A-855D527588FC} = {ADB416A3-C375-4362-B2C0-3A35DA4CB5F8}
		{7FEE3528-FE99-4F1A-91C0-DCFBC9236871} = {C8D79D8A-D92E-4AE3-BA54-0C927BEBCEBF}
		{1C38EA47-5081-46A5-9470-4251A5255554} = {A6028EDB-3331-48D2-8C7D-8D681172A61A}
		{CEA7E2E5-ADC6-4580-9AC6-E8D546E14192} = {1266F300-8BD2-4F1E-BA88-911F5F3AC36C}
		{D14C979A-E41B-459B-97CE-E3DA62E02369} = {ECAAA1FA-0A5C-4D41-8E39-E2E296BE8F1B}
		{42B6F4CC-01B0-496B-A8FB-69908691DBEF} = {C8D79D8A-D92E-4AE3-BA54-0C927BEBCEBF}
		{A7ECF6A4-AFE0-4A52-8DC9-63DFB7A07889} = {ADB416A3-C375-4362-B2C0-3A35DA4CB5F8}
		{7840E38C-D435-432B-A5B4-2393D1A5D21A} = {ADB416A3-C375-4362-B2C0-3A35DA4CB5F8}
		{34BF73AA-89A3-4E10-A1AC-2360A93143FE} = {ADB416A3-C375-4362-B2C0-3A35DA4CB5F8}
		{98CC86E7-6BD0-4B5A-B71B-C8F57C98E081} = {ADB416A3-C375-4362-B2C0-3A35DA4CB5F8}
		{039B213A-5930-475D-B3C0-FA15AF6CD631} = {ADB416A3-C375-4362-B2C0-3A35DA4CB5F8}
		{A8C4FFE0-20D8-40F4-8B9F-26FE9D013E2F} = {ADB416A3-C375-4362-B2C0-3A35DA4CB5F8}
		{5133BBA0-2F9F-447F-925A-87AD387F07D2} = {ADB416A3-C375-4362-B2C0-3A35DA4CB5F8}
		{EBD53795-90EF-48A6-BA35-A9DE9DBF3BE3} = {ADB416A3-C375-4362-B2C0-3A35DA4CB5F8}
		{D2DB7A83-1682-4A01-857F-CE415287ACF0} = {ADB416A3-C375-4362-B2C0-3A35DA4CB5F8}
		{C42023DA-F375-401B-BF9B-D20286311455} = {AFBD4A17-2EB1-421C-BB0C-407C875F3F50}
		{4338CF8A-5298-4C8F-942F-D20E7255BEA8} = {AFBD4A17-2EB1-421C-BB0C-407C875F3F50}
		{7137B8E7-A508-4917-A6FC-9CB5CCF8F9EA} = {AFBD4A17-2EB1-421C-BB0C-407C875F3F50}
		{D059B44D-8C53-4B03-BE3D-5E50BA51A93A} = {AFBD4A17-2EB1-421C-BB0C-407C875F3F50}
		{8C90549C-BB32-4A32-A50C-62C7118B5AE7} = {AFBD4A17-2EB1-421C-BB0C-407C875F3F50}
		{5709535C-A93D-4D03-8748-5F202C2A05EF} = {3A2DB744-69F3-488E-8CD5-45B921385B76}
		{B829F5E5-E906-4EFC-86D5-CB74C34194B2} = {43E69B85-2743-48EE-8FAE-A59F070E21D2}
		{8F49F047-9BA6-44EF-84BF-2C2C140818E3} = {A6028EDB-3331-48D2-8C7D-8D681172A61A}
		{C2F3B451-2971-4D8F-AAA2-8481A251AA3F} = {A6028EDB-3331-48D2-8C7D-8D681172A61A}
		{E3A58E3C-46F2-4F53-AB43-609FEB003E14} = {A6028EDB-3331-48D2-8C7D-8D681172A61A}
		{8A464F2F-C1C0-4DDF-AE47-015C4545C609} = {A6028EDB-3331-48D2-8C7D-8D681172A61A}
		{5261EDEA-6A3B-48A7-8895-89A4A6F15B2F} = {A6028EDB-3331-48D2-8C7D-8D681172A61A}
		{F18FDD31-4310-40C6-9E8A-E98E03721939} = {A6028EDB-3331-48D2-8C7D-8D681172A61A}
		{33575581-15C8-4560-A768-B441D53A088A} = {A6028EDB-3331-48D2-8C7D-8D681172A61A}
		{2592A18D-7E79-4CCC-AF7B-D5A59AFFEA5D} = {A6028EDB-3331-48D2-8C7D-8D681172A61A}
		{C80E8CD8-4268-47AF-898B-544C1F1F6496} = {A6028EDB-3331-48D2-8C7D-8D681172A61A}
		{F34353F1-AB1D-4740-9D91-D266E46F6FD6} = {FEE95825-2E34-45AF-BDED-52F9C7412BF5}
		{BFD75963-2B4D-431B-AB3F-4172DCADD0A4} = {FEE95825-2E34-45AF-BDED-52F9C7412BF5}
		{A4D23250-B507-4C71-8DED-C19D43950C91} = {FEE95825-2E34-45AF-BDED-52F9C7412BF5}
		{D8E43A34-8F5B-4CF5-A319-36198E035240} = {FEE95825-2E34-45AF-BDED-52F9C7412BF5}
		{C558680C-39FC-4E21-A28C-9EF2E8102ED4} = {FEE95825-2E34-45AF-BDED-52F9C7412BF5}
		{7C3C842E-A979-4118-B322-7F7403835E23} = {FEE95825-2E34-45AF-BDED-52F9C7412BF5}
		{CAF3D563-E700-404B-B4F3-C683F5C35EAB} = {FEE95825-2E34-45AF-BDED-52F9C7412BF5}
		{B80792C1-F31E-4D21-8D26-8D69519678C0} = {FEE95825-2E34-45AF-BDED-52F9C7412BF5}
		{A69DC376-C0E5-4084-8FC8-A69077D92F04} = {FEE95825-2E34-45AF-BDED-52F9C7412BF5}
		{18426423-8BC9-4661-AEA2-DB41C3E88D6E} = {3E7A79D5-045F-49D0-BD29-46D4F2D62E52}
		{B3266A37-F0A1-449F-943A-6C4DF35C7953} = {3E7A79D5-045F-49D0-BD29-46D4F2D62E52}
		{A6172B18-13C4-4FE0-9A19-21CA7D556CBB} = {3E7A79D5-045F-49D0-BD29-46D4F2D62E52}
		{91DE59BF-D3D9-4A86-A767-E33DDBB61476} = {3E7A79D5-045F-49D0-BD29-46D4F2D62E52}
		{FE3E720B-0C94-4883-AD71-7620F0660FAB} = {1266F300-8BD2-4F1E-BA88-911F5F3AC36C}
		{7CB8AF37-EB52-4B94-A9A0-103FB9E38506} = {1266F300-8BD2-4F1E-BA88-911F5F3AC36C}
		{23029DA0-F9B3-46CC-B279-1BBA855D1996} = {E68AE69D-D585-4FFA-A820-5D1636E9656E}
		{CE5A3795-B3A9-4AEA-9319-B594E2794A0F} = {1266F300-8BD2-4F1E-BA88-911F5F3AC36C}
		{C093A5D1-56DB-4A54-9E81-4A644B6238EF} = {BBEE26AC-8733-469B-B816-0A54EA99FC59}
		{D3BF65BB-7279-4E41-8F3B-349BA6C7D84F} = {BBEE26AC-8733-469B-B816-0A54EA99FC59}
		{FEE95825-2E34-45AF-BDED-52F9C7412BF5} = {DF41A1FC-41C0-4E95-BC73-60BDF16C2D37}
		{BBEE26AC-8733-469B-B816-0A54EA99FC59} = {DF41A1FC-41C0-4E95-BC73-60BDF16C2D37}
		{A6028EDB-3331-48D2-8C7D-8D681172A61A} = {75E59BA0-618A-4154-9FCE-D2D23CCE97A6}
		{30938473-53C1-4981-BFAB-B6309147FF24} = {7DF1C0AF-62E7-48FA-AD20-8B43AECF3792}
		{E68AE69D-D585-4FFA-A820-5D1636E9656E} = {75E59BA0-618A-4154-9FCE-D2D23CCE97A6}
		{C8D79D8A-D92E-4AE3-BA54-0C927BEBCEBF} = {00D499F1-0262-4C1B-9702-F40960EDA2D4}
		{72646716-073F-4D6F-9ECD-52311A2BA140} = {DF41A1FC-41C0-4E95-BC73-60BDF16C2D37}
		{ECAAA1FA-0A5C-4D41-8E39-E2E296BE8F1B} = {30938473-53C1-4981-BFAB-B6309147FF24}
		{AFBD4A17-2EB1-421C-BB0C-407C875F3F50} = {30938473-53C1-4981-BFAB-B6309147FF24}
		{3A2DB744-69F3-488E-8CD5-45B921385B76} = {00D499F1-0262-4C1B-9702-F40960EDA2D4}
		{ADB416A3-C375-4362-B2C0-3A35DA4CB5F8} = {94277625-55AF-4668-AB23-8CEDC158FB7A}
		{1266F300-8BD2-4F1E-BA88-911F5F3AC36C} = {75E59BA0-618A-4154-9FCE-D2D23CCE97A6}
		{43E69B85-2743-48EE-8FAE-A59F070E21D2} = {00D499F1-0262-4C1B-9702-F40960EDA2D4}
		{3E7A79D5-045F-49D0-BD29-46D4F2D62E52} = {94277625-55AF-4668-AB23-8CEDC158FB7A}
		{BA5EDBB9-331F-486B-8724-2E23DC3EEADA} = {BBEE26AC-8733-469B-B816-0A54EA99FC59}
		{94277625-55AF-4668-AB23-8CEDC158FB7A} = {7DF1C0AF-62E7-48FA-AD20-8B43AECF3792}
		{0A29E771-D374-45AA-9BA2-25302677310C} = {3A2DB744-69F3-488E-8CD5-45B921385B76}
		{D3100DBF-D198-4E4E-BE66-1B29C6A99FD4} = {C8D79D8A-D92E-4AE3-BA54-0C927BEBCEBF}
		{EB0E6E11-3C34-4BDE-8020-5324BCEB2C06} = {3A2DB744-69F3-488E-8CD5-45B921385B76}
		{9CDDE537-2D55-4A7E-947D-7FA3EC87B72A} = {C8D79D8A-D92E-4AE3-BA54-0C927BEBCEBF}
		{5A2F6804-8AC6-49FE-82FA-9DD8F4CE38A3} = {ADB416A3-C375-4362-B2C0-3A35DA4CB5F8}
		{C304DF8A-756F-4EAC-B7C5-967C3152EDFF} = {ADB416A3-C375-4362-B2C0-3A35DA4CB5F8}
		{3C648AC0-1E6F-4327-9D64-75851A5CBF40} = {A6028EDB-3331-48D2-8C7D-8D681172A61A}
		{7B86DABE-2A93-4A9A-83BC-83643F5E2B1E} = {AFBD4A17-2EB1-421C-BB0C-407C875F3F50}
		{C7104A08-2E91-44D2-B7DF-253ECE3DC493} = {ADB416A3-C375-4362-B2C0-3A35DA4CB5F8}
		{E2CD0471-3F0A-40E9-9725-7C9BF1BA594F} = {72646716-073F-4D6F-9ECD-52311A2BA140}
		{85C11EF0-B2F8-49C5-BC6D-476000B8EE75} = {FEE95825-2E34-45AF-BDED-52F9C7412BF5}
		{EF2CC697-A505-4EF5-8399-5DD53A6DDD0C} = {FEE95825-2E34-45AF-BDED-52F9C7412BF5}
		{483F0742-F21F-4BD8-8BE4-26FB232DA91B} = {FEE95825-2E34-45AF-BDED-52F9C7412BF5}
		{BA045AE7-E1A0-4DCC-BD99-B1893ECD2DBF} = {FEE95825-2E34-45AF-BDED-52F9C7412BF5}
		{BE047C80-A3E6-46A4-AA4C-DA4E0DD5618B} = {FEE95825-2E34-45AF-BDED-52F9C7412BF5}
		{4C81D80E-1D09-43FA-81F7-5EA54892A727} = {FEE95825-2E34-45AF-BDED-52F9C7412BF5}
		{89851A80-9453-455A-9271-A9B8E419C561} = {FEE95825-2E34-45AF-BDED-52F9C7412BF5}
		{608CA395-CBE8-4A26-9F4D-732F922E6827} = {FEE95825-2E34-45AF-BDED-52F9C7412BF5}
		{919FC959-C38B-44F5-80B4-4E6273180852} = {BBEE26AC-8733-469B-B816-0A54EA99FC59}
		{864ED2E6-8D92-4FFC-9AE6-6B5E551D79E0} = {FEE95825-2E34-45AF-BDED-52F9C7412BF5}
		{4F6123E1-17C4-4541-AA85-77631498785B} = {FEE95825-2E34-45AF-BDED-52F9C7412BF5}
		{F4671EE3-ED95-4F00-B047-9A2D0768EDAB} = {FEE95825-2E34-45AF-BDED-52F9C7412BF5}
		{57230099-14A3-4B5D-9F8A-BD93C6D6919A} = {FEE95825-2E34-45AF-BDED-52F9C7412BF5}
		{52663E78-E255-4263-B4D9-84B06AA8241E} = {ECAAA1FA-0A5C-4D41-8E39-E2E296BE8F1B}
		{1A92E086-C472-4B97-B68F-B4403B380B99} = {AFBD4A17-2EB1-421C-BB0C-407C875F3F50}
		{CD2F90BC-0FA9-4737-9F15-47EF06489423} = {A6028EDB-3331-48D2-8C7D-8D681172A61A}
		{8D316DA2-FC23-4F5A-ABE0-725C6E9653EC} = {7DF1C0AF-62E7-48FA-AD20-8B43AECF3792}
		{4676D2B5-492B-47FF-9AD8-CB546CA0CEEF} = {24CC83C2-F144-4EB9-9C7E-48406B1E2932}
		{24CC83C2-F144-4EB9-9C7E-48406B1E2932} = {8D316DA2-FC23-4F5A-ABE0-725C6E9653EC}
		{1054012B-E4A3-4144-98E1-F6E2CBE5D83F} = {1266F300-8BD2-4F1E-BA88-911F5F3AC36C}
		{D026C33E-F595-4B36-AB29-FD39AA3C18A2} = {E68AE69D-D585-4FFA-A820-5D1636E9656E}
		{A0A5D09E-6073-42E3-9484-4E27FB6221EB} = {A6028EDB-3331-48D2-8C7D-8D681172A61A}
		{BD256FCA-20DB-4FE4-8664-DAE7E0883C69} = {ADB416A3-C375-4362-B2C0-3A35DA4CB5F8}
		{1BC793A2-7035-4B4B-AF31-983AD756EEFB} = {ADB416A3-C375-4362-B2C0-3A35DA4CB5F8}
		{225F39AA-C351-47DA-8392-817220A9102D} = {72646716-073F-4D6F-9ECD-52311A2BA140}
		{141AE617-037F-43FF-A7C9-B3E01160B9E3} = {AFBD4A17-2EB1-421C-BB0C-407C875F3F50}
		{B32532AB-1D40-4C72-898A-96BA65DF3D9B} = {A6028EDB-3331-48D2-8C7D-8D681172A61A}
		{3E8DCA50-F1BC-45F4-A9E5-67F6BB55DA33} = {FEE95825-2E34-45AF-BDED-52F9C7412BF5}
		{AF42650B-25D9-4083-8BA7-AF200EC0173D} = {BBEE26AC-8733-469B-B816-0A54EA99FC59}
		{9149229F-437C-42BD-AF2E-0BF73DCB5992} = {FEE95825-2E34-45AF-BDED-52F9C7412BF5}
		{01A2DD25-32E4-424C-82E8-9C7111C64AAE} = {BBEE26AC-8733-469B-B816-0A54EA99FC59}
		{CF79D44A-E79C-42D6-BDCA-1DDFD7108AB5} = {FEE95825-2E34-45AF-BDED-52F9C7412BF5}
		{6CFFAE7C-5943-4954-B8BF-9C455AF7F071} = {3E7A79D5-045F-49D0-BD29-46D4F2D62E52}
		{69864BDD-63E3-473D-AF33-96EA0637715B} = {85888E57-3801-4986-97E2-11A25B7D1C58}
		{2923AD3C-A604-410C-93E9-E52DF312D55E} = {ECAAA1FA-0A5C-4D41-8E39-E2E296BE8F1B}
		{85888E57-3801-4986-97E2-11A25B7D1C58} = {30938473-53C1-4981-BFAB-B6309147FF24}
	EndGlobalSection
	GlobalSection(ExtensibilityGlobals) = postSolution
		SolutionGuid = {F09EFCEA-59F6-4A16-9CB6-7E865A3F62D8}
	EndGlobalSection
EndGlobal
