
Microsoft Visual Studio Solution File, Format Version 12.00
# Visual Studio 15
VisualStudioVersion = 15.0.27130.2027
MinimumVisualStudioVersion = 10.0.40219.1
Project("{9A19103F-16F7-4668-BE54-9A1E7A4F7556}") = "WebService.Twin", "WebService.Twin\WebService.Twin.csproj", "{56ABDCA6-B685-49F3-8713-66314131C5B7}"
EndProject
Project("{9A19103F-16F7-4668-BE54-9A1E7A4F7556}") = "Services.Twin", "Services.Twin\Services.Twin.csproj", "{E01BF895-3142-48C3-961A-47B69A1B7BB8}"
EndProject
Project("{9A19103F-16F7-4668-BE54-9A1E7A4F7556}") = "Services.Twin.Test", "Services.Twin.Test\Services.Twin.Test.csproj", "{E63F76BA-215E-499E-92FF-A7489635256B}"
EndProject
Project("{9A19103F-16F7-4668-BE54-9A1E7A4F7556}") = "Services.Common", "Services.Common\Services.Common.csproj", "{5BA9460A-C056-405A-9F1E-2604A70CF3BE}"
EndProject
Project("{9A19103F-16F7-4668-BE54-9A1E7A4F7556}") = "WebService.Twin.Test", "WebService.Twin.Test\WebService.Twin.Test.csproj", "{43C9B9D2-C5F3-4816-B1B8-CC7C4B86DFAA}"
EndProject
Project("{9A19103F-16F7-4668-BE54-9A1E7A4F7556}") = "WebService.Twin.Client", "WebService.Twin.Client\WebService.Twin.Client.csproj", "{37584643-DD61-410A-97BB-1D0FA5EDCC91}"
EndProject
Project("{9A19103F-16F7-4668-BE54-9A1E7A4F7556}") = "WebService.Twin.Ctrl", "WebService.Twin.Ctrl\WebService.Twin.Ctrl.csproj", "{22228931-45F8-4485-A60C-BE142BD21C60}"
EndProject
Project("{9A19103F-16F7-4668-BE54-9A1E7A4F7556}") = "Services.Twin.Ctrl", "Services.Twin.Ctrl\Services.Twin.Ctrl.csproj", "{0FC02A8F-558C-4C7A-A243-F1744EE357CB}"
EndProject
Project("{9A19103F-16F7-4668-BE54-9A1E7A4F7556}") = "EdgeService.Twin", "EdgeService.Twin\EdgeService.Twin.csproj", "{5CE3541D-1898-4D54-A001-CE5E84AA2FD6}"
EndProject
Project("{9A19103F-16F7-4668-BE54-9A1E7A4F7556}") = "EdgeService.Twin.Test", "EdgeService.Twin.Test\EdgeService.Twin.Test.csproj", "{759C2015-CB1C-4EEB-81F3-4BC54F16DF78}"
EndProject
Project("{2150E333-8FDC-42A3-9474-1A3956D46DE8}") = "solution", "solution", "{CBCD98A4-ABDE-4937-B03A-33582B737466}"
	ProjectSection(SolutionItems) = preProject
		.gitattributes = .gitattributes
		.gitignore = .gitignore
		.travis.yml = .travis.yml
		CONTRIBUTING.md = CONTRIBUTING.md
		LICENSE = LICENSE
		README.md = README.md
		TODO = TODO
	EndProjectSection
EndProject
Project("{9A19103F-16F7-4668-BE54-9A1E7A4F7556}") = "Services.Onboarding", "Services.Onboarding\Services.Onboarding.csproj", "{10E0911C-6F5E-4459-9D2F-858D1550CE0F}"
EndProject
Project("{2150E333-8FDC-42A3-9474-1A3956D46DE8}") = "scripts", "scripts", "{2095DF5B-4F90-42B7-819E-4344C902244D}"
	ProjectSection(SolutionItems) = preProject
		Scripts\build.cmd = Scripts\build.cmd
		Scripts\deploy.cmd = Scripts\deploy.cmd
		Scripts\make.cmd = Scripts\make.cmd
		Scripts\sdk.cmd = Scripts\sdk.cmd
		Scripts\setenv.cmd = Scripts\setenv.cmd
	EndProjectSection
EndProject
Project("{9A19103F-16F7-4668-BE54-9A1E7A4F7556}") = "Services.Common.Test", "Services.Common.Test\Services.Common.Test.csproj", "{50213BC6-5455-4E7E-B17A-F8E72924525B}"
EndProject
Global
	GlobalSection(SolutionConfigurationPlatforms) = preSolution
		Debug|Any CPU = Debug|Any CPU
		Release|Any CPU = Release|Any CPU
	EndGlobalSection
	GlobalSection(ProjectConfigurationPlatforms) = postSolution
		{56ABDCA6-B685-49F3-8713-66314131C5B7}.Debug|Any CPU.ActiveCfg = Debug|Any CPU
		{56ABDCA6-B685-49F3-8713-66314131C5B7}.Debug|Any CPU.Build.0 = Debug|Any CPU
		{56ABDCA6-B685-49F3-8713-66314131C5B7}.Release|Any CPU.ActiveCfg = Release|Any CPU
		{56ABDCA6-B685-49F3-8713-66314131C5B7}.Release|Any CPU.Build.0 = Release|Any CPU
		{E01BF895-3142-48C3-961A-47B69A1B7BB8}.Debug|Any CPU.ActiveCfg = Debug|Any CPU
		{E01BF895-3142-48C3-961A-47B69A1B7BB8}.Debug|Any CPU.Build.0 = Debug|Any CPU
		{E01BF895-3142-48C3-961A-47B69A1B7BB8}.Release|Any CPU.ActiveCfg = Release|Any CPU
		{E01BF895-3142-48C3-961A-47B69A1B7BB8}.Release|Any CPU.Build.0 = Release|Any CPU
		{E63F76BA-215E-499E-92FF-A7489635256B}.Debug|Any CPU.ActiveCfg = Debug|Any CPU
		{E63F76BA-215E-499E-92FF-A7489635256B}.Debug|Any CPU.Build.0 = Debug|Any CPU
		{E63F76BA-215E-499E-92FF-A7489635256B}.Release|Any CPU.ActiveCfg = Release|Any CPU
		{E63F76BA-215E-499E-92FF-A7489635256B}.Release|Any CPU.Build.0 = Release|Any CPU
		{5BA9460A-C056-405A-9F1E-2604A70CF3BE}.Debug|Any CPU.ActiveCfg = Debug|Any CPU
		{5BA9460A-C056-405A-9F1E-2604A70CF3BE}.Debug|Any CPU.Build.0 = Debug|Any CPU
		{5BA9460A-C056-405A-9F1E-2604A70CF3BE}.Release|Any CPU.ActiveCfg = Release|Any CPU
		{5BA9460A-C056-405A-9F1E-2604A70CF3BE}.Release|Any CPU.Build.0 = Release|Any CPU
		{43C9B9D2-C5F3-4816-B1B8-CC7C4B86DFAA}.Debug|Any CPU.ActiveCfg = Debug|Any CPU
		{43C9B9D2-C5F3-4816-B1B8-CC7C4B86DFAA}.Debug|Any CPU.Build.0 = Debug|Any CPU
		{43C9B9D2-C5F3-4816-B1B8-CC7C4B86DFAA}.Release|Any CPU.ActiveCfg = Release|Any CPU
		{43C9B9D2-C5F3-4816-B1B8-CC7C4B86DFAA}.Release|Any CPU.Build.0 = Release|Any CPU
		{37584643-DD61-410A-97BB-1D0FA5EDCC91}.Debug|Any CPU.ActiveCfg = Debug|Any CPU
		{37584643-DD61-410A-97BB-1D0FA5EDCC91}.Debug|Any CPU.Build.0 = Debug|Any CPU
		{37584643-DD61-410A-97BB-1D0FA5EDCC91}.Release|Any CPU.ActiveCfg = Release|Any CPU
		{37584643-DD61-410A-97BB-1D0FA5EDCC91}.Release|Any CPU.Build.0 = Release|Any CPU
		{22228931-45F8-4485-A60C-BE142BD21C60}.Debug|Any CPU.ActiveCfg = Debug|Any CPU
		{22228931-45F8-4485-A60C-BE142BD21C60}.Debug|Any CPU.Build.0 = Debug|Any CPU
		{22228931-45F8-4485-A60C-BE142BD21C60}.Release|Any CPU.ActiveCfg = Release|Any CPU
		{22228931-45F8-4485-A60C-BE142BD21C60}.Release|Any CPU.Build.0 = Release|Any CPU
		{0FC02A8F-558C-4C7A-A243-F1744EE357CB}.Debug|Any CPU.ActiveCfg = Debug|Any CPU
		{0FC02A8F-558C-4C7A-A243-F1744EE357CB}.Debug|Any CPU.Build.0 = Debug|Any CPU
		{0FC02A8F-558C-4C7A-A243-F1744EE357CB}.Release|Any CPU.ActiveCfg = Release|Any CPU
		{0FC02A8F-558C-4C7A-A243-F1744EE357CB}.Release|Any CPU.Build.0 = Release|Any CPU
		{5CE3541D-1898-4D54-A001-CE5E84AA2FD6}.Debug|Any CPU.ActiveCfg = Debug|Any CPU
		{5CE3541D-1898-4D54-A001-CE5E84AA2FD6}.Debug|Any CPU.Build.0 = Debug|Any CPU
		{5CE3541D-1898-4D54-A001-CE5E84AA2FD6}.Release|Any CPU.ActiveCfg = Release|Any CPU
		{5CE3541D-1898-4D54-A001-CE5E84AA2FD6}.Release|Any CPU.Build.0 = Release|Any CPU
		{759C2015-CB1C-4EEB-81F3-4BC54F16DF78}.Debug|Any CPU.ActiveCfg = Debug|Any CPU
		{759C2015-CB1C-4EEB-81F3-4BC54F16DF78}.Debug|Any CPU.Build.0 = Debug|Any CPU
		{759C2015-CB1C-4EEB-81F3-4BC54F16DF78}.Release|Any CPU.ActiveCfg = Release|Any CPU
		{759C2015-CB1C-4EEB-81F3-4BC54F16DF78}.Release|Any CPU.Build.0 = Release|Any CPU
		{10E0911C-6F5E-4459-9D2F-858D1550CE0F}.Debug|Any CPU.ActiveCfg = Debug|Any CPU
		{10E0911C-6F5E-4459-9D2F-858D1550CE0F}.Debug|Any CPU.Build.0 = Debug|Any CPU
		{10E0911C-6F5E-4459-9D2F-858D1550CE0F}.Release|Any CPU.ActiveCfg = Release|Any CPU
		{10E0911C-6F5E-4459-9D2F-858D1550CE0F}.Release|Any CPU.Build.0 = Release|Any CPU
		{50213BC6-5455-4E7E-B17A-F8E72924525B}.Debug|Any CPU.ActiveCfg = Debug|Any CPU
		{50213BC6-5455-4E7E-B17A-F8E72924525B}.Debug|Any CPU.Build.0 = Debug|Any CPU
		{50213BC6-5455-4E7E-B17A-F8E72924525B}.Release|Any CPU.ActiveCfg = Release|Any CPU
		{50213BC6-5455-4E7E-B17A-F8E72924525B}.Release|Any CPU.Build.0 = Release|Any CPU
	EndGlobalSection
	GlobalSection(SolutionProperties) = preSolution
		HideSolutionNode = FALSE
	EndGlobalSection
	GlobalSection(NestedProjects) = preSolution
		{2095DF5B-4F90-42B7-819E-4344C902244D} = {CBCD98A4-ABDE-4937-B03A-33582B737466}
	EndGlobalSection
	GlobalSection(ExtensibilityGlobals) = postSolution
		SolutionGuid = {F09EFCEA-59F6-4A16-9CB6-7E865A3F62D8}
	EndGlobalSection
EndGlobal
