
Microsoft Visual Studio Solution File, Format Version 12.00
# Visual Studio 15
VisualStudioVersion = 15.0.27130.2036
MinimumVisualStudioVersion = 10.0.40219.1
Project("{9A19103F-16F7-4668-BE54-9A1E7A4F7556}") = "Microsoft.Azure.IIoT.Modules.OpcUa.Publisher", "src\Microsoft.Azure.IIoT.Modules.OpcUa.Publisher.csproj", "{215DC07F-AFA5-445C-BE70-09BF009C9A66}"
EndProject
Project("{9A19103F-16F7-4668-BE54-9A1E7A4F7556}") = "Microsoft.Azure.IIoT.Modules.OpcUa.Publisher.Tests", "tests\Microsoft.Azure.IIoT.Modules.OpcUa.Publisher.Tests.csproj", "{C49E66B9-58AA-4794-BD97-D373244CACBD}"
EndProject
Global
	GlobalSection(SolutionConfigurationPlatforms) = preSolution
		Debug|Any CPU = Debug|Any CPU
		Release|Any CPU = Release|Any CPU
	EndGlobalSection
	GlobalSection(ProjectConfigurationPlatforms) = postSolution
		{215DC07F-AFA5-445C-BE70-09BF009C9A66}.Debug|Any CPU.ActiveCfg = Debug|Any CPU
		{215DC07F-AFA5-445C-BE70-09BF009C9A66}.Debug|Any CPU.Build.0 = Debug|Any CPU
		{215DC07F-AFA5-445C-BE70-09BF009C9A66}.Release|Any CPU.ActiveCfg = Release|Any CPU
		{215DC07F-AFA5-445C-BE70-09BF009C9A66}.Release|Any CPU.Build.0 = Release|Any CPU
		{C49E66B9-58AA-4794-BD97-D373244CACBD}.Debug|Any CPU.ActiveCfg = Debug|Any CPU
		{C49E66B9-58AA-4794-BD97-D373244CACBD}.Debug|Any CPU.Build.0 = Debug|Any CPU
		{C49E66B9-58AA-4794-BD97-D373244CACBD}.Release|Any CPU.ActiveCfg = Release|Any CPU
		{C49E66B9-58AA-4794-BD97-D373244CACBD}.Release|Any CPU.Build.0 = Release|Any CPU
	EndGlobalSection
	GlobalSection(SolutionProperties) = preSolution
		HideSolutionNode = FALSE
	EndGlobalSection
	GlobalSection(ExtensibilityGlobals) = postSolution
		SolutionGuid = {C1B8DD9F-B491-4E8A-8DF9-3077636E9A84}
	EndGlobalSection
EndGlobal
