
Microsoft Visual Studio Solution File, Format Version 12.00
# Visual Studio 15
VisualStudioVersion = 15.0.27130.2036
MinimumVisualStudioVersion = 10.0.40219.1
Project("{9A19103F-16F7-4668-BE54-9A1E7A4F7556}") = "OpcPublisher", "OpcPublisher.csproj", "{EAC47E1C-39F4-4E51-A241-88432552D461}"
EndProject
Project("{2150E333-8FDC-42A3-9474-1A3956D46DE8}") = "Solution Items", "Solution Items", "{560B34E9-68E3-4033-94D4-CE24073F5904}"
	ProjectSection(SolutionItems) = preProject
		..\.gitattributes = ..\.gitattributes
		..\.gitignore = ..\.gitignore
		..\.travis.yml = ..\.travis.yml
		..\appveyor.yml = ..\appveyor.yml
		..\Dockerfile.amd64 = ..\Dockerfile.amd64
		..\Dockerfile.amd64.debug = ..\Dockerfile.amd64.debug
		..\Dockerfile.arm32v7 = ..\Dockerfile.arm32v7
		..\Dockerfile.ssh = ..\Dockerfile.ssh
		..\Dockerfile.windows-amd64 = ..\Dockerfile.windows-amd64
		..\License.txt = ..\License.txt
		..\README.md = ..\README.md
	EndProjectSection
EndProject
Global
	GlobalSection(SolutionConfigurationPlatforms) = preSolution
		Debug|Any CPU = Debug|Any CPU
		Release|Any CPU = Release|Any CPU
	EndGlobalSection
	GlobalSection(ProjectConfigurationPlatforms) = postSolution
		{EAC47E1C-39F4-4E51-A241-88432552D461}.Debug|Any CPU.ActiveCfg = Debug|Any CPU
		{EAC47E1C-39F4-4E51-A241-88432552D461}.Debug|Any CPU.Build.0 = Debug|Any CPU
		{EAC47E1C-39F4-4E51-A241-88432552D461}.Release|Any CPU.ActiveCfg = Release|Any CPU
		{EAC47E1C-39F4-4E51-A241-88432552D461}.Release|Any CPU.Build.0 = Release|Any CPU
	EndGlobalSection
	GlobalSection(SolutionProperties) = preSolution
		HideSolutionNode = FALSE
	EndGlobalSection
	GlobalSection(ExtensibilityGlobals) = postSolution
		SolutionGuid = {C1B8DD9F-B491-4E8A-8DF9-3077636E9A84}
	EndGlobalSection
EndGlobal
